schema: '2.0'
stages:
  initialize_LoadDataFile:
    cmd: zntrack run mlipx.nodes.io.LoadDataFile --name initialize_LoadDataFile
    deps:
    - path: neb.xyz
      hash: md5
      md5: 88da161f0c186f718fb02bc87f4b02d6
      size: 173031
    params:
      params.yaml:
        initialize_LoadDataFile:
          start: 0
          step: 1
          stop:
    outs:
    - path: nodes/initialize/LoadDataFile/node-meta.json
      hash: md5
      md5: 29c68ad901b3d733ce25d15759632144
      size: 64
  mace_agnesi_NEBs:
    cmd: zntrack run mlipx.nodes.nebs.NEBs --name mace_agnesi_NEBs
    deps:
    - path: nodes/initialize/LoadDataFile/node-meta.json
      hash: md5
      md5: 29c68ad901b3d733ce25d15759632144
      size: 64
    params:
      params.yaml:
        mace_agnesi_NEBs:
          constraint_z: 13
          constraints: true
          fmax: 0.06
          interpolate: true
          mic: true
          model:
            _cls: mlipx.nodes.generic_ase.GenericASECalculator
            class_name: MACECalculator
            device: auto
            kwargs:
              dtype: float64
              model_paths: /mnt/nfs/ml_training/pretrained_mace_models/mace_agnesi_medium.model
            module: mace.calculators
          n_steps: 500
          optimizer: FIRE
          relax: true
    outs:
    - path: nodes/mace_agnesi/NEBs/frames.xyz
      hash: md5
      md5: b66ea63da1a858622775fcf40aa79137
      size: 181864
    - path: nodes/mace_agnesi/NEBs/neb_trajectory.traj
      hash: md5
      md5: 887e2a1590f7b609b18608579fe343c1
      size: 29251197
    - path: nodes/mace_agnesi/NEBs/node-meta.json
      hash: md5
      md5: c7bdcc66461ad1817f1fa6ef85046524
      size: 64
    - path: nodes/mace_agnesi/NEBs/results.csv
      hash: md5
      md5: d01964da5e0144b3575602a8e0dbec5c
      size: 549
  mace_dodh_NEBs:
    cmd: zntrack run mlipx.nodes.nebs.NEBs --name mace_dodh_NEBs
    deps:
    - path: nodes/initialize/LoadDataFile/node-meta.json
      hash: md5
      md5: 29c68ad901b3d733ce25d15759632144
      size: 64
    params:
      params.yaml:
        mace_dodh_NEBs:
          constraint_z: 13
          constraints: true
          fmax: 0.06
          interpolate: true
          mic: true
          model:
            _cls: mlipx.nodes.generic_ase.GenericASECalculator
            class_name: mace_mp
            device: auto
            kwargs:
              default_dtype: float64
              dispersion: false
              dispersion_cutoff: 21.167088422553647
              model: 
                /home/ubuntu/srishti_test/dodh_model_direct_learn/Cu-C-O-H_v10_64x2e_MLPirreps64x0e_MACE_0_swa.model
            module: mace.calculators
          n_steps: 500
          optimizer: FIRE
          relax: true
    outs:
    - path: nodes/mace_dodh/NEBs/frames.xyz
      hash: md5
      md5: 082c2ee1db3921f2149c505dec68d3fd
      size: 181848
    - path: nodes/mace_dodh/NEBs/neb_trajectory.traj
      hash: md5
      md5: 116471a4f3d48ac1fbdcfd83c9ed8cc0
      size: 31211132
    - path: nodes/mace_dodh/NEBs/node-meta.json
      hash: md5
      md5: 09f93dd9074e42e5959a2a184f8f6631
      size: 64
    - path: nodes/mace_dodh/NEBs/results.csv
      hash: md5
      md5: 9fcb568e57f9e20935b6bf05f75bd4af
      size: 550
  mace_mpa0_NEBs:
    cmd: zntrack run mlipx.nodes.nebs.NEBs --name mace_mpa0_NEBs
    deps:
    - path: nodes/initialize/LoadDataFile/node-meta.json
      hash: md5
      md5: 29c68ad901b3d733ce25d15759632144
      size: 64
    params:
      params.yaml:
        mace_mpa0_NEBs:
          constraint_z: 13
          constraints: true
          fmax: 0.06
          interpolate: true
          mic: true
          model:
            _cls: mlipx.nodes.generic_ase.GenericASECalculator
            class_name: mace_mp
            device: auto
            kwargs:
              default_dtype: float64
              dispersion: false
              dispersion_cutoff: 21.167088422553647
              model: /mnt/nfs/ml_training/pretrained_mace_models/mace-mpa-0-medium.model
            module: mace.calculators
          n_steps: 500
          optimizer: FIRE
          relax: true
    outs:
    - path: nodes/mace_mpa0/NEBs/frames.xyz
      hash: md5
      md5: d7f7c48bd9432c0fc06bb3a9513bdedc
      size: 181829
    - path: nodes/mace_mpa0/NEBs/neb_trajectory.traj
      hash: md5
      md5: 89d932efc84939db257ad40da601ae44
      size: 13807424
    - path: nodes/mace_mpa0/NEBs/node-meta.json
      hash: md5
      md5: 8dcbfea3eabf04a3232231d0d64c03a2
      size: 64
    - path: nodes/mace_mpa0/NEBs/results.csv
      hash: md5
      md5: a8bea823eebe09cef7eabb9cbbdd5ab6
      size: 548
  mattersim_NEBs:
    cmd: zntrack run mlipx.nodes.nebs.NEBs --name mattersim_NEBs
    deps:
    - path: nodes/initialize/LoadDataFile/node-meta.json
      hash: md5
      md5: 29c68ad901b3d733ce25d15759632144
      size: 64
    params:
      params.yaml:
        mattersim_NEBs:
          constraint_z: 13
          constraints: true
          fmax: 0.06
          interpolate: true
          mic: true
          model:
            _cls: mlipx.nodes.generic_ase.GenericASECalculator
            class_name: MatterSimCalculator
            device:
            kwargs:
            module: mattersim.forcefield
          n_steps: 500
          optimizer: FIRE
          relax: true
    outs:
    - path: nodes/mattersim/NEBs/frames.xyz
      hash: md5
      md5: 4ed58e39d8019c09d584d9315a354741
      size: 181789
    - path: nodes/mattersim/NEBs/neb_trajectory.traj
      hash: md5
      md5: 0f5d4e0630aeb66d29424958b8c9c85d
      size: 22813553
    - path: nodes/mattersim/NEBs/node-meta.json
      hash: md5
      md5: 752a2373f1cf69b76a89843dcac164de
      size: 64
    - path: nodes/mattersim/NEBs/results.csv
      hash: md5
      md5: 95fab4582e4cd6dd8668adecf3953093
      size: 338
  orb_v2_NEBs:
    cmd: zntrack run mlipx.nodes.nebs.NEBs --name orb_v2_NEBs
    deps:
    - path: nodes/initialize/LoadDataFile/node-meta.json
      hash: md5
      md5: 29c68ad901b3d733ce25d15759632144
      size: 64
    params:
      params.yaml:
        orb_v2_NEBs:
          constraint_z: 13
          constraints: true
          fmax: 0.06
          interpolate: true
          mic: true
          model:
            _cls: models.OrbCalc
            device:
            name: orb_v2
          n_steps: 500
          optimizer: FIRE
          relax: true
    outs:
    - path: nodes/orb_v2/NEBs/frames.xyz
      hash: md5
      md5: 05c540bcdae1286592b62e291dc1110a
      size: 181747
    - path: nodes/orb_v2/NEBs/neb_trajectory.traj
      hash: md5
      md5: dac67df9579e8704cc4a6830df63a62a
      size: 10092659
    - path: nodes/orb_v2/NEBs/node-meta.json
      hash: md5
      md5: d81eaadda1a7471bd4193b26893a7510
      size: 64
    - path: nodes/orb_v2/NEBs/results.csv
      hash: md5
      md5: aaf474871645e4f7a26be45240db175c
      size: 508
  sevennet_NEBs:
    cmd: zntrack run mlipx.nodes.nebs.NEBs --name sevennet_NEBs
    deps:
    - path: nodes/initialize/LoadDataFile/node-meta.json
      hash: md5
      md5: 29c68ad901b3d733ce25d15759632144
      size: 64
    params:
      params.yaml:
        sevennet_NEBs:
          constraint_z: 13
          constraints: true
          fmax: 0.06
          interpolate: true
          mic: true
          model:
            _cls: mlipx.nodes.generic_ase.GenericASECalculator
            class_name: SevenNetCalculator
            device: auto
            kwargs:
              modal: mpa
              model: 7net-mf-ompa
            module: sevenn.sevennet_calculator
          n_steps: 500
          optimizer: FIRE
          relax: true
    outs:
    - path: nodes/sevennet/NEBs/frames.xyz
      hash: md5
      md5: 254630ba975183cb8e0cf7f90f9bd3b2
      size: 197866
    - path: nodes/sevennet/NEBs/neb_trajectory.traj
      hash: md5
      md5: 18f26f400e1c8d1daa54a2ef327c5d39
      size: 13757991
    - path: nodes/sevennet/NEBs/node-meta.json
      hash: md5
      md5: 2206ef953192721484042d2e7ff0ce52
      size: 64
    - path: nodes/sevennet/NEBs/results.csv
      hash: md5
      md5: a80a5bc6836edd58ea2ce8891ebec881
      size: 514
  grace_NEBs:
    cmd: zntrack run mlipx.nodes.nebs.NEBs --name grace_NEBs
    deps:
    - path: nodes/initialize/LoadDataFile/node-meta.json
      hash: md5
      md5: 29c68ad901b3d733ce25d15759632144
      size: 64
    params:
      params.yaml:
        grace_NEBs:
          constraint_z: 13
          constraints: true
          fmax: 0.06
          interpolate: true
          mic: true
          model:
            _cls: mlipx.nodes.generic_ase.GenericASECalculator
            class_name: grace_fm
            device:
            kwargs:
              model: GRACE-2L-OAM
            module: tensorpotential.calculator
          n_steps: 500
          optimizer: FIRE
          relax: true
    outs:
    - path: nodes/grace/NEBs/frames.xyz
      hash: md5
      md5: 7c6f37cf0e5bb161bbe615b0f2d3402a
      size: 181789
    - path: nodes/grace/NEBs/neb_trajectory.traj
      hash: md5
      md5: 481895f0ef2207e833e3a11ae054024f
      size: 52585456
    - path: nodes/grace/NEBs/node-meta.json
      hash: md5
      md5: 2ef663c480efa8d972abd5a606933908
      size: 64
    - path: nodes/grace/NEBs/results.csv
      hash: md5
      md5: 0805fbd8d583d10272cdbd84c0bcfb75
      size: 544
  ocp_NEBs:
    cmd: zntrack run mlipx.nodes.nebs.NEBs --name ocp_NEBs
    deps:
    - path: nodes/initialize/LoadDataFile/node-meta.json
      hash: md5
      md5: 29c68ad901b3d733ce25d15759632144
      size: 64
    params:
      params.yaml:
        ocp_NEBs:
          constraint_z: 13
          constraints: true
          fmax: 0.06
          interpolate: true
          mic: true
          model:
            _cls: mlipx.nodes.generic_ase.GenericASECalculator
            class_name: OCPCalculator
            device:
            kwargs:
              checkpoint_path: /mnt/nfs/ml_training/pretrained_ocp_models/eqV2_31M_omat_mp_salex.pt
              seed: 0
            module: fairchem.core
          n_steps: 500
          optimizer: FIRE
          relax: true
    outs:
    - path: nodes/ocp/NEBs/frames.xyz
      hash: md5
      md5: b601c5b64a06fd41cf31d7f200db371f
      size: 181420
    - path: nodes/ocp/NEBs/neb_trajectory.traj
      hash: md5
      md5: 455733f7c4f108bdccbeec7d6894b463
      size: 51686022
    - path: nodes/ocp/NEBs/node-meta.json
      hash: md5
      md5: 647cb02c6d11cf82cd7a960f2996655b
      size: 64
    - path: nodes/ocp/NEBs/results.csv
      hash: md5
      md5: 567afc3575fa64a41f5db9e6751e516d
      size: 525
  mace_matpes-omat_NEBs:
    cmd: zntrack run mlipx.nodes.nebs.NEBs --name mace_matpes-omat_NEBs
    deps:
    - path: nodes/initialize/LoadDataFile/node-meta.json
      hash: md5
      md5: 29c68ad901b3d733ce25d15759632144
      size: 64
    params:
      params.yaml:
        mace_matpes-omat_NEBs:
          constraint_z: 13
          constraints: true
          fmax: 0.06
          interpolate: true
          mic: true
          model:
            _cls: mlipx.nodes.generic_ase.GenericASECalculator
            class_name: mace_mp
            device: cpu
            kwargs:
              dtype: float64
              model: /mnt/nfs/ml_training/pretrained_mace_models/MACE-matpes-pbe-omat-ft.model
            module: mace.calculators
          n_steps: 500
          optimizer: FIRE
          relax: true
    outs:
    - path: nodes/mace_matpes-omat/NEBs/frames.xyz
      hash: md5
      md5: ee8c1759b000fd7e397fdad31c8c8a38
      size: 181819
    - path: nodes/mace_matpes-omat/NEBs/neb_trajectory.traj
      hash: md5
      md5: 9f3e1520d4bc8cee4732511363ce8d8f
      size: 51671215
    - path: nodes/mace_matpes-omat/NEBs/node-meta.json
      hash: md5
      md5: ace2c1f30a95a3caf82cdf4e1d82d5b3
      size: 64
    - path: nodes/mace_matpes-omat/NEBs/results.csv
      hash: md5
      md5: 61ba7968119d15c43290cb1a2a39c32f
      size: 518
