schema: '2.0'
stages:
  initialize_LoadDataFile:
    cmd: zntrack run mlipx.nodes.io.LoadDataFile --name initialize_LoadDataFile
    deps:
    - path: neb.xyz
      hash: md5
      md5: 725d9c005ac2bc9bb22328e38b8101e2
      size: 172874
    params:
      params.yaml:
        initialize_LoadDataFile:
          start: 0
          step: 1
          stop:
    outs:
    - path: nodes/initialize/LoadDataFile/node-meta.json
      hash: md5
      md5: aecbbd08c9671e7ca9a071d8b8789b37
      size: 64
  mace_agnesi_NEBs:
    cmd: zntrack run mlipx.nodes.nebs.NEBs --name mace_agnesi_NEBs
    deps:
    - path: nodes/initialize/LoadDataFile/node-meta.json
      hash: md5
      md5: aecbbd08c9671e7ca9a071d8b8789b37
      size: 64
    params:
      params.yaml:
        mace_agnesi_NEBs:
          constraint_z: 13
          constraints: true
          fmax: 0.06
          interpolate: true
          mic: true
          model:
            _cls: mlipx.nodes.generic_ase.GenericASECalculator
            class_name: MACECalculator
            device: auto
            kwargs:
              dtype: float64
              model_paths: /mnt/nfs/ml_training/pretrained_mace_models/mace_agnesi_medium.model
            module: mace.calculators
          n_steps: 500
          optimizer: FIRE
          relax: true
    outs:
    - path: nodes/mace_agnesi/NEBs/frames.xyz
      hash: md5
      md5: 5790a061027bd2d6d832074203361136
      size: 181697
    - path: nodes/mace_agnesi/NEBs/neb_trajectory.traj
      hash: md5
      md5: dc9cd4dc0d221386af2f73f826aca683
      size: 52520732
    - path: nodes/mace_agnesi/NEBs/node-meta.json
      hash: md5
      md5: 2f264de63b750a8ccde3ff753c4d8ae4
      size: 64
    - path: nodes/mace_agnesi/NEBs/results.csv
      hash: md5
      md5: c6987c7f301d7559d19beea878c986a9
      size: 550
  mace_dodh_NEBs:
    cmd: zntrack run mlipx.nodes.nebs.NEBs --name mace_dodh_NEBs
    deps:
    - path: nodes/initialize/LoadDataFile/node-meta.json
      hash: md5
      md5: aecbbd08c9671e7ca9a071d8b8789b37
      size: 64
    params:
      params.yaml:
        mace_dodh_NEBs:
          constraint_z: 13
          constraints: true
          fmax: 0.06
          interpolate: true
          mic: true
          model:
            _cls: mlipx.nodes.generic_ase.GenericASECalculator
            class_name: mace_mp
            device: auto
            kwargs:
              default_dtype: float64
              dispersion: false
              dispersion_cutoff: 21.167088422553647
              model: 
                /home/ubuntu/srishti_test/dodh_model_direct_learn/Cu-C-O-H_v10_64x2e_MLPirreps64x0e_MACE_0_swa.model
            module: mace.calculators
          n_steps: 500
          optimizer: FIRE
          relax: true
    outs:
    - path: nodes/mace_dodh/NEBs/frames.xyz
      hash: md5
      md5: 26f45f4b78ec8ab5743c935d680e3367
      size: 181703
    - path: nodes/mace_dodh/NEBs/neb_trajectory.traj
      hash: md5
      md5: 017930984899cc76b4f3ae43940a885b
      size: 9021724
    - path: nodes/mace_dodh/NEBs/node-meta.json
      hash: md5
      md5: bc3f21a07c907c32caae45370746d1e1
      size: 64
    - path: nodes/mace_dodh/NEBs/results.csv
      hash: md5
      md5: c61b586903e4b5bdf0c5a39925f280c7
      size: 547
  mace_mpa0_NEBs:
    cmd: zntrack run mlipx.nodes.nebs.NEBs --name mace_mpa0_NEBs
    deps:
    - path: nodes/initialize/LoadDataFile/node-meta.json
      hash: md5
      md5: aecbbd08c9671e7ca9a071d8b8789b37
      size: 64
    params:
      params.yaml:
        mace_mpa0_NEBs:
          constraint_z: 13
          constraints: true
          fmax: 0.06
          interpolate: true
          mic: true
          model:
            _cls: mlipx.nodes.generic_ase.GenericASECalculator
            class_name: mace_mp
            device: auto
            kwargs:
              default_dtype: float64
              dispersion: false
              dispersion_cutoff: 21.167088422553647
              model: /mnt/nfs/ml_training/pretrained_mace_models/mace-mpa-0-medium.model
            module: mace.calculators
          n_steps: 500
          optimizer: FIRE
          relax: true
    outs:
    - path: nodes/mace_mpa0/NEBs/frames.xyz
      hash: md5
      md5: 01110cb7387521ff464f0c1414770732
      size: 181679
    - path: nodes/mace_mpa0/NEBs/neb_trajectory.traj
      hash: md5
      md5: 6f49580b63398f4f846f74ea58434abf
      size: 52501240
    - path: nodes/mace_mpa0/NEBs/node-meta.json
      hash: md5
      md5: 1159c37ee4dfd2871938539517bfb982
      size: 64
    - path: nodes/mace_mpa0/NEBs/results.csv
      hash: md5
      md5: 48bdc73c977b1845149f916ab3b882dd
      size: 547
  mattersim_NEBs:
    cmd: zntrack run mlipx.nodes.nebs.NEBs --name mattersim_NEBs
    deps:
    - path: nodes/initialize/LoadDataFile/node-meta.json
      hash: md5
      md5: aecbbd08c9671e7ca9a071d8b8789b37
      size: 64
    params:
      params.yaml:
        mattersim_NEBs:
          constraint_z: 13
          constraints: true
          fmax: 0.06
          interpolate: true
          mic: true
          model:
            _cls: mlipx.nodes.generic_ase.GenericASECalculator
            class_name: MatterSimCalculator
            device:
            kwargs:
            module: mattersim.forcefield
          n_steps: 500
          optimizer: FIRE
          relax: true
    outs:
    - path: nodes/mattersim/NEBs/frames.xyz
      hash: md5
      md5: fa70862fdf0ad64d073fc745432fe0b8
      size: 181646
    - path: nodes/mattersim/NEBs/neb_trajectory.traj
      hash: md5
      md5: b4e6b78b8a6406c27821eb2d052ea4a3
      size: 51565134
    - path: nodes/mattersim/NEBs/node-meta.json
      hash: md5
      md5: 6e3d5393a22091ab792d99fbaf877aa4
      size: 64
    - path: nodes/mattersim/NEBs/results.csv
      hash: md5
      md5: 235d2c60586ee648524a08b9ca29ea2a
      size: 351
  orb_v2_NEBs:
    cmd: zntrack run mlipx.nodes.nebs.NEBs --name orb_v2_NEBs
    deps:
    - path: nodes/initialize/LoadDataFile/node-meta.json
      hash: md5
      md5: aecbbd08c9671e7ca9a071d8b8789b37
      size: 64
    params:
      params.yaml:
        orb_v2_NEBs:
          constraint_z: 13
          constraints: true
          fmax: 0.06
          interpolate: true
          mic: true
          model:
            _cls: models.OrbCalc
            device:
            name: orb_v2
          n_steps: 500
          optimizer: FIRE
          relax: true
    outs:
    - path: nodes/orb_v2/NEBs/frames.xyz
      hash: md5
      md5: dc304d4c2e3a33615fafdc45b2b24998
      size: 181621
    - path: nodes/orb_v2/NEBs/neb_trajectory.traj
      hash: md5
      md5: 6c91b3a2cf0036cd9a1e1a1d2c96a222
      size: 26943879
    - path: nodes/orb_v2/NEBs/node-meta.json
      hash: md5
      md5: 7975d5f52909dc72ecb6b6cfa290c5c4
      size: 64
    - path: nodes/orb_v2/NEBs/results.csv
      hash: md5
      md5: c5d9adca7efabbaf4de26f32fef4fe67
      size: 527
  sevennet_NEBs:
    cmd: zntrack run mlipx.nodes.nebs.NEBs --name sevennet_NEBs
    deps:
    - path: nodes/initialize/LoadDataFile/node-meta.json
      hash: md5
      md5: aecbbd08c9671e7ca9a071d8b8789b37
      size: 64
    params:
      params.yaml:
        sevennet_NEBs:
          constraint_z: 13
          constraints: true
          fmax: 0.06
          interpolate: true
          mic: true
          model:
            _cls: mlipx.nodes.generic_ase.GenericASECalculator
            class_name: SevenNetCalculator
            device: auto
            kwargs:
              modal: mpa
              model: 7net-mf-ompa
            module: sevenn.sevennet_calculator
          n_steps: 500
          optimizer: FIRE
          relax: true
    outs:
    - path: nodes/sevennet/NEBs/frames.xyz
      hash: md5
      md5: ca9b461596974666a2def7572506cf6e
      size: 197703
    - path: nodes/sevennet/NEBs/neb_trajectory.traj
      hash: md5
      md5: 2ef8614bd4f74936e461f866f4cf5796
      size: 51934398
    - path: nodes/sevennet/NEBs/node-meta.json
      hash: md5
      md5: 76b47c3f29358fb55303b6c096b391ae
      size: 64
    - path: nodes/sevennet/NEBs/results.csv
      hash: md5
      md5: f05ecf93821e6e43f5a3ca9b884f4a78
      size: 522
  grace_NEBs:
    cmd: zntrack run mlipx.nodes.nebs.NEBs --name grace_NEBs
    deps:
    - path: nodes/initialize/LoadDataFile/node-meta.json
      hash: md5
      md5: aecbbd08c9671e7ca9a071d8b8789b37
      size: 64
    params:
      params.yaml:
        grace_NEBs:
          constraint_z: 13
          constraints: true
          fmax: 0.06
          interpolate: true
          mic: true
          model:
            _cls: mlipx.nodes.generic_ase.GenericASECalculator
            class_name: grace_fm
            device:
            kwargs:
              model: GRACE-2L-OAM
            module: tensorpotential.calculator
          n_steps: 500
          optimizer: FIRE
          relax: true
    outs:
    - path: nodes/grace/NEBs/frames.xyz
      hash: md5
      md5: 28b8f2514223fa4ad910c3470eaab98f
      size: 181661
    - path: nodes/grace/NEBs/neb_trajectory.traj
      hash: md5
      md5: 09e99e9f4cd78dc8d16ba9b9219c6466
      size: 52493436
    - path: nodes/grace/NEBs/node-meta.json
      hash: md5
      md5: 402e034a121fb9da0b8ebab1afa96335
      size: 64
    - path: nodes/grace/NEBs/results.csv
      hash: md5
      md5: 07a1af883207a5678bf62363afe72359
      size: 550
  ocp_NEBs:
    cmd: zntrack run mlipx.nodes.nebs.NEBs --name ocp_NEBs
    deps:
    - path: nodes/initialize/LoadDataFile/node-meta.json
      hash: md5
      md5: aecbbd08c9671e7ca9a071d8b8789b37
      size: 64
    params:
      params.yaml:
        ocp_NEBs:
          constraint_z: 13
          constraints: true
          fmax: 0.06
          interpolate: true
          mic: true
          model:
            _cls: mlipx.nodes.generic_ase.GenericASECalculator
            class_name: OCPCalculator
            device:
            kwargs:
              checkpoint_path: /mnt/nfs/ml_training/pretrained_ocp_models/eqV2_31M_omat_mp_salex.pt
              seed: 0
            module: fairchem.core
          n_steps: 500
          optimizer: FIRE
          relax: true
    outs:
    - path: nodes/ocp/NEBs/frames.xyz
      hash: md5
      md5: 90da731b25444ec3ab737f26fc6cf207
      size: 181267
    - path: nodes/ocp/NEBs/neb_trajectory.traj
      hash: md5
      md5: a5a150f91ed27180dea097833e137cb2
      size: 14257443
    - path: nodes/ocp/NEBs/node-meta.json
      hash: md5
      md5: e5e3fa8bb98c9fc99265b1d908b0d970
      size: 64
    - path: nodes/ocp/NEBs/results.csv
      hash: md5
      md5: b0dcd728eabbb06df9dc3b53f670c6a3
      size: 528
  mace_matpes-omat_NEBs:
    cmd: zntrack run mlipx.nodes.nebs.NEBs --name mace_matpes-omat_NEBs
    deps:
    - path: nodes/initialize/LoadDataFile/node-meta.json
      hash: md5
      md5: aecbbd08c9671e7ca9a071d8b8789b37
      size: 64
    params:
      params.yaml:
        mace_matpes-omat_NEBs:
          constraint_z: 13
          constraints: true
          fmax: 0.06
          interpolate: true
          mic: true
          model:
            _cls: mlipx.nodes.generic_ase.GenericASECalculator
            class_name: mace_mp
            device: cpu
            kwargs:
              dtype: float64
              model: /mnt/nfs/ml_training/pretrained_mace_models/MACE-matpes-pbe-omat-ft.model
            module: mace.calculators
          n_steps: 500
          optimizer: FIRE
          relax: true
    outs:
    - path: nodes/mace_matpes-omat/NEBs/frames.xyz
      hash: md5
      md5: 0cce69a1d064a67409060579b37bac28
      size: 181674
    - path: nodes/mace_matpes-omat/NEBs/neb_trajectory.traj
      hash: md5
      md5: 04f87d157c554afa19edf42a4975ff75
      size: 13032256
    - path: nodes/mace_matpes-omat/NEBs/node-meta.json
      hash: md5
      md5: c84d9e6b94e800664d7506500a3bb88d
      size: 64
    - path: nodes/mace_matpes-omat/NEBs/results.csv
      hash: md5
      md5: 61a8691e4fc5bd9aa7b69ac8deb4b578
      size: 505
