schema: '2.0'
stages:
  initialize_LoadDataFile:
    cmd: zntrack run mlipx.nodes.io.LoadDataFile --name initialize_LoadDataFile
    deps:
    - path: neb.xyz
      hash: md5
      md5: 4709fd1966742c80c9603ed8ac0da28d
      size: 173053
    params:
      params.yaml:
        initialize_LoadDataFile:
          start: 0
          step: 1
          stop:
    outs:
    - path: nodes/initialize/LoadDataFile/node-meta.json
      hash: md5
      md5: bd2bb98d74b706d13b056633f4331cf2
      size: 64
  sevennet_NEBs:
    cmd: zntrack run mlipx.nodes.nebs.NEBs --name sevennet_NEBs
    deps:
    - path: nodes/initialize/LoadDataFile/node-meta.json
      hash: md5
      md5: bd2bb98d74b706d13b056633f4331cf2
      size: 64
    params:
      params.yaml:
        sevennet_NEBs:
          constraint_z: 13
          constraints: true
          fmax: 0.06
          interpolate: true
          mic: true
          model:
            _cls: mlipx.nodes.generic_ase.GenericASECalculator
            class_name: SevenNetCalculator
            device: auto
            kwargs:
              modal: mpa
              model: 7net-mf-ompa
            module: sevenn.sevennet_calculator
          n_steps: 500
          optimizer: FIRE
          relax: true
    outs:
    - path: nodes/sevennet/NEBs/frames.xyz
      hash: md5
      md5: fae4a65b6eca968dd6677d7541f4b143
      size: 197915
    - path: nodes/sevennet/NEBs/neb_trajectory.traj
      hash: md5
      md5: 4a8d4afadc75e5acbdc899d58edd3ccf
      size: 52027645
    - path: nodes/sevennet/NEBs/node-meta.json
      hash: md5
      md5: 30d8c58ae8c9141e936eebf1cab11649
      size: 64
    - path: nodes/sevennet/NEBs/results.csv
      hash: md5
      md5: 34204a7067649b511a3fd24623f34498
      size: 520
  mace_dodh_NEBs:
    cmd: zntrack run mlipx.nodes.nebs.NEBs --name mace_dodh_NEBs
    deps:
    - path: nodes/initialize/LoadDataFile/node-meta.json
      hash: md5
      md5: bd2bb98d74b706d13b056633f4331cf2
      size: 64
    params:
      params.yaml:
        mace_dodh_NEBs:
          constraint_z: 13
          constraints: true
          fmax: 0.06
          interpolate: true
          mic: true
          model:
            _cls: mlipx.nodes.generic_ase.GenericASECalculator
            class_name: mace_mp
            device: auto
            kwargs:
              default_dtype: float64
              dispersion: false
              dispersion_cutoff: 21.167088422553647
              model: 
                /home/ubuntu/srishti_test/dodh_model_direct_learn/Cu-C-O-H_v10_64x2e_MLPirreps64x0e_MACE_0_swa.model
            module: mace.calculators
          n_steps: 500
          optimizer: FIRE
          relax: true
    outs:
    - path: nodes/mace_dodh/NEBs/frames.xyz
      hash: md5
      md5: 3195a08761039394db528b767b7bba97
      size: 181887
    - path: nodes/mace_dodh/NEBs/neb_trajectory.traj
      hash: md5
      md5: 22f6062425f881c90008de6572088586
      size: 11421812
    - path: nodes/mace_dodh/NEBs/node-meta.json
      hash: md5
      md5: c92a4bc120e4d2e0f1f7b586708456bd
      size: 64
    - path: nodes/mace_dodh/NEBs/results.csv
      hash: md5
      md5: 44b5a3435461d4d0f01d97228e45aa4d
      size: 546
  mace_mpa0_NEBs:
    cmd: zntrack run mlipx.nodes.nebs.NEBs --name mace_mpa0_NEBs
    deps:
    - path: nodes/initialize/LoadDataFile/node-meta.json
      hash: md5
      md5: bd2bb98d74b706d13b056633f4331cf2
      size: 64
    params:
      params.yaml:
        mace_mpa0_NEBs:
          constraint_z: 13
          constraints: true
          fmax: 0.06
          interpolate: true
          mic: true
          model:
            _cls: mlipx.nodes.generic_ase.GenericASECalculator
            class_name: mace_mp
            device: auto
            kwargs:
              default_dtype: float64
              dispersion: false
              dispersion_cutoff: 21.167088422553647
              model: /mnt/nfs/ml_training/pretrained_mace_models/mace-mpa-0-medium.model
            module: mace.calculators
          n_steps: 500
          optimizer: FIRE
          relax: true
    outs:
    - path: nodes/mace_mpa0/NEBs/frames.xyz
      hash: md5
      md5: fda72a3c23a30fda19fa076b6179e427
      size: 181859
    - path: nodes/mace_mpa0/NEBs/neb_trajectory.traj
      hash: md5
      md5: 264563959e8c036f2ef532c7a9452af8
      size: 52597235
    - path: nodes/mace_mpa0/NEBs/node-meta.json
      hash: md5
      md5: 9cd864c073bfac17769a838e0bd27540
      size: 64
    - path: nodes/mace_mpa0/NEBs/results.csv
      hash: md5
      md5: f01dd2ff3247c286586bb92e3aaa1714
      size: 544
  mace_agnesi_NEBs:
    cmd: zntrack run mlipx.nodes.nebs.NEBs --name mace_agnesi_NEBs
    deps:
    - path: nodes/initialize/LoadDataFile/node-meta.json
      hash: md5
      md5: bd2bb98d74b706d13b056633f4331cf2
      size: 64
    params:
      params.yaml:
        mace_agnesi_NEBs:
          constraint_z: 13
          constraints: true
          fmax: 0.06
          interpolate: true
          mic: true
          model:
            _cls: mlipx.nodes.generic_ase.GenericASECalculator
            class_name: MACECalculator
            device: auto
            kwargs:
              dtype: float64
              model_paths: /mnt/nfs/ml_training/pretrained_mace_models/mace_agnesi_medium.model
            module: mace.calculators
          n_steps: 500
          optimizer: FIRE
          relax: true
    outs:
    - path: nodes/mace_agnesi/NEBs/frames.xyz
      hash: md5
      md5: 225e5f2e06b7c977f8f63fc421ce2bbe
      size: 181870
    - path: nodes/mace_agnesi/NEBs/neb_trajectory.traj
      hash: md5
      md5: 6c124e0a8e7ffcb6d87702f291cbe772
      size: 28837577
    - path: nodes/mace_agnesi/NEBs/node-meta.json
      hash: md5
      md5: 22a0fef6d33fc91dea996900edacd3df
      size: 64
    - path: nodes/mace_agnesi/NEBs/results.csv
      hash: md5
      md5: a90efbb4551b2ba733df47607903c655
      size: 545
  mattersim_NEBs:
    cmd: zntrack run mlipx.nodes.nebs.NEBs --name mattersim_NEBs
    deps:
    - path: nodes/initialize/LoadDataFile/node-meta.json
      hash: md5
      md5: bd2bb98d74b706d13b056633f4331cf2
      size: 64
    params:
      params.yaml:
        mattersim_NEBs:
          constraint_z: 13
          constraints: true
          fmax: 0.06
          interpolate: true
          mic: true
          model:
            _cls: mlipx.nodes.generic_ase.GenericASECalculator
            class_name: MatterSimCalculator
            device:
            kwargs:
            module: mattersim.forcefield
          n_steps: 500
          optimizer: FIRE
          relax: true
    outs:
    - path: nodes/mattersim/NEBs/frames.xyz
      hash: md5
      md5: b25ded10da28766a2aa550265bf13671
      size: 181831
    - path: nodes/mattersim/NEBs/neb_trajectory.traj
      hash: md5
      md5: c0b2156a63eafaf8e27441bf0e43c584
      size: 51658843
    - path: nodes/mattersim/NEBs/node-meta.json
      hash: md5
      md5: c2c81fae154cf270cd7cc6a76e79c121
      size: 64
    - path: nodes/mattersim/NEBs/results.csv
      hash: md5
      md5: 97eecf1b04ad652115e11cacbb20db39
      size: 344
  orb_v2_NEBs:
    cmd: zntrack run mlipx.nodes.nebs.NEBs --name orb_v2_NEBs
    deps:
    - path: nodes/initialize/LoadDataFile/node-meta.json
      hash: md5
      md5: bd2bb98d74b706d13b056633f4331cf2
      size: 64
    params:
      params.yaml:
        orb_v2_NEBs:
          constraint_z: 13
          constraints: true
          fmax: 0.06
          interpolate: true
          mic: true
          model:
            _cls: models.OrbCalc
            device:
            name: orb_v2
          n_steps: 500
          optimizer: FIRE
          relax: true
    outs:
    - path: nodes/orb_v2/NEBs/frames.xyz
      hash: md5
      md5: 1ebf373cb707e10036413a936a705da5
      size: 181782
    - path: nodes/orb_v2/NEBs/neb_trajectory.traj
      hash: md5
      md5: b65e8b1a4944bf2bddab5b860cc318e8
      size: 9786724
    - path: nodes/orb_v2/NEBs/node-meta.json
      hash: md5
      md5: 0feb54628ea59f4e676d3aedb03f09d4
      size: 64
    - path: nodes/orb_v2/NEBs/results.csv
      hash: md5
      md5: 0aa5e7110ac379f20f1fc6dd68546fd2
      size: 512
  grace_NEBs:
    cmd: zntrack run mlipx.nodes.nebs.NEBs --name grace_NEBs
    deps:
    - path: nodes/initialize/LoadDataFile/node-meta.json
      hash: md5
      md5: bd2bb98d74b706d13b056633f4331cf2
      size: 64
    params:
      params.yaml:
        grace_NEBs:
          constraint_z: 13
          constraints: true
          fmax: 0.06
          interpolate: true
          mic: true
          model:
            _cls: mlipx.nodes.generic_ase.GenericASECalculator
            class_name: grace_fm
            device:
            kwargs:
              model: GRACE-2L-OAM
            module: tensorpotential.calculator
          n_steps: 500
          optimizer: FIRE
          relax: true
    outs:
    - path: nodes/grace/NEBs/frames.xyz
      hash: md5
      md5: 951ec46c513f18616ed0b2b0ab4da493
      size: 181829
    - path: nodes/grace/NEBs/neb_trajectory.traj
      hash: md5
      md5: 87b4b27a8f8a5585fe3f8c70b1791437
      size: 52589664
    - path: nodes/grace/NEBs/node-meta.json
      hash: md5
      md5: 7efa1ef5d35a4855f752b3c041eeae80
      size: 64
    - path: nodes/grace/NEBs/results.csv
      hash: md5
      md5: 1147c45ce664c091c5a58cc3fff4e5c6
      size: 554
  ocp_NEBs:
    cmd: zntrack run mlipx.nodes.nebs.NEBs --name ocp_NEBs
    deps:
    - path: nodes/initialize/LoadDataFile/node-meta.json
      hash: md5
      md5: bd2bb98d74b706d13b056633f4331cf2
      size: 64
    params:
      params.yaml:
        ocp_NEBs:
          constraint_z: 13
          constraints: true
          fmax: 0.06
          interpolate: true
          mic: true
          model:
            _cls: mlipx.nodes.generic_ase.GenericASECalculator
            class_name: OCPCalculator
            device:
            kwargs:
              checkpoint_path: /mnt/nfs/ml_training/pretrained_ocp_models/eqV2_31M_omat_mp_salex.pt
              seed: 0
            module: fairchem.core
          n_steps: 500
          optimizer: FIRE
          relax: true
    outs:
    - path: nodes/ocp/NEBs/frames.xyz
      hash: md5
      md5: 4d8395e77f62a5f97a1aef9b3e4f092a
      size: 181405
    - path: nodes/ocp/NEBs/neb_trajectory.traj
      hash: md5
      md5: 5fbb1a83786479d6c9405d81b8666452
      size: 51692167
    - path: nodes/ocp/NEBs/node-meta.json
      hash: md5
      md5: 6f77edfea202243e57f29c6156286190
      size: 64
    - path: nodes/ocp/NEBs/results.csv
      hash: md5
      md5: 1dfc0bfa682410c79beb56a50f5afc5d
      size: 517
  mace_matpes-omat_NEBs:
    cmd: zntrack run mlipx.nodes.nebs.NEBs --name mace_matpes-omat_NEBs
    deps:
    - path: nodes/initialize/LoadDataFile/node-meta.json
      hash: md5
      md5: bd2bb98d74b706d13b056633f4331cf2
      size: 64
    params:
      params.yaml:
        mace_matpes-omat_NEBs:
          constraint_z: 13
          constraints: true
          fmax: 0.06
          interpolate: true
          mic: true
          model:
            _cls: mlipx.nodes.generic_ase.GenericASECalculator
            class_name: mace_mp
            device: cpu
            kwargs:
              dtype: float64
              model: /mnt/nfs/ml_training/pretrained_mace_models/MACE-matpes-pbe-omat-ft.model
            module: mace.calculators
          n_steps: 500
          optimizer: FIRE
          relax: true
    outs:
    - path: nodes/mace_matpes-omat/NEBs/frames.xyz
      hash: md5
      md5: dacc00af2fa6a63a8cea40d6f6801261
      size: 181872
    - path: nodes/mace_matpes-omat/NEBs/neb_trajectory.traj
      hash: md5
      md5: 377251051e47b2b8e4da289712aaf7af
      size: 51674996
    - path: nodes/mace_matpes-omat/NEBs/node-meta.json
      hash: md5
      md5: c835af8dc43bb884ed7f15d42982171e
      size: 64
    - path: nodes/mace_matpes-omat/NEBs/results.csv
      hash: md5
      md5: d38cd4e55af11459129478603f61f8f1
      size: 522
