schema: '2.0'
stages:
  initialize_LoadDataFile:
    cmd: zntrack run mlipx.nodes.io.LoadDataFile --name initialize_LoadDataFile
    deps:
    - path: neb.xyz
      hash: md5
      md5: 3a0ef3bad59a425d8438226ae0700d31
      size: 173037
    params:
      params.yaml:
        initialize_LoadDataFile:
          start: 0
          step: 1
          stop:
    outs:
    - path: nodes/initialize/LoadDataFile/node-meta.json
      hash: md5
      md5: 9024220fb3e19b72b97c8f171241402d
      size: 64
  mace_agnesi_NEBs:
    cmd: zntrack run mlipx.nodes.nebs.NEBs --name mace_agnesi_NEBs
    deps:
    - path: nodes/initialize/LoadDataFile/node-meta.json
      hash: md5
      md5: 9024220fb3e19b72b97c8f171241402d
      size: 64
    params:
      params.yaml:
        mace_agnesi_NEBs:
          constraint_z: 13
          constraints: true
          fmax: 0.06
          interpolate: true
          mic: true
          model:
            _cls: mlipx.nodes.generic_ase.GenericASECalculator
            class_name: MACECalculator
            device: auto
            kwargs:
              dtype: float64
              model_paths: /mnt/nfs/ml_training/pretrained_mace_models/mace_agnesi_medium.model
            module: mace.calculators
          n_steps: 500
          optimizer: FIRE
          relax: true
    outs:
    - path: nodes/mace_agnesi/NEBs/frames.xyz
      hash: md5
      md5: f88c101ff6152dd5be10330efa91375c
      size: 181874
    - path: nodes/mace_agnesi/NEBs/neb_trajectory.traj
      hash: md5
      md5: 431081e7478f9b5e5e2686646180422e
      size: 52614370
    - path: nodes/mace_agnesi/NEBs/node-meta.json
      hash: md5
      md5: 2b7aee37e710abae43e853fcdeca0045
      size: 64
    - path: nodes/mace_agnesi/NEBs/results.csv
      hash: md5
      md5: d5323d9778461536b59f3537d19517b1
      size: 554
  mace_dodh_NEBs:
    cmd: zntrack run mlipx.nodes.nebs.NEBs --name mace_dodh_NEBs
    deps:
    - path: nodes/initialize/LoadDataFile/node-meta.json
      hash: md5
      md5: 9024220fb3e19b72b97c8f171241402d
      size: 64
    params:
      params.yaml:
        mace_dodh_NEBs:
          constraint_z: 13
          constraints: true
          fmax: 0.06
          interpolate: true
          mic: true
          model:
            _cls: mlipx.nodes.generic_ase.GenericASECalculator
            class_name: mace_mp
            device: auto
            kwargs:
              default_dtype: float64
              dispersion: false
              dispersion_cutoff: 21.167088422553647
              model: 
                /home/ubuntu/srishti_test/dodh_model_direct_learn/Cu-C-O-H_v10_64x2e_MLPirreps64x0e_MACE_0_swa.model
            module: mace.calculators
          n_steps: 500
          optimizer: FIRE
          relax: true
    outs:
    - path: nodes/mace_dodh/NEBs/frames.xyz
      hash: md5
      md5: 3e5862b2c4502977c055610f379bcd51
      size: 181873
    - path: nodes/mace_dodh/NEBs/neb_trajectory.traj
      hash: md5
      md5: 98b56d862556ff0b6fb4d50b946fbfda
      size: 52597620
    - path: nodes/mace_dodh/NEBs/node-meta.json
      hash: md5
      md5: 82cf9e417f8a1d2fed1baa13da90b06f
      size: 64
    - path: nodes/mace_dodh/NEBs/results.csv
      hash: md5
      md5: 5c7e3fbb322bf8ab2554e3ce25d057bd
      size: 547
  grace_NEBs:
    cmd: zntrack run mlipx.nodes.nebs.NEBs --name grace_NEBs
    deps:
    - path: nodes/initialize/LoadDataFile/node-meta.json
      hash: md5
      md5: 9024220fb3e19b72b97c8f171241402d
      size: 64
    params:
      params.yaml:
        grace_NEBs:
          constraint_z: 13
          constraints: true
          fmax: 0.06
          interpolate: true
          mic: true
          model:
            _cls: mlipx.nodes.generic_ase.GenericASECalculator
            class_name: grace_fm
            device:
            kwargs:
              model: GRACE-2L-OAM
            module: tensorpotential.calculator
          n_steps: 500
          optimizer: FIRE
          relax: true
    outs:
    - path: nodes/grace/NEBs/frames.xyz
      hash: md5
      md5: 35b0979436743331b131e21a449b43d0
      size: 181846
    - path: nodes/grace/NEBs/neb_trajectory.traj
      hash: md5
      md5: 6c3bd166a464f26afe02967ee985ba87
      size: 26957383
    - path: nodes/grace/NEBs/node-meta.json
      hash: md5
      md5: 634b4fb6449052f3f5265a37d19f8377
      size: 64
    - path: nodes/grace/NEBs/results.csv
      hash: md5
      md5: 1e3812a76fb8314e623708b8ce744034
      size: 550
  sevennet_NEBs:
    cmd: zntrack run mlipx.nodes.nebs.NEBs --name sevennet_NEBs
    deps:
    - path: nodes/initialize/LoadDataFile/node-meta.json
      hash: md5
      md5: 9024220fb3e19b72b97c8f171241402d
      size: 64
    params:
      params.yaml:
        sevennet_NEBs:
          constraint_z: 13
          constraints: true
          fmax: 0.06
          interpolate: true
          mic: true
          model:
            _cls: mlipx.nodes.generic_ase.GenericASECalculator
            class_name: SevenNetCalculator
            device: auto
            kwargs:
              modal: mpa
              model: 7net-mf-ompa
            module: sevenn.sevennet_calculator
          n_steps: 500
          optimizer: FIRE
          relax: true
    outs:
    - path: nodes/sevennet/NEBs/frames.xyz
      hash: md5
      md5: 8eced04fcdfd02868290630d6b6114be
      size: 197885
    - path: nodes/sevennet/NEBs/neb_trajectory.traj
      hash: md5
      md5: 22e36e9da357271b93d1afc4ceae6736
      size: 52023899
    - path: nodes/sevennet/NEBs/node-meta.json
      hash: md5
      md5: afe3593a9a3c999eb30f27fce5481ade
      size: 64
    - path: nodes/sevennet/NEBs/results.csv
      hash: md5
      md5: f0401a53433dba6579c63eec2b22f492
      size: 515
  mace_mpa0_NEBs:
    cmd: zntrack run mlipx.nodes.nebs.NEBs --name mace_mpa0_NEBs
    deps:
    - path: nodes/initialize/LoadDataFile/node-meta.json
      hash: md5
      md5: 9024220fb3e19b72b97c8f171241402d
      size: 64
    params:
      params.yaml:
        mace_mpa0_NEBs:
          constraint_z: 13
          constraints: true
          fmax: 0.06
          interpolate: true
          mic: true
          model:
            _cls: mlipx.nodes.generic_ase.GenericASECalculator
            class_name: mace_mp
            device: auto
            kwargs:
              default_dtype: float64
              dispersion: false
              dispersion_cutoff: 21.167088422553647
              model: /mnt/nfs/ml_training/pretrained_mace_models/mace-mpa-0-medium.model
            module: mace.calculators
          n_steps: 500
          optimizer: FIRE
          relax: true
    outs:
    - path: nodes/mace_mpa0/NEBs/frames.xyz
      hash: md5
      md5: a1ec6580d6cbacd395c40f11ae3f28c2
      size: 181859
    - path: nodes/mace_mpa0/NEBs/neb_trajectory.traj
      hash: md5
      md5: 964311a8b9294f7e85779aef4b394219
      size: 52597609
    - path: nodes/mace_mpa0/NEBs/node-meta.json
      hash: md5
      md5: cb860d278b1fbe700bbac649bcf247bd
      size: 64
    - path: nodes/mace_mpa0/NEBs/results.csv
      hash: md5
      md5: 78eaf724fc65e3f2a86ade8cffc41562
      size: 545
  orb_v2_NEBs:
    cmd: zntrack run mlipx.nodes.nebs.NEBs --name orb_v2_NEBs
    deps:
    - path: nodes/initialize/LoadDataFile/node-meta.json
      hash: md5
      md5: 9024220fb3e19b72b97c8f171241402d
      size: 64
    params:
      params.yaml:
        orb_v2_NEBs:
          constraint_z: 13
          constraints: true
          fmax: 0.06
          interpolate: true
          mic: true
          model:
            _cls: models.OrbCalc
            device:
            name: orb_v2
          n_steps: 500
          optimizer: FIRE
          relax: true
    outs:
    - path: nodes/orb_v2/NEBs/frames.xyz
      hash: md5
      md5: cf861f7b11125b425f851b17d11e8d95
      size: 181819
    - path: nodes/orb_v2/NEBs/neb_trajectory.traj
      hash: md5
      md5: 88c76c9108dc1e7d6dc76639b3e4782b
      size: 51651122
    - path: nodes/orb_v2/NEBs/node-meta.json
      hash: md5
      md5: 56136b7b1287a5a9f49999b3770f649d
      size: 64
    - path: nodes/orb_v2/NEBs/results.csv
      hash: md5
      md5: 5ec4c9c11da775a003557b083396ecff
      size: 510
  mattersim_NEBs:
    cmd: zntrack run mlipx.nodes.nebs.NEBs --name mattersim_NEBs
    deps:
    - path: nodes/initialize/LoadDataFile/node-meta.json
      hash: md5
      md5: 9024220fb3e19b72b97c8f171241402d
      size: 64
    params:
      params.yaml:
        mattersim_NEBs:
          constraint_z: 13
          constraints: true
          fmax: 0.06
          interpolate: true
          mic: true
          model:
            _cls: mlipx.nodes.generic_ase.GenericASECalculator
            class_name: MatterSimCalculator
            device:
            kwargs:
            module: mattersim.forcefield
          n_steps: 500
          optimizer: FIRE
          relax: true
    outs:
    - path: nodes/mattersim/NEBs/frames.xyz
      hash: md5
      md5: da9392db97fe1ca0e090b98ff5949442
      size: 181821
    - path: nodes/mattersim/NEBs/neb_trajectory.traj
      hash: md5
      md5: fac472cc81894b5ed476042ae0f91f5b
      size: 35658019
    - path: nodes/mattersim/NEBs/node-meta.json
      hash: md5
      md5: 57c3a109acbe8085da67b9bc9c0741d8
      size: 64
    - path: nodes/mattersim/NEBs/results.csv
      hash: md5
      md5: 1ca8818697319f8a09bb4a2adefca081
      size: 347
  ocp_NEBs:
    cmd: zntrack run mlipx.nodes.nebs.NEBs --name ocp_NEBs
    deps:
    - path: nodes/initialize/LoadDataFile/node-meta.json
      hash: md5
      md5: 9024220fb3e19b72b97c8f171241402d
      size: 64
    params:
      params.yaml:
        ocp_NEBs:
          constraint_z: 13
          constraints: true
          fmax: 0.06
          interpolate: true
          mic: true
          model:
            _cls: mlipx.nodes.generic_ase.GenericASECalculator
            class_name: OCPCalculator
            device:
            kwargs:
              checkpoint_path: /mnt/nfs/ml_training/pretrained_ocp_models/eqV2_31M_omat_mp_salex.pt
              seed: 0
            module: fairchem.core
          n_steps: 500
          optimizer: FIRE
          relax: true
    outs:
    - path: nodes/ocp/NEBs/frames.xyz
      hash: md5
      md5: 38fbc1b390ec57aad554da643cb1591b
      size: 181425
    - path: nodes/ocp/NEBs/neb_trajectory.traj
      hash: md5
      md5: 634f0e1ee01f6d1b1f912426cd89fb0e
      size: 23952644
    - path: nodes/ocp/NEBs/node-meta.json
      hash: md5
      md5: bc79ba261afd642321794af0a8767bc0
      size: 64
    - path: nodes/ocp/NEBs/results.csv
      hash: md5
      md5: 639aee56a7c2ba43c09d2a000b946059
      size: 522
  mace_matpes-omat_NEBs:
    cmd: zntrack run mlipx.nodes.nebs.NEBs --name mace_matpes-omat_NEBs
    deps:
    - path: nodes/initialize/LoadDataFile/node-meta.json
      hash: md5
      md5: 9024220fb3e19b72b97c8f171241402d
      size: 64
    params:
      params.yaml:
        mace_matpes-omat_NEBs:
          constraint_z: 13
          constraints: true
          fmax: 0.06
          interpolate: true
          mic: true
          model:
            _cls: mlipx.nodes.generic_ase.GenericASECalculator
            class_name: mace_mp
            device: cpu
            kwargs:
              dtype: float64
              model: /mnt/nfs/ml_training/pretrained_mace_models/MACE-matpes-pbe-omat-ft.model
            module: mace.calculators
          n_steps: 500
          optimizer: FIRE
          relax: true
    outs:
    - path: nodes/mace_matpes-omat/NEBs/frames.xyz
      hash: md5
      md5: 3af83019d9efdd003538c93a446dd497
      size: 181861
    - path: nodes/mace_matpes-omat/NEBs/neb_trajectory.traj
      hash: md5
      md5: 8bc22455de9d2bec665ab3368b5ce530
      size: 30367428
    - path: nodes/mace_matpes-omat/NEBs/node-meta.json
      hash: md5
      md5: 64eccf5d8ad7d27e184a11186fdfec14
      size: 64
    - path: nodes/mace_matpes-omat/NEBs/results.csv
      hash: md5
      md5: 7ca60544bd0c112887739eeea86d068b
      size: 515
