schema: '2.0'
stages:
  initialize_LoadDataFile:
    cmd: zntrack run mlipx.nodes.io.LoadDataFile --name initialize_LoadDataFile
    deps:
    - path: neb.xyz
      hash: md5
      md5: c6715b3b4dc905f2d8ba06495944c177
      size: 172984
    params:
      params.yaml:
        initialize_LoadDataFile:
          start: 0
          step: 1
          stop:
    outs:
    - path: nodes/initialize/LoadDataFile/node-meta.json
      hash: md5
      md5: 4014d6ede04629786a57d1612c44c49d
      size: 64
  mace_agnesi_NEBs:
    cmd: zntrack run mlipx.nodes.nebs.NEBs --name mace_agnesi_NEBs
    deps:
    - path: nodes/initialize/LoadDataFile/node-meta.json
      hash: md5
      md5: 4014d6ede04629786a57d1612c44c49d
      size: 64
    params:
      params.yaml:
        mace_agnesi_NEBs:
          constraint_z: 13
          constraints: true
          fmax: 0.06
          interpolate: true
          mic: true
          model:
            _cls: mlipx.nodes.generic_ase.GenericASECalculator
            class_name: MACECalculator
            device: auto
            kwargs:
              dtype: float64
              model_paths: /mnt/nfs/ml_training/pretrained_mace_models/mace_agnesi_medium.model
            module: mace.calculators
          n_steps: 500
          optimizer: FIRE
          relax: true
    outs:
    - path: nodes/mace_agnesi/NEBs/frames.xyz
      hash: md5
      md5: 06153f1fb65a389fb74906594f73b8dc
      size: 181842
    - path: nodes/mace_agnesi/NEBs/neb_trajectory.traj
      hash: md5
      md5: 84a7352d48e83af1b967365f764103b5
      size: 52613037
    - path: nodes/mace_agnesi/NEBs/node-meta.json
      hash: md5
      md5: 2e3aaf4cebf878912d015533359972ea
      size: 64
    - path: nodes/mace_agnesi/NEBs/results.csv
      hash: md5
      md5: 823a6a5d377a7b8d9297863716a01ece
      size: 545
  mace_dodh_NEBs:
    cmd: zntrack run mlipx.nodes.nebs.NEBs --name mace_dodh_NEBs
    deps:
    - path: nodes/initialize/LoadDataFile/node-meta.json
      hash: md5
      md5: 4014d6ede04629786a57d1612c44c49d
      size: 64
    params:
      params.yaml:
        mace_dodh_NEBs:
          constraint_z: 13
          constraints: true
          fmax: 0.06
          interpolate: true
          mic: true
          model:
            _cls: mlipx.nodes.generic_ase.GenericASECalculator
            class_name: mace_mp
            device: auto
            kwargs:
              default_dtype: float64
              dispersion: false
              dispersion_cutoff: 21.167088422553647
              model: 
                /home/ubuntu/srishti_test/dodh_model_direct_learn/Cu-C-O-H_v10_64x2e_MLPirreps64x0e_MACE_0_swa.model
            module: mace.calculators
          n_steps: 500
          optimizer: FIRE
          relax: true
    outs:
    - path: nodes/mace_dodh/NEBs/frames.xyz
      hash: md5
      md5: 13a027f863bf70a37c5a35d3a5ce80eb
      size: 181834
    - path: nodes/mace_dodh/NEBs/neb_trajectory.traj
      hash: md5
      md5: c1b5f1eec465e095387af542a0c7e067
      size: 52589757
    - path: nodes/mace_dodh/NEBs/node-meta.json
      hash: md5
      md5: 361bec77aeb081eb8fc6d9d450b33cc2
      size: 64
    - path: nodes/mace_dodh/NEBs/results.csv
      hash: md5
      md5: 0bd77a7e81545ee5763a62ba98602015
      size: 541
  mace_mpa0_NEBs:
    cmd: zntrack run mlipx.nodes.nebs.NEBs --name mace_mpa0_NEBs
    deps:
    - path: nodes/initialize/LoadDataFile/node-meta.json
      hash: md5
      md5: 4014d6ede04629786a57d1612c44c49d
      size: 64
    params:
      params.yaml:
        mace_mpa0_NEBs:
          constraint_z: 13
          constraints: true
          fmax: 0.06
          interpolate: true
          mic: true
          model:
            _cls: mlipx.nodes.generic_ase.GenericASECalculator
            class_name: mace_mp
            device: auto
            kwargs:
              default_dtype: float64
              dispersion: false
              dispersion_cutoff: 21.167088422553647
              model: /mnt/nfs/ml_training/pretrained_mace_models/mace-mpa-0-medium.model
            module: mace.calculators
          n_steps: 500
          optimizer: FIRE
          relax: true
    outs:
    - path: nodes/mace_mpa0/NEBs/frames.xyz
      hash: md5
      md5: 40dee00f16653e5073aae6a73a3f1c84
      size: 181826
    - path: nodes/mace_mpa0/NEBs/neb_trajectory.traj
      hash: md5
      md5: bdfdf6ea3ef50f7d26a2368dafa700bf
      size: 52590455
    - path: nodes/mace_mpa0/NEBs/node-meta.json
      hash: md5
      md5: 5986b707052cf740c3bb3145c572bd6c
      size: 64
    - path: nodes/mace_mpa0/NEBs/results.csv
      hash: md5
      md5: 70db0b017f6de37b00fb443abb6c365c
      size: 540
  mattersim_NEBs:
    cmd: zntrack run mlipx.nodes.nebs.NEBs --name mattersim_NEBs
    deps:
    - path: nodes/initialize/LoadDataFile/node-meta.json
      hash: md5
      md5: 4014d6ede04629786a57d1612c44c49d
      size: 64
    params:
      params.yaml:
        mattersim_NEBs:
          constraint_z: 13
          constraints: true
          fmax: 0.06
          interpolate: true
          mic: true
          model:
            _cls: mlipx.nodes.generic_ase.GenericASECalculator
            class_name: MatterSimCalculator
            device:
            kwargs:
            module: mattersim.forcefield
          n_steps: 500
          optimizer: FIRE
          relax: true
    outs:
    - path: nodes/mattersim/NEBs/frames.xyz
      hash: md5
      md5: 89ddd68b776e1a24729b44d1ad0a9003
      size: 181781
    - path: nodes/mattersim/NEBs/neb_trajectory.traj
      hash: md5
      md5: 6a429d581beb80edbac192ac8eee2514
      size: 51651888
    - path: nodes/mattersim/NEBs/node-meta.json
      hash: md5
      md5: fc265efc2cd4706c25e32f7602937351
      size: 64
    - path: nodes/mattersim/NEBs/results.csv
      hash: md5
      md5: 08753b7ada4bf863d2fc3fd1312e3d1e
      size: 351
  orb_v2_NEBs:
    cmd: zntrack run mlipx.nodes.nebs.NEBs --name orb_v2_NEBs
    deps:
    - path: nodes/initialize/LoadDataFile/node-meta.json
      hash: md5
      md5: 4014d6ede04629786a57d1612c44c49d
      size: 64
    params:
      params.yaml:
        orb_v2_NEBs:
          constraint_z: 13
          constraints: true
          fmax: 0.06
          interpolate: true
          mic: true
          model:
            _cls: models.OrbCalc
            device:
            name: orb_v2
          n_steps: 500
          optimizer: FIRE
          relax: true
    outs:
    - path: nodes/orb_v2/NEBs/frames.xyz
      hash: md5
      md5: 914735d3dd39f3551986a03abfd4f755
      size: 181790
    - path: nodes/orb_v2/NEBs/neb_trajectory.traj
      hash: md5
      md5: b4fa74499bae6a3bd7e1fe8990a54198
      size: 43188338
    - path: nodes/orb_v2/NEBs/node-meta.json
      hash: md5
      md5: 2b3245fc8cf9679b3e301e2df9a93a24
      size: 64
    - path: nodes/orb_v2/NEBs/results.csv
      hash: md5
      md5: 06b68861bf9289a6343734a0aed5a118
      size: 525
  sevennet_NEBs:
    cmd: zntrack run mlipx.nodes.nebs.NEBs --name sevennet_NEBs
    deps:
    - path: nodes/initialize/LoadDataFile/node-meta.json
      hash: md5
      md5: 4014d6ede04629786a57d1612c44c49d
      size: 64
    params:
      params.yaml:
        sevennet_NEBs:
          constraint_z: 13
          constraints: true
          fmax: 0.06
          interpolate: true
          mic: true
          model:
            _cls: mlipx.nodes.generic_ase.GenericASECalculator
            class_name: SevenNetCalculator
            device: auto
            kwargs:
              modal: mpa
              model: 7net-mf-ompa
            module: sevenn.sevennet_calculator
          n_steps: 500
          optimizer: FIRE
          relax: true
    outs:
    - path: nodes/sevennet/NEBs/frames.xyz
      hash: md5
      md5: cc79b7adf8b913a4da92f493b6f442a5
      size: 197885
    - path: nodes/sevennet/NEBs/neb_trajectory.traj
      hash: md5
      md5: 102518898e63efea8bcf4c4321c809bd
      size: 52019181
    - path: nodes/sevennet/NEBs/node-meta.json
      hash: md5
      md5: abea64a6f1104704c78ab1ea63524250
      size: 64
    - path: nodes/sevennet/NEBs/results.csv
      hash: md5
      md5: 64d7f9e595adb0f04360d616c0395ebd
      size: 528
  grace_NEBs:
    cmd: zntrack run mlipx.nodes.nebs.NEBs --name grace_NEBs
    deps:
    - path: nodes/initialize/LoadDataFile/node-meta.json
      hash: md5
      md5: 4014d6ede04629786a57d1612c44c49d
      size: 64
    params:
      params.yaml:
        grace_NEBs:
          constraint_z: 13
          constraints: true
          fmax: 0.06
          interpolate: true
          mic: true
          model:
            _cls: mlipx.nodes.generic_ase.GenericASECalculator
            class_name: grace_fm
            device:
            kwargs:
              model: GRACE-2L-OAM
            module: tensorpotential.calculator
          n_steps: 500
          optimizer: FIRE
          relax: true
    outs:
    - path: nodes/grace/NEBs/frames.xyz
      hash: md5
      md5: bbb7acaa7256ae8dcfe0887317fb7008
      size: 181802
    - path: nodes/grace/NEBs/neb_trajectory.traj
      hash: md5
      md5: b7c494b3ed429b31ea96c62b1ac85cac
      size: 52586370
    - path: nodes/grace/NEBs/node-meta.json
      hash: md5
      md5: 0fcfb029beae0c088e9978c223bcf0d5
      size: 64
    - path: nodes/grace/NEBs/results.csv
      hash: md5
      md5: 340dfaa3973b12d5119fa8df3975aa78
      size: 545
  ocp_NEBs:
    cmd: zntrack run mlipx.nodes.nebs.NEBs --name ocp_NEBs
    deps:
    - path: nodes/initialize/LoadDataFile/node-meta.json
      hash: md5
      md5: 4014d6ede04629786a57d1612c44c49d
      size: 64
    params:
      params.yaml:
        ocp_NEBs:
          constraint_z: 13
          constraints: true
          fmax: 0.06
          interpolate: true
          mic: true
          model:
            _cls: mlipx.nodes.generic_ase.GenericASECalculator
            class_name: OCPCalculator
            device:
            kwargs:
              checkpoint_path: /mnt/nfs/ml_training/pretrained_ocp_models/eqV2_31M_omat_mp_salex.pt
              seed: 0
            module: fairchem.core
          n_steps: 500
          optimizer: FIRE
          relax: true
    outs:
    - path: nodes/ocp/NEBs/frames.xyz
      hash: md5
      md5: 664940d1709a37fae5abe02e03a8c044
      size: 181402
    - path: nodes/ocp/NEBs/neb_trajectory.traj
      hash: md5
      md5: 71761e2baa5429aabc44720e8bd2aa69
      size: 51686259
    - path: nodes/ocp/NEBs/node-meta.json
      hash: md5
      md5: 23400b40ec03533e6d720b52dcc10631
      size: 64
    - path: nodes/ocp/NEBs/results.csv
      hash: md5
      md5: c85b3ac102dcf1ab6f56a3c000dec8fd
      size: 521
  mace_matpes-omat_NEBs:
    cmd: zntrack run mlipx.nodes.nebs.NEBs --name mace_matpes-omat_NEBs
    deps:
    - path: nodes/initialize/LoadDataFile/node-meta.json
      hash: md5
      md5: 4014d6ede04629786a57d1612c44c49d
      size: 64
    params:
      params.yaml:
        mace_matpes-omat_NEBs:
          constraint_z: 13
          constraints: true
          fmax: 0.06
          interpolate: true
          mic: true
          model:
            _cls: mlipx.nodes.generic_ase.GenericASECalculator
            class_name: mace_mp
            device: cpu
            kwargs:
              dtype: float64
              model: /mnt/nfs/ml_training/pretrained_mace_models/MACE-matpes-pbe-omat-ft.model
            module: mace.calculators
          n_steps: 500
          optimizer: FIRE
          relax: true
    outs:
    - path: nodes/mace_matpes-omat/NEBs/frames.xyz
      hash: md5
      md5: fc8ed68ebbbaf127f1873cca17af1b94
      size: 181836
    - path: nodes/mace_matpes-omat/NEBs/neb_trajectory.traj
      hash: md5
      md5: 3b6eabef49ed9b475b4634705a701a57
      size: 51671515
    - path: nodes/mace_matpes-omat/NEBs/node-meta.json
      hash: md5
      md5: 71cdaf03afd67edb22ed3ab66a2a2dd5
      size: 64
    - path: nodes/mace_matpes-omat/NEBs/results.csv
      hash: md5
      md5: 4fc08ddef12c0fc77e9f3c12514ba359
      size: 516
