schema: '2.0'
stages:
  initialize_LoadDataFile:
    cmd: zntrack run mlipx.nodes.io.LoadDataFile --name initialize_LoadDataFile
    deps:
    - path: neb.xyz
      hash: md5
      md5: e98930e9b5f24ab1de043e764683fa8a
      size: 173111
    params:
      params.yaml:
        initialize_LoadDataFile:
          start: 0
          step: 1
          stop:
    outs:
    - path: nodes/initialize/LoadDataFile/node-meta.json
      hash: md5
      md5: d88694e06fe0d1e29d23b8b6ef1ed95d
      size: 64
  mace_agnesi_NEBs:
    cmd: zntrack run mlipx.nodes.nebs.NEBs --name mace_agnesi_NEBs
    deps:
    - path: nodes/initialize/LoadDataFile/node-meta.json
      hash: md5
      md5: d88694e06fe0d1e29d23b8b6ef1ed95d
      size: 64
    params:
      params.yaml:
        mace_agnesi_NEBs:
          constraint_z: 13
          constraints: true
          fmax: 0.06
          interpolate: true
          mic: true
          model:
            _cls: mlipx.nodes.generic_ase.GenericASECalculator
            class_name: MACECalculator
            device: auto
            kwargs:
              dtype: float64
              model_paths: /mnt/nfs/ml_training/pretrained_mace_models/mace_agnesi_medium.model
            module: mace.calculators
          n_steps: 500
          optimizer: FIRE
          relax: true
    outs:
    - path: nodes/mace_agnesi/NEBs/frames.xyz
      hash: md5
      md5: 0663ce6f23de6d70d7aec577dc4ec578
      size: 181962
    - path: nodes/mace_agnesi/NEBs/neb_trajectory.traj
      hash: md5
      md5: ebd5c7e362dac753479bc9fe315130fa
      size: 52661324
    - path: nodes/mace_agnesi/NEBs/node-meta.json
      hash: md5
      md5: 6a7561b13ea76894951f523a35ff9bae
      size: 64
    - path: nodes/mace_agnesi/NEBs/results.csv
      hash: md5
      md5: d64908efb7464918ddcc809e6d4ba904
      size: 554
  mace_dodh_NEBs:
    cmd: zntrack run mlipx.nodes.nebs.NEBs --name mace_dodh_NEBs
    deps:
    - path: nodes/initialize/LoadDataFile/node-meta.json
      hash: md5
      md5: d88694e06fe0d1e29d23b8b6ef1ed95d
      size: 64
    params:
      params.yaml:
        mace_dodh_NEBs:
          constraint_z: 13
          constraints: true
          fmax: 0.06
          interpolate: true
          mic: true
          model:
            _cls: mlipx.nodes.generic_ase.GenericASECalculator
            class_name: mace_mp
            device: auto
            kwargs:
              default_dtype: float64
              dispersion: false
              dispersion_cutoff: 21.167088422553647
              model: 
                /home/ubuntu/srishti_test/dodh_model_direct_learn/Cu-C-O-H_v10_64x2e_MLPirreps64x0e_MACE_0_swa.model
            module: mace.calculators
          n_steps: 500
          optimizer: FIRE
          relax: true
    outs:
    - path: nodes/mace_dodh/NEBs/frames.xyz
      hash: md5
      md5: a8c38c4066ecee6e1cdc3208dc52655b
      size: 181966
    - path: nodes/mace_dodh/NEBs/neb_trajectory.traj
      hash: md5
      md5: a9f5d637fd1abcd6af73527b7cfb451a
      size: 10601337
    - path: nodes/mace_dodh/NEBs/node-meta.json
      hash: md5
      md5: a5100f5677e63d510a4b21f3c2f32aac
      size: 64
    - path: nodes/mace_dodh/NEBs/results.csv
      hash: md5
      md5: ee34edc74f10159469ffd8b143014a00
      size: 551
  mace_mpa0_NEBs:
    cmd: zntrack run mlipx.nodes.nebs.NEBs --name mace_mpa0_NEBs
    deps:
    - path: nodes/initialize/LoadDataFile/node-meta.json
      hash: md5
      md5: d88694e06fe0d1e29d23b8b6ef1ed95d
      size: 64
    params:
      params.yaml:
        mace_mpa0_NEBs:
          constraint_z: 13
          constraints: true
          fmax: 0.06
          interpolate: true
          mic: true
          model:
            _cls: mlipx.nodes.generic_ase.GenericASECalculator
            class_name: mace_mp
            device: auto
            kwargs:
              default_dtype: float64
              dispersion: false
              dispersion_cutoff: 21.167088422553647
              model: /mnt/nfs/ml_training/pretrained_mace_models/mace-mpa-0-medium.model
            module: mace.calculators
          n_steps: 500
          optimizer: FIRE
          relax: true
    outs:
    - path: nodes/mace_mpa0/NEBs/frames.xyz
      hash: md5
      md5: dddc6ae434bd3a707685e0ba27d8401a
      size: 181946
    - path: nodes/mace_mpa0/NEBs/neb_trajectory.traj
      hash: md5
      md5: 0447f86d914719ed6ae1d2b279d9feda
      size: 52638848
    - path: nodes/mace_mpa0/NEBs/node-meta.json
      hash: md5
      md5: 92d75d352ee4cbdc87893d4de0ffbbdf
      size: 64
    - path: nodes/mace_mpa0/NEBs/results.csv
      hash: md5
      md5: e875de0da7582c1cdcb782445c9cc84d
      size: 551
  mattersim_NEBs:
    cmd: zntrack run mlipx.nodes.nebs.NEBs --name mattersim_NEBs
    deps:
    - path: nodes/initialize/LoadDataFile/node-meta.json
      hash: md5
      md5: d88694e06fe0d1e29d23b8b6ef1ed95d
      size: 64
    params:
      params.yaml:
        mattersim_NEBs:
          constraint_z: 13
          constraints: true
          fmax: 0.06
          interpolate: true
          mic: true
          model:
            _cls: mlipx.nodes.generic_ase.GenericASECalculator
            class_name: MatterSimCalculator
            device:
            kwargs:
            module: mattersim.forcefield
          n_steps: 500
          optimizer: FIRE
          relax: true
    outs:
    - path: nodes/mattersim/NEBs/frames.xyz
      hash: md5
      md5: c8ff1416108d9870e38c6803b83c7712
      size: 181901
    - path: nodes/mattersim/NEBs/neb_trajectory.traj
      hash: md5
      md5: a02439a0a8c9b9832d0983123b25a3a5
      size: 51703612
    - path: nodes/mattersim/NEBs/node-meta.json
      hash: md5
      md5: 109875409a86c8efda0e90d1d4414f07
      size: 64
    - path: nodes/mattersim/NEBs/results.csv
      hash: md5
      md5: 1738fdb012d37317a65d477624e2c268
      size: 354
  orb_v2_NEBs:
    cmd: zntrack run mlipx.nodes.nebs.NEBs --name orb_v2_NEBs
    deps:
    - path: nodes/initialize/LoadDataFile/node-meta.json
      hash: md5
      md5: d88694e06fe0d1e29d23b8b6ef1ed95d
      size: 64
    params:
      params.yaml:
        orb_v2_NEBs:
          constraint_z: 13
          constraints: true
          fmax: 0.06
          interpolate: true
          mic: true
          model:
            _cls: models.OrbCalc
            device:
            name: orb_v2
          n_steps: 500
          optimizer: FIRE
          relax: true
    outs:
    - path: nodes/orb_v2/NEBs/frames.xyz
      hash: md5
      md5: 4cbf7834d17ebb199bb55bd04716cab6
      size: 181859
    - path: nodes/orb_v2/NEBs/neb_trajectory.traj
      hash: md5
      md5: 7bd96003d2078e55847ec675e0cc51c5
      size: 33542777
    - path: nodes/orb_v2/NEBs/node-meta.json
      hash: md5
      md5: db1e6d36154e72f10270e03b562fa06d
      size: 64
    - path: nodes/orb_v2/NEBs/results.csv
      hash: md5
      md5: 68f26ed51adecc64235e98a340b9e24f
      size: 515
  sevennet_NEBs:
    cmd: zntrack run mlipx.nodes.nebs.NEBs --name sevennet_NEBs
    deps:
    - path: nodes/initialize/LoadDataFile/node-meta.json
      hash: md5
      md5: d88694e06fe0d1e29d23b8b6ef1ed95d
      size: 64
    params:
      params.yaml:
        sevennet_NEBs:
          constraint_z: 13
          constraints: true
          fmax: 0.06
          interpolate: true
          mic: true
          model:
            _cls: mlipx.nodes.generic_ase.GenericASECalculator
            class_name: SevenNetCalculator
            device: auto
            kwargs:
              modal: mpa
              model: 7net-mf-ompa
            module: sevenn.sevennet_calculator
          n_steps: 500
          optimizer: FIRE
          relax: true
    outs:
    - path: nodes/sevennet/NEBs/frames.xyz
      hash: md5
      md5: 39f42a0572853105a9322af36aeda048
      size: 197978
    - path: nodes/sevennet/NEBs/neb_trajectory.traj
      hash: md5
      md5: fee9363a72a6fd7528b32bb5aa7e5061
      size: 16111020
    - path: nodes/sevennet/NEBs/node-meta.json
      hash: md5
      md5: 417545d3bb3e792c4f0d4ea7e281a3d4
      size: 64
    - path: nodes/sevennet/NEBs/results.csv
      hash: md5
      md5: f7330aba18049913708da88b7ef2e53c
      size: 513
  grace_NEBs:
    cmd: zntrack run mlipx.nodes.nebs.NEBs --name grace_NEBs
    deps:
    - path: nodes/initialize/LoadDataFile/node-meta.json
      hash: md5
      md5: d88694e06fe0d1e29d23b8b6ef1ed95d
      size: 64
    params:
      params.yaml:
        grace_NEBs:
          constraint_z: 13
          constraints: true
          fmax: 0.06
          interpolate: true
          mic: true
          model:
            _cls: mlipx.nodes.generic_ase.GenericASECalculator
            class_name: grace_fm
            device:
            kwargs:
              model: GRACE-2L-OAM
            module: tensorpotential.calculator
          n_steps: 500
          optimizer: FIRE
          relax: true
    outs:
    - path: nodes/grace/NEBs/frames.xyz
      hash: md5
      md5: 59f31fbcc0cb5a3d481de3a94037f061
      size: 181905
    - path: nodes/grace/NEBs/neb_trajectory.traj
      hash: md5
      md5: 2d424d6dda47c54a8e087d48cb4ec347
      size: 18982498
    - path: nodes/grace/NEBs/node-meta.json
      hash: md5
      md5: e96ceb0a0ccd5338f8534782d856d30c
      size: 64
    - path: nodes/grace/NEBs/results.csv
      hash: md5
      md5: 2657c9b0f78e7e2809c038f7caad10b1
      size: 547
  ocp_NEBs:
    cmd: zntrack run mlipx.nodes.nebs.NEBs --name ocp_NEBs
    deps:
    - path: nodes/initialize/LoadDataFile/node-meta.json
      hash: md5
      md5: d88694e06fe0d1e29d23b8b6ef1ed95d
      size: 64
    params:
      params.yaml:
        ocp_NEBs:
          constraint_z: 13
          constraints: true
          fmax: 0.06
          interpolate: true
          mic: true
          model:
            _cls: mlipx.nodes.generic_ase.GenericASECalculator
            class_name: OCPCalculator
            device:
            kwargs:
              checkpoint_path: /mnt/nfs/ml_training/pretrained_ocp_models/eqV2_31M_omat_mp_salex.pt
              seed: 0
            module: fairchem.core
          n_steps: 500
          optimizer: FIRE
          relax: true
    outs:
    - path: nodes/ocp/NEBs/frames.xyz
      hash: md5
      md5: 51639aecea4902c6f63b1f66b4163a5b
      size: 181515
    - path: nodes/ocp/NEBs/neb_trajectory.traj
      hash: md5
      md5: a84782a92c586624ecc7c40399dd7aa1
      size: 22544180
    - path: nodes/ocp/NEBs/node-meta.json
      hash: md5
      md5: 05e2cad2a0e327967c260b094a7b9f28
      size: 64
    - path: nodes/ocp/NEBs/results.csv
      hash: md5
      md5: 33888a84934edaa4aba80646a7da5511
      size: 514
  mace_matpes-omat_NEBs:
    cmd: zntrack run mlipx.nodes.nebs.NEBs --name mace_matpes-omat_NEBs
    deps:
    - path: nodes/initialize/LoadDataFile/node-meta.json
      hash: md5
      md5: d88694e06fe0d1e29d23b8b6ef1ed95d
      size: 64
    params:
      params.yaml:
        mace_matpes-omat_NEBs:
          constraint_z: 13
          constraints: true
          fmax: 0.06
          interpolate: true
          mic: true
          model:
            _cls: mlipx.nodes.generic_ase.GenericASECalculator
            class_name: mace_mp
            device: cpu
            kwargs:
              dtype: float64
              model: /mnt/nfs/ml_training/pretrained_mace_models/MACE-matpes-pbe-omat-ft.model
            module: mace.calculators
          n_steps: 500
          optimizer: FIRE
          relax: true
    outs:
    - path: nodes/mace_matpes-omat/NEBs/frames.xyz
      hash: md5
      md5: 302d367d87a2dd558e6d034ecc126daf
      size: 181930
    - path: nodes/mace_matpes-omat/NEBs/neb_trajectory.traj
      hash: md5
      md5: 247d48a80f453f1654a85e2eae5c1287
      size: 11840943
    - path: nodes/mace_matpes-omat/NEBs/node-meta.json
      hash: md5
      md5: a2621121dc44574bd5719fb0ab687de4
      size: 64
    - path: nodes/mace_matpes-omat/NEBs/results.csv
      hash: md5
      md5: 918997a6128f4e9bbe7e71bb77dfdad4
      size: 515
