schema: '2.0'
stages:
  initialize_LoadDataFile:
    cmd: zntrack run mlipx.nodes.io.LoadDataFile --name initialize_LoadDataFile
    deps:
    - path: neb.xyz
      hash: md5
      md5: 495d9f9386efb7edfd09239dfd6307a5
      size: 173043
    params:
      params.yaml:
        initialize_LoadDataFile:
          start: 0
          step: 1
          stop:
    outs:
    - path: nodes/initialize/LoadDataFile/node-meta.json
      hash: md5
      md5: 9a985021e0d64d06b69bb74f222a444a
      size: 64
  mace_agnesi_NEBs:
    cmd: zntrack run mlipx.nodes.nebs.NEBs --name mace_agnesi_NEBs
    deps:
    - path: nodes/initialize/LoadDataFile/node-meta.json
      hash: md5
      md5: 9a985021e0d64d06b69bb74f222a444a
      size: 64
    params:
      params.yaml:
        mace_agnesi_NEBs:
          constraint_z: 13
          constraints: true
          fmax: 0.06
          interpolate: true
          mic: true
          model:
            _cls: mlipx.nodes.generic_ase.GenericASECalculator
            class_name: MACECalculator
            device: auto
            kwargs:
              dtype: float64
              model_paths: /mnt/nfs/ml_training/pretrained_mace_models/mace_agnesi_medium.model
            module: mace.calculators
          n_steps: 500
          optimizer: FIRE
          relax: true
    outs:
    - path: nodes/mace_agnesi/NEBs/frames.xyz
      hash: md5
      md5: af49bd817838e27303c1626130556cc6
      size: 181886
    - path: nodes/mace_agnesi/NEBs/neb_trajectory.traj
      hash: md5
      md5: f2cf239cf30e707ea42ff72060665393
      size: 10495041
    - path: nodes/mace_agnesi/NEBs/node-meta.json
      hash: md5
      md5: 2445cfa1958071671a1ca764eab41b9d
      size: 64
    - path: nodes/mace_agnesi/NEBs/results.csv
      hash: md5
      md5: ee9a9f9c73a2c60e2251e10da5caf320
      size: 551
  mace_dodh_NEBs:
    cmd: zntrack run mlipx.nodes.nebs.NEBs --name mace_dodh_NEBs
    deps:
    - path: nodes/initialize/LoadDataFile/node-meta.json
      hash: md5
      md5: 9a985021e0d64d06b69bb74f222a444a
      size: 64
    params:
      params.yaml:
        mace_dodh_NEBs:
          constraint_z: 13
          constraints: true
          fmax: 0.06
          interpolate: true
          mic: true
          model:
            _cls: mlipx.nodes.generic_ase.GenericASECalculator
            class_name: mace_mp
            device: auto
            kwargs:
              default_dtype: float64
              dispersion: false
              dispersion_cutoff: 21.167088422553647
              model: 
                /home/ubuntu/srishti_test/dodh_model_direct_learn/Cu-C-O-H_v10_64x2e_MLPirreps64x0e_MACE_0_swa.model
            module: mace.calculators
          n_steps: 500
          optimizer: FIRE
          relax: true
    outs:
    - path: nodes/mace_dodh/NEBs/frames.xyz
      hash: md5
      md5: c21b0839253f77b0695d711d6f1cfc4b
      size: 181884
    - path: nodes/mace_dodh/NEBs/neb_trajectory.traj
      hash: md5
      md5: 7bdc4b5ba6025329985398961d2b3354
      size: 12462954
    - path: nodes/mace_dodh/NEBs/node-meta.json
      hash: md5
      md5: 0cb9e9a7d8ed7222141906d36ff234ed
      size: 64
    - path: nodes/mace_dodh/NEBs/results.csv
      hash: md5
      md5: fe86c3b772260dcae1b4bd00c5393346
      size: 544
  mace_mpa0_NEBs:
    cmd: zntrack run mlipx.nodes.nebs.NEBs --name mace_mpa0_NEBs
    deps:
    - path: nodes/initialize/LoadDataFile/node-meta.json
      hash: md5
      md5: 9a985021e0d64d06b69bb74f222a444a
      size: 64
    params:
      params.yaml:
        mace_mpa0_NEBs:
          constraint_z: 13
          constraints: true
          fmax: 0.06
          interpolate: true
          mic: true
          model:
            _cls: mlipx.nodes.generic_ase.GenericASECalculator
            class_name: mace_mp
            device: auto
            kwargs:
              default_dtype: float64
              dispersion: false
              dispersion_cutoff: 21.167088422553647
              model: /mnt/nfs/ml_training/pretrained_mace_models/mace-mpa-0-medium.model
            module: mace.calculators
          n_steps: 500
          optimizer: FIRE
          relax: true
    outs:
    - path: nodes/mace_mpa0/NEBs/frames.xyz
      hash: md5
      md5: ef50a9d8241d07da927f432877ac404a
      size: 181877
    - path: nodes/mace_mpa0/NEBs/neb_trajectory.traj
      hash: md5
      md5: f645540747d0ddcdc371b92dc209dd74
      size: 17830058
    - path: nodes/mace_mpa0/NEBs/node-meta.json
      hash: md5
      md5: d00fc044d7f2e4192a01e2094a35239f
      size: 64
    - path: nodes/mace_mpa0/NEBs/results.csv
      hash: md5
      md5: 594526eb5a8fa99c8edb5c2814a1114a
      size: 548
  mattersim_NEBs:
    cmd: zntrack run mlipx.nodes.nebs.NEBs --name mattersim_NEBs
    deps:
    - path: nodes/initialize/LoadDataFile/node-meta.json
      hash: md5
      md5: 9a985021e0d64d06b69bb74f222a444a
      size: 64
    params:
      params.yaml:
        mattersim_NEBs:
          constraint_z: 13
          constraints: true
          fmax: 0.06
          interpolate: true
          mic: true
          model:
            _cls: mlipx.nodes.generic_ase.GenericASECalculator
            class_name: MatterSimCalculator
            device:
            kwargs:
            module: mattersim.forcefield
          n_steps: 500
          optimizer: FIRE
          relax: true
    outs:
    - path: nodes/mattersim/NEBs/frames.xyz
      hash: md5
      md5: 74ac8c925e027f59a7cd2d4a37d08f15
      size: 181823
    - path: nodes/mattersim/NEBs/neb_trajectory.traj
      hash: md5
      md5: 9b37ad6d0131aa1a3573d9f4b51ebe3c
      size: 10402555
    - path: nodes/mattersim/NEBs/node-meta.json
      hash: md5
      md5: 1ae3a46fc8f683932507d67fa7742d37
      size: 64
    - path: nodes/mattersim/NEBs/results.csv
      hash: md5
      md5: d0d5c6160e35db7ac54e7c61fd0d7cc0
      size: 351
  orb_v2_NEBs:
    cmd: zntrack run mlipx.nodes.nebs.NEBs --name orb_v2_NEBs
    deps:
    - path: nodes/initialize/LoadDataFile/node-meta.json
      hash: md5
      md5: 9a985021e0d64d06b69bb74f222a444a
      size: 64
    params:
      params.yaml:
        orb_v2_NEBs:
          constraint_z: 13
          constraints: true
          fmax: 0.06
          interpolate: true
          mic: true
          model:
            _cls: models.OrbCalc
            device:
            name: orb_v2
          n_steps: 500
          optimizer: FIRE
          relax: true
    outs:
    - path: nodes/orb_v2/NEBs/frames.xyz
      hash: md5
      md5: 562f2b1044ebfa5d06ab13aa6e25d453
      size: 181794
    - path: nodes/orb_v2/NEBs/neb_trajectory.traj
      hash: md5
      md5: 026c07ac33d1f2b59992eb86a55cd886
      size: 8873711
    - path: nodes/orb_v2/NEBs/node-meta.json
      hash: md5
      md5: bd1056409cee9cdc842e6618786e45fe
      size: 64
    - path: nodes/orb_v2/NEBs/results.csv
      hash: md5
      md5: f02ec6fc39a5906a854c9f8e384a3deb
      size: 515
  sevennet_NEBs:
    cmd: zntrack run mlipx.nodes.nebs.NEBs --name sevennet_NEBs
    deps:
    - path: nodes/initialize/LoadDataFile/node-meta.json
      hash: md5
      md5: 9a985021e0d64d06b69bb74f222a444a
      size: 64
    params:
      params.yaml:
        sevennet_NEBs:
          constraint_z: 13
          constraints: true
          fmax: 0.06
          interpolate: true
          mic: true
          model:
            _cls: mlipx.nodes.generic_ase.GenericASECalculator
            class_name: SevenNetCalculator
            device: auto
            kwargs:
              modal: mpa
              model: 7net-mf-ompa
            module: sevenn.sevennet_calculator
          n_steps: 500
          optimizer: FIRE
          relax: true
    outs:
    - path: nodes/sevennet/NEBs/frames.xyz
      hash: md5
      md5: 6f6bfcd1d49b6f05965fb889cf2892ab
      size: 197918
    - path: nodes/sevennet/NEBs/neb_trajectory.traj
      hash: md5
      md5: 8cdc76660cfb1dd96757511811b23e04
      size: 13250087
    - path: nodes/sevennet/NEBs/node-meta.json
      hash: md5
      md5: 6f133bc0689452429bcb0000937c7577
      size: 64
    - path: nodes/sevennet/NEBs/results.csv
      hash: md5
      md5: 9e461b37336bc04315f19dc5f09f6946
      size: 531
  grace_NEBs:
    cmd: zntrack run mlipx.nodes.nebs.NEBs --name grace_NEBs
    deps:
    - path: nodes/initialize/LoadDataFile/node-meta.json
      hash: md5
      md5: 9a985021e0d64d06b69bb74f222a444a
      size: 64
    params:
      params.yaml:
        grace_NEBs:
          constraint_z: 13
          constraints: true
          fmax: 0.06
          interpolate: true
          mic: true
          model:
            _cls: mlipx.nodes.generic_ase.GenericASECalculator
            class_name: grace_fm
            device:
            kwargs:
              model: GRACE-2L-OAM
            module: tensorpotential.calculator
          n_steps: 500
          optimizer: FIRE
          relax: true
    outs:
    - path: nodes/grace/NEBs/frames.xyz
      hash: md5
      md5: 15e6927b2f83bfb0ce48842b190b6166
      size: 181843
    - path: nodes/grace/NEBs/neb_trajectory.traj
      hash: md5
      md5: 1234b34eebef033e9b0449899de6d340
      size: 10175914
    - path: nodes/grace/NEBs/node-meta.json
      hash: md5
      md5: 93ca609137519f78abf796eafa2bdc12
      size: 64
    - path: nodes/grace/NEBs/results.csv
      hash: md5
      md5: 6fd1dc7b4e6a5c3f66866f311b781d70
      size: 548
  ocp_NEBs:
    cmd: zntrack run mlipx.nodes.nebs.NEBs --name ocp_NEBs
    deps:
    - path: nodes/initialize/LoadDataFile/node-meta.json
      hash: md5
      md5: 9a985021e0d64d06b69bb74f222a444a
      size: 64
    params:
      params.yaml:
        ocp_NEBs:
          constraint_z: 13
          constraints: true
          fmax: 0.06
          interpolate: true
          mic: true
          model:
            _cls: mlipx.nodes.generic_ase.GenericASECalculator
            class_name: OCPCalculator
            device:
            kwargs:
              checkpoint_path: /mnt/nfs/ml_training/pretrained_ocp_models/eqV2_31M_omat_mp_salex.pt
              seed: 0
            module: fairchem.core
          n_steps: 500
          optimizer: FIRE
          relax: true
    outs:
    - path: nodes/ocp/NEBs/frames.xyz
      hash: md5
      md5: 5dca9504fb1d7ecff8f838085d132d01
      size: 181474
    - path: nodes/ocp/NEBs/neb_trajectory.traj
      hash: md5
      md5: 3699fc964353bd379780fca02fdd76ef
      size: 11736691
    - path: nodes/ocp/NEBs/node-meta.json
      hash: md5
      md5: bf5f4d77cd6ba8c7205099032ccded52
      size: 64
    - path: nodes/ocp/NEBs/results.csv
      hash: md5
      md5: b9d71a853fd45265f2bda71dbab9980c
      size: 517
  mace_matpes-omat_NEBs:
    cmd: zntrack run mlipx.nodes.nebs.NEBs --name mace_matpes-omat_NEBs
    deps:
    - path: nodes/initialize/LoadDataFile/node-meta.json
      hash: md5
      md5: 9a985021e0d64d06b69bb74f222a444a
      size: 64
    params:
      params.yaml:
        mace_matpes-omat_NEBs:
          constraint_z: 13
          constraints: true
          fmax: 0.06
          interpolate: true
          mic: true
          model:
            _cls: mlipx.nodes.generic_ase.GenericASECalculator
            class_name: mace_mp
            device: cpu
            kwargs:
              dtype: float64
              model: /mnt/nfs/ml_training/pretrained_mace_models/MACE-matpes-pbe-omat-ft.model
            module: mace.calculators
          n_steps: 500
          optimizer: FIRE
          relax: true
    outs:
    - path: nodes/mace_matpes-omat/NEBs/frames.xyz
      hash: md5
      md5: 4adca207d96b4cf543241948e7803d9a
      size: 181861
    - path: nodes/mace_matpes-omat/NEBs/neb_trajectory.traj
      hash: md5
      md5: 3ef4d7e2f3aad39daa58b76dd1671fdf
      size: 10405857
    - path: nodes/mace_matpes-omat/NEBs/node-meta.json
      hash: md5
      md5: 7b2d9b9fb7357d15ba624d8241da05cf
      size: 64
    - path: nodes/mace_matpes-omat/NEBs/results.csv
      hash: md5
      md5: e48b50fd073f14bfd977232d0190cb63
      size: 518
