schema: '2.0'
stages:
  initialize_LoadDataFile:
    cmd: zntrack run mlipx.nodes.io.LoadDataFile --name initialize_LoadDataFile
    deps:
    - path: neb.xyz
      hash: md5
      md5: 8481ac1fc7da4f4db1a0c9c88a9c0845
      size: 173047
    params:
      params.yaml:
        initialize_LoadDataFile:
          start: 0
          step: 1
          stop:
    outs:
    - path: nodes/initialize/LoadDataFile/node-meta.json
      hash: md5
      md5: ce32b567621b358073930469fe81853d
      size: 64
  mace_agnesi_NEBs:
    cmd: zntrack run mlipx.nodes.nebs.NEBs --name mace_agnesi_NEBs
    deps:
    - path: nodes/initialize/LoadDataFile/node-meta.json
      hash: md5
      md5: ce32b567621b358073930469fe81853d
      size: 64
    params:
      params.yaml:
        mace_agnesi_NEBs:
          constraint_z: 13
          constraints: true
          fmax: 0.06
          interpolate: true
          mic: true
          model:
            _cls: mlipx.nodes.generic_ase.GenericASECalculator
            class_name: MACECalculator
            device: auto
            kwargs:
              dtype: float64
              model_paths: /mnt/nfs/ml_training/pretrained_mace_models/mace_agnesi_medium.model
            module: mace.calculators
          n_steps: 500
          optimizer: FIRE
          relax: true
    outs:
    - path: nodes/mace_agnesi/NEBs/frames.xyz
      hash: md5
      md5: 667dddfa6d22b7ad6134b049b7032eca
      size: 181879
    - path: nodes/mace_agnesi/NEBs/neb_trajectory.traj
      hash: md5
      md5: bb6c9154b692744e8ba413f56524fd6b
      size: 52613806
    - path: nodes/mace_agnesi/NEBs/node-meta.json
      hash: md5
      md5: 891c77d87e3073d89211292eb73b92ec
      size: 64
    - path: nodes/mace_agnesi/NEBs/results.csv
      hash: md5
      md5: 583cc1ceae1fa58c7f798b14bf8eb79c
      size: 545
  mace_dodh_NEBs:
    cmd: zntrack run mlipx.nodes.nebs.NEBs --name mace_dodh_NEBs
    deps:
    - path: nodes/initialize/LoadDataFile/node-meta.json
      hash: md5
      md5: ce32b567621b358073930469fe81853d
      size: 64
    params:
      params.yaml:
        mace_dodh_NEBs:
          constraint_z: 13
          constraints: true
          fmax: 0.06
          interpolate: true
          mic: true
          model:
            _cls: mlipx.nodes.generic_ase.GenericASECalculator
            class_name: mace_mp
            device: auto
            kwargs:
              default_dtype: float64
              dispersion: false
              dispersion_cutoff: 21.167088422553647
              model: 
                /home/ubuntu/srishti_test/dodh_model_direct_learn/Cu-C-O-H_v10_64x2e_MLPirreps64x0e_MACE_0_swa.model
            module: mace.calculators
          n_steps: 500
          optimizer: FIRE
          relax: true
    outs:
    - path: nodes/mace_dodh/NEBs/frames.xyz
      hash: md5
      md5: 311cf42dbcd97be84cdd4f2566c76999
      size: 181837
    - path: nodes/mace_dodh/NEBs/neb_trajectory.traj
      hash: md5
      md5: 04200a9d6b4e5eb8fd8b355057617a68
      size: 52589733
    - path: nodes/mace_dodh/NEBs/node-meta.json
      hash: md5
      md5: 7aa00089ff056025a404ff7c0750a1a9
      size: 64
    - path: nodes/mace_dodh/NEBs/results.csv
      hash: md5
      md5: a89880cc198f7fe621d835e8b83d335c
      size: 538
  mace_mpa0_NEBs:
    cmd: zntrack run mlipx.nodes.nebs.NEBs --name mace_mpa0_NEBs
    deps:
    - path: nodes/initialize/LoadDataFile/node-meta.json
      hash: md5
      md5: ce32b567621b358073930469fe81853d
      size: 64
    params:
      params.yaml:
        mace_mpa0_NEBs:
          constraint_z: 13
          constraints: true
          fmax: 0.06
          interpolate: true
          mic: true
          model:
            _cls: mlipx.nodes.generic_ase.GenericASECalculator
            class_name: mace_mp
            device: auto
            kwargs:
              default_dtype: float64
              dispersion: false
              dispersion_cutoff: 21.167088422553647
              model: /mnt/nfs/ml_training/pretrained_mace_models/mace-mpa-0-medium.model
            module: mace.calculators
          n_steps: 500
          optimizer: FIRE
          relax: true
    outs:
    - path: nodes/mace_mpa0/NEBs/frames.xyz
      hash: md5
      md5: 373f3792b0adccb5bff91fdf810a52b2
      size: 181878
    - path: nodes/mace_mpa0/NEBs/neb_trajectory.traj
      hash: md5
      md5: 23405966e4b0fe0223cccfafa23ea90f
      size: 52594384
    - path: nodes/mace_mpa0/NEBs/node-meta.json
      hash: md5
      md5: 9878269cb6af87496b6bc83d5f4da90f
      size: 64
    - path: nodes/mace_mpa0/NEBs/results.csv
      hash: md5
      md5: d62f825e429acb4db3c17203aa52eab1
      size: 545
  mattersim_NEBs:
    cmd: zntrack run mlipx.nodes.nebs.NEBs --name mattersim_NEBs
    deps:
    - path: nodes/initialize/LoadDataFile/node-meta.json
      hash: md5
      md5: ce32b567621b358073930469fe81853d
      size: 64
    params:
      params.yaml:
        mattersim_NEBs:
          constraint_z: 13
          constraints: true
          fmax: 0.06
          interpolate: true
          mic: true
          model:
            _cls: mlipx.nodes.generic_ase.GenericASECalculator
            class_name: MatterSimCalculator
            device:
            kwargs:
            module: mattersim.forcefield
          n_steps: 500
          optimizer: FIRE
          relax: true
    outs:
    - path: nodes/mattersim/NEBs/frames.xyz
      hash: md5
      md5: 330336f4f9fba99a3a1e41285cf09452
      size: 181833
    - path: nodes/mattersim/NEBs/neb_trajectory.traj
      hash: md5
      md5: 2c041b9137721cfcd2a4aec936cb4a89
      size: 51660127
    - path: nodes/mattersim/NEBs/node-meta.json
      hash: md5
      md5: 6c743c6928443479c5a2c2cc2ef2ab34
      size: 64
    - path: nodes/mattersim/NEBs/results.csv
      hash: md5
      md5: 9910fba7adb3a4737cee5789f6b26f50
      size: 347
  orb_v2_NEBs:
    cmd: zntrack run mlipx.nodes.nebs.NEBs --name orb_v2_NEBs
    deps:
    - path: nodes/initialize/LoadDataFile/node-meta.json
      hash: md5
      md5: ce32b567621b358073930469fe81853d
      size: 64
    params:
      params.yaml:
        orb_v2_NEBs:
          constraint_z: 13
          constraints: true
          fmax: 0.06
          interpolate: true
          mic: true
          model:
            _cls: models.OrbCalc
            device:
            name: orb_v2
          n_steps: 500
          optimizer: FIRE
          relax: true
    outs:
    - path: nodes/orb_v2/NEBs/frames.xyz
      hash: md5
      md5: 3c9eb5eede9cdc241c296d9f1e55f04e
      size: 181807
    - path: nodes/orb_v2/NEBs/neb_trajectory.traj
      hash: md5
      md5: 6078b1105439f109da3067736928e58a
      size: 51648839
    - path: nodes/orb_v2/NEBs/node-meta.json
      hash: md5
      md5: 47b732dff2a10c501b6afa35d5619413
      size: 64
    - path: nodes/orb_v2/NEBs/results.csv
      hash: md5
      md5: 8814a9d44e9dfb4039bbd66d12c99079
      size: 528
  sevennet_NEBs:
    cmd: zntrack run mlipx.nodes.nebs.NEBs --name sevennet_NEBs
    deps:
    - path: nodes/initialize/LoadDataFile/node-meta.json
      hash: md5
      md5: ce32b567621b358073930469fe81853d
      size: 64
    params:
      params.yaml:
        sevennet_NEBs:
          constraint_z: 13
          constraints: true
          fmax: 0.06
          interpolate: true
          mic: true
          model:
            _cls: mlipx.nodes.generic_ase.GenericASECalculator
            class_name: SevenNetCalculator
            device: auto
            kwargs:
              modal: mpa
              model: 7net-mf-ompa
            module: sevenn.sevennet_calculator
          n_steps: 500
          optimizer: FIRE
          relax: true
    outs:
    - path: nodes/sevennet/NEBs/frames.xyz
      hash: md5
      md5: 621567d6edb7f6eca7f7519d0d525d86
      size: 197906
    - path: nodes/sevennet/NEBs/neb_trajectory.traj
      hash: md5
      md5: 08fad292e12286512d83798e56a2e073
      size: 47610046
    - path: nodes/sevennet/NEBs/node-meta.json
      hash: md5
      md5: fecfaa3e9df379a68671c77f24393571
      size: 64
    - path: nodes/sevennet/NEBs/results.csv
      hash: md5
      md5: 959064be5a7e54e2847cb676b81f57ad
      size: 526
  grace_NEBs:
    cmd: zntrack run mlipx.nodes.nebs.NEBs --name grace_NEBs
    deps:
    - path: nodes/initialize/LoadDataFile/node-meta.json
      hash: md5
      md5: ce32b567621b358073930469fe81853d
      size: 64
    params:
      params.yaml:
        grace_NEBs:
          constraint_z: 13
          constraints: true
          fmax: 0.06
          interpolate: true
          mic: true
          model:
            _cls: mlipx.nodes.generic_ase.GenericASECalculator
            class_name: grace_fm
            device:
            kwargs:
              model: GRACE-2L-OAM
            module: tensorpotential.calculator
          n_steps: 500
          optimizer: FIRE
          relax: true
    outs:
    - path: nodes/grace/NEBs/frames.xyz
      hash: md5
      md5: 43a9042437833300073a0cea7ff19957
      size: 181856
    - path: nodes/grace/NEBs/neb_trajectory.traj
      hash: md5
      md5: d7edcbf8e35fe03cdbeafb4b87132146
      size: 52590021
    - path: nodes/grace/NEBs/node-meta.json
      hash: md5
      md5: f4dc611e56d85ec8a58d7744ecb7c433
      size: 64
    - path: nodes/grace/NEBs/results.csv
      hash: md5
      md5: 9b750897b0daffd33020984ea7ed5cfb
      size: 547
  ocp_NEBs:
    cmd: zntrack run mlipx.nodes.nebs.NEBs --name ocp_NEBs
    deps:
    - path: nodes/initialize/LoadDataFile/node-meta.json
      hash: md5
      md5: ce32b567621b358073930469fe81853d
      size: 64
    params:
      params.yaml:
        ocp_NEBs:
          constraint_z: 13
          constraints: true
          fmax: 0.06
          interpolate: true
          mic: true
          model:
            _cls: mlipx.nodes.generic_ase.GenericASECalculator
            class_name: OCPCalculator
            device:
            kwargs:
              checkpoint_path: /mnt/nfs/ml_training/pretrained_ocp_models/eqV2_31M_omat_mp_salex.pt
              seed: 0
            module: fairchem.core
          n_steps: 500
          optimizer: FIRE
          relax: true
    outs:
    - path: nodes/ocp/NEBs/frames.xyz
      hash: md5
      md5: 5977afb11db7b78ce40aad935e6eceb2
      size: 181452
    - path: nodes/ocp/NEBs/neb_trajectory.traj
      hash: md5
      md5: 28334bdd278ee7ca0229b9645a5a4a36
      size: 26503630
    - path: nodes/ocp/NEBs/node-meta.json
      hash: md5
      md5: 397d0e2a156b1a830c2ae79da610aad3
      size: 64
    - path: nodes/ocp/NEBs/results.csv
      hash: md5
      md5: 5ab90f522587151102ea6ae494a7bda5
      size: 518
  mace_matpes-omat_NEBs:
    cmd: zntrack run mlipx.nodes.nebs.NEBs --name mace_matpes-omat_NEBs
    deps:
    - path: nodes/initialize/LoadDataFile/node-meta.json
      hash: md5
      md5: ce32b567621b358073930469fe81853d
      size: 64
    params:
      params.yaml:
        mace_matpes-omat_NEBs:
          constraint_z: 13
          constraints: true
          fmax: 0.06
          interpolate: true
          mic: true
          model:
            _cls: mlipx.nodes.generic_ase.GenericASECalculator
            class_name: mace_mp
            device: cpu
            kwargs:
              dtype: float64
              model: /mnt/nfs/ml_training/pretrained_mace_models/MACE-matpes-pbe-omat-ft.model
            module: mace.calculators
          n_steps: 500
          optimizer: FIRE
          relax: true
    outs:
    - path: nodes/mace_matpes-omat/NEBs/frames.xyz
      hash: md5
      md5: d876914d91d561f4277f308611e85a06
      size: 181855
    - path: nodes/mace_matpes-omat/NEBs/neb_trajectory.traj
      hash: md5
      md5: b3f0df494ef564ede1a1e6569272b95c
      size: 51673008
    - path: nodes/mace_matpes-omat/NEBs/node-meta.json
      hash: md5
      md5: 5aa532b1a9a09f156dbc448b1dd4298d
      size: 64
    - path: nodes/mace_matpes-omat/NEBs/results.csv
      hash: md5
      md5: b5db1536371d6d3f3262438ff696f913
      size: 523
