schema: '2.0'
stages:
  initialize_LoadDataFile:
    cmd: zntrack run mlipx.nodes.io.LoadDataFile --name initialize_LoadDataFile
    deps:
    - path: neb.xyz
      hash: md5
      md5: faf1ab1f5ae32b52855b00d389d107c9
      size: 173025
    params:
      params.yaml:
        initialize_LoadDataFile:
          start: 0
          step: 1
          stop:
    outs:
    - path: nodes/initialize/LoadDataFile/node-meta.json
      hash: md5
      md5: 9bbb11c04b24258dd69b65364f3b7b4b
      size: 64
  mace_agnesi_NEBs:
    cmd: zntrack run mlipx.nodes.nebs.NEBs --name mace_agnesi_NEBs
    deps:
    - path: nodes/initialize/LoadDataFile/node-meta.json
      hash: md5
      md5: 9bbb11c04b24258dd69b65364f3b7b4b
      size: 64
    params:
      params.yaml:
        mace_agnesi_NEBs:
          constraint_z: 13
          constraints: true
          fmax: 0.06
          interpolate: true
          mic: true
          model:
            _cls: mlipx.nodes.generic_ase.GenericASECalculator
            class_name: MACECalculator
            device: auto
            kwargs:
              dtype: float64
              model_paths: /mnt/nfs/ml_training/pretrained_mace_models/mace_agnesi_medium.model
            module: mace.calculators
          n_steps: 500
          optimizer: FIRE
          relax: true
    outs:
    - path: nodes/mace_agnesi/NEBs/frames.xyz
      hash: md5
      md5: 300622f49618fe9fd26d843c0d9423d5
      size: 181911
    - path: nodes/mace_agnesi/NEBs/neb_trajectory.traj
      hash: md5
      md5: f2956895f9384199b39e6f84201f8cb5
      size: 9454352
    - path: nodes/mace_agnesi/NEBs/node-meta.json
      hash: md5
      md5: 693a218cecaa87ee6ece0312fea69ea7
      size: 64
    - path: nodes/mace_agnesi/NEBs/results.csv
      hash: md5
      md5: 7725b2bcac666c3d5fd344cdb36e2291
      size: 548
  mace_dodh_NEBs:
    cmd: zntrack run mlipx.nodes.nebs.NEBs --name mace_dodh_NEBs
    deps:
    - path: nodes/initialize/LoadDataFile/node-meta.json
      hash: md5
      md5: 9bbb11c04b24258dd69b65364f3b7b4b
      size: 64
    params:
      params.yaml:
        mace_dodh_NEBs:
          constraint_z: 13
          constraints: true
          fmax: 0.06
          interpolate: true
          mic: true
          model:
            _cls: mlipx.nodes.generic_ase.GenericASECalculator
            class_name: mace_mp
            device: auto
            kwargs:
              default_dtype: float64
              dispersion: false
              dispersion_cutoff: 21.167088422553647
              model: 
                /home/ubuntu/srishti_test/dodh_model_direct_learn/Cu-C-O-H_v10_64x2e_MLPirreps64x0e_MACE_0_swa.model
            module: mace.calculators
          n_steps: 500
          optimizer: FIRE
          relax: true
    outs:
    - path: nodes/mace_dodh/NEBs/frames.xyz
      hash: md5
      md5: b4b42af4dd04cd419246636ecbb22529
      size: 181876
    - path: nodes/mace_dodh/NEBs/neb_trajectory.traj
      hash: md5
      md5: 599c30402f4a008685df97b968e78ff8
      size: 7376757
    - path: nodes/mace_dodh/NEBs/node-meta.json
      hash: md5
      md5: 8b525337646b117e6e49669039327779
      size: 64
    - path: nodes/mace_dodh/NEBs/results.csv
      hash: md5
      md5: 0dc6abe50868da2f9853146186c88c42
      size: 548
  mace_mpa0_NEBs:
    cmd: zntrack run mlipx.nodes.nebs.NEBs --name mace_mpa0_NEBs
    deps:
    - path: nodes/initialize/LoadDataFile/node-meta.json
      hash: md5
      md5: 9bbb11c04b24258dd69b65364f3b7b4b
      size: 64
    params:
      params.yaml:
        mace_mpa0_NEBs:
          constraint_z: 13
          constraints: true
          fmax: 0.06
          interpolate: true
          mic: true
          model:
            _cls: mlipx.nodes.generic_ase.GenericASECalculator
            class_name: mace_mp
            device: auto
            kwargs:
              default_dtype: float64
              dispersion: false
              dispersion_cutoff: 21.167088422553647
              model: /mnt/nfs/ml_training/pretrained_mace_models/mace-mpa-0-medium.model
            module: mace.calculators
          n_steps: 500
          optimizer: FIRE
          relax: true
    outs:
    - path: nodes/mace_mpa0/NEBs/frames.xyz
      hash: md5
      md5: 45b322c0ab06a15630b01ff012114951
      size: 181871
    - path: nodes/mace_mpa0/NEBs/neb_trajectory.traj
      hash: md5
      md5: d496d04226710079445bd06bb66993a6
      size: 16062392
    - path: nodes/mace_mpa0/NEBs/node-meta.json
      hash: md5
      md5: d6d68a16faccc5f0f3927b8ce8b31c78
      size: 64
    - path: nodes/mace_mpa0/NEBs/results.csv
      hash: md5
      md5: 1051abac3a7967d02274e752489685a9
      size: 557
  mattersim_NEBs:
    cmd: zntrack run mlipx.nodes.nebs.NEBs --name mattersim_NEBs
    deps:
    - path: nodes/initialize/LoadDataFile/node-meta.json
      hash: md5
      md5: 9bbb11c04b24258dd69b65364f3b7b4b
      size: 64
    params:
      params.yaml:
        mattersim_NEBs:
          constraint_z: 13
          constraints: true
          fmax: 0.06
          interpolate: true
          mic: true
          model:
            _cls: mlipx.nodes.generic_ase.GenericASECalculator
            class_name: MatterSimCalculator
            device:
            kwargs:
            module: mattersim.forcefield
          n_steps: 500
          optimizer: FIRE
          relax: true
    outs:
    - path: nodes/mattersim/NEBs/frames.xyz
      hash: md5
      md5: 2744e45b26156362af954a01ed5d1567
      size: 181793
    - path: nodes/mattersim/NEBs/neb_trajectory.traj
      hash: md5
      md5: 48a2c797ca4db545a6eaa8a2aad56ba2
      size: 12030379
    - path: nodes/mattersim/NEBs/node-meta.json
      hash: md5
      md5: d620fb45f8d94499fec82de52fad9b41
      size: 64
    - path: nodes/mattersim/NEBs/results.csv
      hash: md5
      md5: 5766c1290ef2165b3adedfd237d89aa5
      size: 350
  orb_v2_NEBs:
    cmd: zntrack run mlipx.nodes.nebs.NEBs --name orb_v2_NEBs
    deps:
    - path: nodes/initialize/LoadDataFile/node-meta.json
      hash: md5
      md5: 9bbb11c04b24258dd69b65364f3b7b4b
      size: 64
    params:
      params.yaml:
        orb_v2_NEBs:
          constraint_z: 13
          constraints: true
          fmax: 0.06
          interpolate: true
          mic: true
          model:
            _cls: models.OrbCalc
            device:
            name: orb_v2
          n_steps: 500
          optimizer: FIRE
          relax: true
    outs:
    - path: nodes/orb_v2/NEBs/frames.xyz
      hash: md5
      md5: 9e06467a6da85b1125b37a3aa619091a
      size: 181804
    - path: nodes/orb_v2/NEBs/neb_trajectory.traj
      hash: md5
      md5: c7e39dc86ff9bf9ad6423a024f51de84
      size: 9991395
    - path: nodes/orb_v2/NEBs/node-meta.json
      hash: md5
      md5: 8b254699e89038cf59e09c8c37cdfcbc
      size: 64
    - path: nodes/orb_v2/NEBs/results.csv
      hash: md5
      md5: 6579e320ecb233848ecc5c1447a237a9
      size: 520
  sevennet_NEBs:
    cmd: zntrack run mlipx.nodes.nebs.NEBs --name sevennet_NEBs
    deps:
    - path: nodes/initialize/LoadDataFile/node-meta.json
      hash: md5
      md5: 9bbb11c04b24258dd69b65364f3b7b4b
      size: 64
    params:
      params.yaml:
        sevennet_NEBs:
          constraint_z: 13
          constraints: true
          fmax: 0.06
          interpolate: true
          mic: true
          model:
            _cls: mlipx.nodes.generic_ase.GenericASECalculator
            class_name: SevenNetCalculator
            device: auto
            kwargs:
              modal: mpa
              model: 7net-mf-ompa
            module: sevenn.sevennet_calculator
          n_steps: 500
          optimizer: FIRE
          relax: true
    outs:
    - path: nodes/sevennet/NEBs/frames.xyz
      hash: md5
      md5: 946599c2a371783ea5522e58dbc255a8
      size: 197908
    - path: nodes/sevennet/NEBs/neb_trajectory.traj
      hash: md5
      md5: 80d50c98d62135605027f98788d7736e
      size: 19486301
    - path: nodes/sevennet/NEBs/node-meta.json
      hash: md5
      md5: 73d9203841a2a56d63445d7685fbd348
      size: 64
    - path: nodes/sevennet/NEBs/results.csv
      hash: md5
      md5: d67a5ea271dfa6fe1530592ed7562c96
      size: 525
  grace_NEBs:
    cmd: zntrack run mlipx.nodes.nebs.NEBs --name grace_NEBs
    deps:
    - path: nodes/initialize/LoadDataFile/node-meta.json
      hash: md5
      md5: 9bbb11c04b24258dd69b65364f3b7b4b
      size: 64
    params:
      params.yaml:
        grace_NEBs:
          constraint_z: 13
          constraints: true
          fmax: 0.06
          interpolate: true
          mic: true
          model:
            _cls: mlipx.nodes.generic_ase.GenericASECalculator
            class_name: grace_fm
            device:
            kwargs:
              model: GRACE-2L-OAM
            module: tensorpotential.calculator
          n_steps: 500
          optimizer: FIRE
          relax: true
    outs:
    - path: nodes/grace/NEBs/frames.xyz
      hash: md5
      md5: 817381212397eb208a4107717a2ef813
      size: 181816
    - path: nodes/grace/NEBs/neb_trajectory.traj
      hash: md5
      md5: ad9fdf24b1af251ed7414857492b67b6
      size: 52589219
    - path: nodes/grace/NEBs/node-meta.json
      hash: md5
      md5: 216bbef968e5a7df1637317bd8cb14ce
      size: 64
    - path: nodes/grace/NEBs/results.csv
      hash: md5
      md5: b36136c08d4b22e4a66b0905a448db36
      size: 562
  ocp_NEBs:
    cmd: zntrack run mlipx.nodes.nebs.NEBs --name ocp_NEBs
    deps:
    - path: nodes/initialize/LoadDataFile/node-meta.json
      hash: md5
      md5: 9bbb11c04b24258dd69b65364f3b7b4b
      size: 64
    params:
      params.yaml:
        ocp_NEBs:
          constraint_z: 13
          constraints: true
          fmax: 0.06
          interpolate: true
          mic: true
          model:
            _cls: mlipx.nodes.generic_ase.GenericASECalculator
            class_name: OCPCalculator
            device:
            kwargs:
              checkpoint_path: /mnt/nfs/ml_training/pretrained_ocp_models/eqV2_31M_omat_mp_salex.pt
              seed: 0
            module: fairchem.core
          n_steps: 500
          optimizer: FIRE
          relax: true
    outs:
    - path: nodes/ocp/NEBs/frames.xyz
      hash: md5
      md5: fd765df5b9e76e936a281a7123d3f78c
      size: 181434
    - path: nodes/ocp/NEBs/neb_trajectory.traj
      hash: md5
      md5: b8a38bcb4a6ebf962af5b578f4b5023e
      size: 6841874
    - path: nodes/ocp/NEBs/node-meta.json
      hash: md5
      md5: f69004f3be6d6141727acf7784296254
      size: 64
    - path: nodes/ocp/NEBs/results.csv
      hash: md5
      md5: b010fe2832b330ab9052caf46463b3c3
      size: 511
  mace_matpes-omat_NEBs:
    cmd: zntrack run mlipx.nodes.nebs.NEBs --name mace_matpes-omat_NEBs
    deps:
    - path: nodes/initialize/LoadDataFile/node-meta.json
      hash: md5
      md5: 9bbb11c04b24258dd69b65364f3b7b4b
      size: 64
    params:
      params.yaml:
        mace_matpes-omat_NEBs:
          constraint_z: 13
          constraints: true
          fmax: 0.06
          interpolate: true
          mic: true
          model:
            _cls: mlipx.nodes.generic_ase.GenericASECalculator
            class_name: mace_mp
            device: cpu
            kwargs:
              dtype: float64
              model: /mnt/nfs/ml_training/pretrained_mace_models/MACE-matpes-pbe-omat-ft.model
            module: mace.calculators
          n_steps: 500
          optimizer: FIRE
          relax: true
    outs:
    - path: nodes/mace_matpes-omat/NEBs/frames.xyz
      hash: md5
      md5: 03a6a79228098d27fc2fc35053ae66aa
      size: 181853
    - path: nodes/mace_matpes-omat/NEBs/neb_trajectory.traj
      hash: md5
      md5: 14aec9c5915fd9c75c6f71e5b28a8fe2
      size: 18744953
    - path: nodes/mace_matpes-omat/NEBs/node-meta.json
      hash: md5
      md5: a8fd748cb3d6f2f0e8d510cace0855d1
      size: 64
    - path: nodes/mace_matpes-omat/NEBs/results.csv
      hash: md5
      md5: 823be8eeb82682673cf649b129f6cc23
      size: 519
