schema: '2.0'
stages:
  initialize_LoadDataFile:
    cmd: zntrack run mlipx.nodes.io.LoadDataFile --name initialize_LoadDataFile
    deps:
    - path: neb.xyz
      hash: md5
      md5: e2afef14582b841b0d50da5f70c5f391
      size: 172503
    params:
      params.yaml:
        initialize_LoadDataFile:
          start: 0
          step: 1
          stop:
    outs:
    - path: nodes/initialize/LoadDataFile/node-meta.json
      hash: md5
      md5: 38d80a4d27985d1742fcc44def950d20
      size: 64
  orb_v2_NEBs:
    cmd: zntrack run mlipx.nodes.nebs.NEBs --name orb_v2_NEBs
    deps:
    - path: nodes/initialize/LoadDataFile/node-meta.json
      hash: md5
      md5: 38d80a4d27985d1742fcc44def950d20
      size: 64
    params:
      params.yaml:
        orb_v2_NEBs:
          constraint_z: 13
          constraints: true
          fmax: 0.06
          interpolate: true
          mic: true
          model:
            _cls: models.OrbCalc
            device:
            name: orb_v2
          n_steps: 500
          optimizer: FIRE
          relax: true
    outs:
    - path: nodes/orb_v2/NEBs/frames.xyz
      hash: md5
      md5: 439a012c67fc97cf058622584409c7cb
      size: 181290
    - path: nodes/orb_v2/NEBs/neb_trajectory.traj
      hash: md5
      md5: 68a862549d628997b5346949c4a14d18
      size: 18164309
    - path: nodes/orb_v2/NEBs/node-meta.json
      hash: md5
      md5: cd249e65d742bf11f2d233c2664e9c28
      size: 64
    - path: nodes/orb_v2/NEBs/results.csv
      hash: md5
      md5: 256247a91bb48b824f793e1795c93f15
      size: 521
  mattersim_NEBs:
    cmd: zntrack run mlipx.nodes.nebs.NEBs --name mattersim_NEBs
    deps:
    - path: nodes/initialize/LoadDataFile/node-meta.json
      hash: md5
      md5: 38d80a4d27985d1742fcc44def950d20
      size: 64
    params:
      params.yaml:
        mattersim_NEBs:
          constraint_z: 13
          constraints: true
          fmax: 0.06
          interpolate: true
          mic: true
          model:
            _cls: mlipx.nodes.generic_ase.GenericASECalculator
            class_name: MatterSimCalculator
            device:
            kwargs:
            module: mattersim.forcefield
          n_steps: 500
          optimizer: FIRE
          relax: true
    outs:
    - path: nodes/mattersim/NEBs/frames.xyz
      hash: md5
      md5: c0a7959ac154ce7895435d679ef6373a
      size: 181305
    - path: nodes/mattersim/NEBs/neb_trajectory.traj
      hash: md5
      md5: 84ff118f4c72e3a26d47d0a1845be5f0
      size: 51180086
    - path: nodes/mattersim/NEBs/node-meta.json
      hash: md5
      md5: 946a6570b4234318dc010c8a5253675c
      size: 64
    - path: nodes/mattersim/NEBs/results.csv
      hash: md5
      md5: 08dd0050e0a1deec55387ad63b10b42a
      size: 354
  sevennet_NEBs:
    cmd: zntrack run mlipx.nodes.nebs.NEBs --name sevennet_NEBs
    deps:
    - path: nodes/initialize/LoadDataFile/node-meta.json
      hash: md5
      md5: 38d80a4d27985d1742fcc44def950d20
      size: 64
    params:
      params.yaml:
        sevennet_NEBs:
          constraint_z: 13
          constraints: true
          fmax: 0.06
          interpolate: true
          mic: true
          model:
            _cls: mlipx.nodes.generic_ase.GenericASECalculator
            class_name: SevenNetCalculator
            device: auto
            kwargs:
              modal: mpa
              model: 7net-mf-ompa
            module: sevenn.sevennet_calculator
          n_steps: 500
          optimizer: FIRE
          relax: true
    outs:
    - path: nodes/sevennet/NEBs/frames.xyz
      hash: md5
      md5: cfed2e6318e8de533aea9bddde90c75b
      size: 197400
    - path: nodes/sevennet/NEBs/neb_trajectory.traj
      hash: md5
      md5: 5272d27e6511c538f0a70aa2177cdab7
      size: 51553330
    - path: nodes/sevennet/NEBs/node-meta.json
      hash: md5
      md5: 3129172158d807dd0c1f8b2088e3d72e
      size: 64
    - path: nodes/sevennet/NEBs/results.csv
      hash: md5
      md5: af8f6becaa0ffb01b7249a05f8bd84b9
      size: 519
  mace_mpa0_NEBs:
    cmd: zntrack run mlipx.nodes.nebs.NEBs --name mace_mpa0_NEBs
    deps:
    - path: nodes/initialize/LoadDataFile/node-meta.json
      hash: md5
      md5: 38d80a4d27985d1742fcc44def950d20
      size: 64
    params:
      params.yaml:
        mace_mpa0_NEBs:
          constraint_z: 13
          constraints: true
          fmax: 0.06
          interpolate: true
          mic: true
          model:
            _cls: mlipx.nodes.generic_ase.GenericASECalculator
            class_name: mace_mp
            device: auto
            kwargs:
              default_dtype: float64
              dispersion: false
              dispersion_cutoff: 21.167088422553647
              model: /mnt/nfs/ml_training/pretrained_mace_models/mace-mpa-0-medium.model
            module: mace.calculators
          n_steps: 500
          optimizer: FIRE
          relax: true
    outs:
    - path: nodes/mace_mpa0/NEBs/frames.xyz
      hash: md5
      md5: 344a968ce06929fea4a4f9b7b41d6ca6
      size: 181337
    - path: nodes/mace_mpa0/NEBs/neb_trajectory.traj
      hash: md5
      md5: 047f2608ec2a5af07efde4e178269246
      size: 52112992
    - path: nodes/mace_mpa0/NEBs/node-meta.json
      hash: md5
      md5: 9081ed5d586988ff815d6892868e1e22
      size: 64
    - path: nodes/mace_mpa0/NEBs/results.csv
      hash: md5
      md5: 88ef5f4feeb7946a6d45aa26419c7362
      size: 544
  grace_NEBs:
    cmd: zntrack run mlipx.nodes.nebs.NEBs --name grace_NEBs
    deps:
    - path: nodes/initialize/LoadDataFile/node-meta.json
      hash: md5
      md5: 38d80a4d27985d1742fcc44def950d20
      size: 64
    params:
      params.yaml:
        grace_NEBs:
          constraint_z: 13
          constraints: true
          fmax: 0.06
          interpolate: true
          mic: true
          model:
            _cls: mlipx.nodes.generic_ase.GenericASECalculator
            class_name: grace_fm
            device:
            kwargs:
              model: GRACE-2L-OAM
            module: tensorpotential.calculator
          n_steps: 500
          optimizer: FIRE
          relax: true
    outs:
    - path: nodes/grace/NEBs/frames.xyz
      hash: md5
      md5: 3b59d24d90d64848b57a1c520e2038c4
      size: 181319
    - path: nodes/grace/NEBs/neb_trajectory.traj
      hash: md5
      md5: 86ac026559ff4739faf2e635fa6fa8d8
      size: 52109336
    - path: nodes/grace/NEBs/node-meta.json
      hash: md5
      md5: db5a160275e15e4050ade19fd3158791
      size: 64
    - path: nodes/grace/NEBs/results.csv
      hash: md5
      md5: 52ce5b7ddc41dca285c00567d8f5133c
      size: 556
  mace_agnesi_NEBs:
    cmd: zntrack run mlipx.nodes.nebs.NEBs --name mace_agnesi_NEBs
    deps:
    - path: nodes/initialize/LoadDataFile/node-meta.json
      hash: md5
      md5: 38d80a4d27985d1742fcc44def950d20
      size: 64
    params:
      params.yaml:
        mace_agnesi_NEBs:
          constraint_z: 13
          constraints: true
          fmax: 0.06
          interpolate: true
          mic: true
          model:
            _cls: mlipx.nodes.generic_ase.GenericASECalculator
            class_name: MACECalculator
            device: auto
            kwargs:
              dtype: float64
              model_paths: /mnt/nfs/ml_training/pretrained_mace_models/mace_agnesi_medium.model
            module: mace.calculators
          n_steps: 500
          optimizer: FIRE
          relax: true
    outs:
    - path: nodes/mace_agnesi/NEBs/frames.xyz
      hash: md5
      md5: 9b0cec609346c6f3ea98a2249a430b48
      size: 181358
    - path: nodes/mace_agnesi/NEBs/neb_trajectory.traj
      hash: md5
      md5: c15e0584468f7d11ac48bf8adb5056aa
      size: 52136509
    - path: nodes/mace_agnesi/NEBs/node-meta.json
      hash: md5
      md5: 52c852dbb15ae7618fa3cc6015194e12
      size: 64
    - path: nodes/mace_agnesi/NEBs/results.csv
      hash: md5
      md5: ff7616da3fe81994a6ecd9cadafc7305
      size: 548
  mace_dodh_NEBs:
    cmd: zntrack run mlipx.nodes.nebs.NEBs --name mace_dodh_NEBs
    deps:
    - path: nodes/initialize/LoadDataFile/node-meta.json
      hash: md5
      md5: 38d80a4d27985d1742fcc44def950d20
      size: 64
    params:
      params.yaml:
        mace_dodh_NEBs:
          constraint_z: 13
          constraints: true
          fmax: 0.06
          interpolate: true
          mic: true
          model:
            _cls: mlipx.nodes.generic_ase.GenericASECalculator
            class_name: mace_mp
            device: auto
            kwargs:
              default_dtype: float64
              dispersion: false
              dispersion_cutoff: 21.167088422553647
              model: 
                /home/ubuntu/srishti_test/dodh_model_direct_learn/Cu-C-O-H_v10_64x2e_MLPirreps64x0e_MACE_0_swa.model
            module: mace.calculators
          n_steps: 500
          optimizer: FIRE
          relax: true
    outs:
    - path: nodes/mace_dodh/NEBs/frames.xyz
      hash: md5
      md5: 9028a7c3044a21f7db786a7a63db4870
      size: 181336
    - path: nodes/mace_dodh/NEBs/neb_trajectory.traj
      hash: md5
      md5: 644f947bdd90082cc1fafadaf13cf30b
      size: 52119330
    - path: nodes/mace_dodh/NEBs/node-meta.json
      hash: md5
      md5: bc56e3b1c034388dc191bafe66478af7
      size: 64
    - path: nodes/mace_dodh/NEBs/results.csv
      hash: md5
      md5: d5e37d8a7aea8dbd588adc4c4ba52ebf
      size: 543
  ocp_NEBs:
    cmd: zntrack run mlipx.nodes.nebs.NEBs --name ocp_NEBs
    deps:
    - path: nodes/initialize/LoadDataFile/node-meta.json
      hash: md5
      md5: 38d80a4d27985d1742fcc44def950d20
      size: 64
    params:
      params.yaml:
        ocp_NEBs:
          constraint_z: 13
          constraints: true
          fmax: 0.06
          interpolate: true
          mic: true
          model:
            _cls: mlipx.nodes.generic_ase.GenericASECalculator
            class_name: OCPCalculator
            device:
            kwargs:
              checkpoint_path: /mnt/nfs/ml_training/pretrained_ocp_models/eqV2_31M_omat_mp_salex.pt
              seed: 0
            module: fairchem.core
          n_steps: 500
          optimizer: FIRE
          relax: true
    outs:
    - path: nodes/ocp/NEBs/frames.xyz
      hash: md5
      md5: b117b00211b89639022ab7ba68fa4725
      size: 180921
    - path: nodes/ocp/NEBs/neb_trajectory.traj
      hash: md5
      md5: c93043379d0303f13c73c6ea7a5196bf
      size: 10817158
    - path: nodes/ocp/NEBs/node-meta.json
      hash: md5
      md5: 75c4d432be37d2d3a78e6fbd2d43c3e6
      size: 64
    - path: nodes/ocp/NEBs/results.csv
      hash: md5
      md5: 569de14d412491dec5df31bbaaab9c15
      size: 518
  mace_matpes-omat_NEBs:
    cmd: zntrack run mlipx.nodes.nebs.NEBs --name mace_matpes-omat_NEBs
    deps:
    - path: nodes/initialize/LoadDataFile/node-meta.json
      hash: md5
      md5: 38d80a4d27985d1742fcc44def950d20
      size: 64
    params:
      params.yaml:
        mace_matpes-omat_NEBs:
          constraint_z: 13
          constraints: true
          fmax: 0.06
          interpolate: true
          mic: true
          model:
            _cls: mlipx.nodes.generic_ase.GenericASECalculator
            class_name: mace_mp
            device: cpu
            kwargs:
              dtype: float64
              model: /mnt/nfs/ml_training/pretrained_mace_models/MACE-matpes-pbe-omat-ft.model
            module: mace.calculators
          n_steps: 500
          optimizer: FIRE
          relax: true
    outs:
    - path: nodes/mace_matpes-omat/NEBs/frames.xyz
      hash: md5
      md5: 02fad0cd6662297364a5148db238c110
      size: 181347
    - path: nodes/mace_matpes-omat/NEBs/neb_trajectory.traj
      hash: md5
      md5: 0e804bf023d7afb22a1db063dba7c8cc
      size: 46854360
    - path: nodes/mace_matpes-omat/NEBs/node-meta.json
      hash: md5
      md5: 2f89b20482f4c2448df96351299aa382
      size: 64
    - path: nodes/mace_matpes-omat/NEBs/results.csv
      hash: md5
      md5: c42513c2eb7757bf586b5e545db34d6a
      size: 522
