schema: '2.0'
stages:
  initialize_LoadDataFile:
    cmd: zntrack run mlipx.nodes.io.LoadDataFile --name initialize_LoadDataFile
    deps:
    - path: neb.xyz
      hash: md5
      md5: 3a80dc37f4abd057bc5da9eba0214def
      size: 173015
    params:
      params.yaml:
        initialize_LoadDataFile:
          start: 0
          step: 1
          stop:
    outs:
    - path: nodes/initialize/LoadDataFile/node-meta.json
      hash: md5
      md5: a895ba39b5232506f32c1d56920097aa
      size: 64
  mace_agnesi_NEBs:
    cmd: zntrack run mlipx.nodes.nebs.NEBs --name mace_agnesi_NEBs
    deps:
    - path: nodes/initialize/LoadDataFile/node-meta.json
      hash: md5
      md5: a895ba39b5232506f32c1d56920097aa
      size: 64
    params:
      params.yaml:
        mace_agnesi_NEBs:
          constraint_z: 13
          constraints: true
          fmax: 0.06
          interpolate: true
          mic: true
          model:
            _cls: mlipx.nodes.generic_ase.GenericASECalculator
            class_name: MACECalculator
            device: auto
            kwargs:
              dtype: float64
              model_paths: /mnt/nfs/ml_training/pretrained_mace_models/mace_agnesi_medium.model
            module: mace.calculators
          n_steps: 500
          optimizer: FIRE
          relax: true
    outs:
    - path: nodes/mace_agnesi/NEBs/frames.xyz
      hash: md5
      md5: a8320d79fe8669a45527ede94164f6ab
      size: 181854
    - path: nodes/mace_agnesi/NEBs/neb_trajectory.traj
      hash: md5
      md5: 4b39b3de2b2553924dcd55348a538a61
      size: 11009591
    - path: nodes/mace_agnesi/NEBs/node-meta.json
      hash: md5
      md5: defa431095a2c2c316c487f4d1b1e375
      size: 64
    - path: nodes/mace_agnesi/NEBs/results.csv
      hash: md5
      md5: e115c98a00a8e8a33d82eb7a897c482f
      size: 550
  mace_dodh_NEBs:
    cmd: zntrack run mlipx.nodes.nebs.NEBs --name mace_dodh_NEBs
    deps:
    - path: nodes/initialize/LoadDataFile/node-meta.json
      hash: md5
      md5: a895ba39b5232506f32c1d56920097aa
      size: 64
    params:
      params.yaml:
        mace_dodh_NEBs:
          constraint_z: 13
          constraints: true
          fmax: 0.06
          interpolate: true
          mic: true
          model:
            _cls: mlipx.nodes.generic_ase.GenericASECalculator
            class_name: mace_mp
            device: auto
            kwargs:
              default_dtype: float64
              dispersion: false
              dispersion_cutoff: 21.167088422553647
              model: 
                /home/ubuntu/srishti_test/dodh_model_direct_learn/Cu-C-O-H_v10_64x2e_MLPirreps64x0e_MACE_0_swa.model
            module: mace.calculators
          n_steps: 500
          optimizer: FIRE
          relax: true
    outs:
    - path: nodes/mace_dodh/NEBs/frames.xyz
      hash: md5
      md5: ff307bebf4860e595fc732a5727647f5
      size: 181853
    - path: nodes/mace_dodh/NEBs/neb_trajectory.traj
      hash: md5
      md5: 4d243ca0a562bf009dff464573017914
      size: 15052462
    - path: nodes/mace_dodh/NEBs/node-meta.json
      hash: md5
      md5: 8f0ad1c0b15e1a5e603082b34005433b
      size: 64
    - path: nodes/mace_dodh/NEBs/results.csv
      hash: md5
      md5: 79b3443a894c2ba4c2ec7401674680a0
      size: 547
  mace_mpa0_NEBs:
    cmd: zntrack run mlipx.nodes.nebs.NEBs --name mace_mpa0_NEBs
    deps:
    - path: nodes/initialize/LoadDataFile/node-meta.json
      hash: md5
      md5: a895ba39b5232506f32c1d56920097aa
      size: 64
    params:
      params.yaml:
        mace_mpa0_NEBs:
          constraint_z: 13
          constraints: true
          fmax: 0.06
          interpolate: true
          mic: true
          model:
            _cls: mlipx.nodes.generic_ase.GenericASECalculator
            class_name: mace_mp
            device: auto
            kwargs:
              default_dtype: float64
              dispersion: false
              dispersion_cutoff: 21.167088422553647
              model: /mnt/nfs/ml_training/pretrained_mace_models/mace-mpa-0-medium.model
            module: mace.calculators
          n_steps: 500
          optimizer: FIRE
          relax: true
    outs:
    - path: nodes/mace_mpa0/NEBs/frames.xyz
      hash: md5
      md5: 7894b3fa280fac4e72ece7bb74445c7e
      size: 181834
    - path: nodes/mace_mpa0/NEBs/neb_trajectory.traj
      hash: md5
      md5: e4af2c0618e7ac5b99ff8cb3c5270947
      size: 52587079
    - path: nodes/mace_mpa0/NEBs/node-meta.json
      hash: md5
      md5: bba20e68ef0289cc1dcdddf3d1b827a1
      size: 64
    - path: nodes/mace_mpa0/NEBs/results.csv
      hash: md5
      md5: 040e0756b8738966ae9356ba11959cdf
      size: 546
  mattersim_NEBs:
    cmd: zntrack run mlipx.nodes.nebs.NEBs --name mattersim_NEBs
    deps:
    - path: nodes/initialize/LoadDataFile/node-meta.json
      hash: md5
      md5: a895ba39b5232506f32c1d56920097aa
      size: 64
    params:
      params.yaml:
        mattersim_NEBs:
          constraint_z: 13
          constraints: true
          fmax: 0.06
          interpolate: true
          mic: true
          model:
            _cls: mlipx.nodes.generic_ase.GenericASECalculator
            class_name: MatterSimCalculator
            device:
            kwargs:
            module: mattersim.forcefield
          n_steps: 500
          optimizer: FIRE
          relax: true
    outs:
    - path: nodes/mattersim/NEBs/frames.xyz
      hash: md5
      md5: 8b837e9740c205ae10ce0c17acf63b8a
      size: 181785
    - path: nodes/mattersim/NEBs/neb_trajectory.traj
      hash: md5
      md5: f253fa102e84f70dbb4a8a3ef5259297
      size: 51649113
    - path: nodes/mattersim/NEBs/node-meta.json
      hash: md5
      md5: 37f2842f6396f0fef420e004f7087c7f
      size: 64
    - path: nodes/mattersim/NEBs/results.csv
      hash: md5
      md5: 626b4e2d08a138397106377bf90320c8
      size: 350
  orb_v2_NEBs:
    cmd: zntrack run mlipx.nodes.nebs.NEBs --name orb_v2_NEBs
    deps:
    - path: nodes/initialize/LoadDataFile/node-meta.json
      hash: md5
      md5: a895ba39b5232506f32c1d56920097aa
      size: 64
    params:
      params.yaml:
        orb_v2_NEBs:
          constraint_z: 13
          constraints: true
          fmax: 0.06
          interpolate: true
          mic: true
          model:
            _cls: models.OrbCalc
            device:
            name: orb_v2
          n_steps: 500
          optimizer: FIRE
          relax: true
    outs:
    - path: nodes/orb_v2/NEBs/frames.xyz
      hash: md5
      md5: 75b5cd27c396b1a2b2deb875832ea7a3
      size: 181792
    - path: nodes/orb_v2/NEBs/neb_trajectory.traj
      hash: md5
      md5: 27971cb8c72346d33c355fd8dcf13e83
      size: 11213178
    - path: nodes/orb_v2/NEBs/node-meta.json
      hash: md5
      md5: 59cdae4f9ab2584622e63a6bb39f6ecb
      size: 64
    - path: nodes/orb_v2/NEBs/results.csv
      hash: md5
      md5: 6e01aee313e529715ac6d1abad9dee9b
      size: 524
  sevennet_NEBs:
    cmd: zntrack run mlipx.nodes.nebs.NEBs --name sevennet_NEBs
    deps:
    - path: nodes/initialize/LoadDataFile/node-meta.json
      hash: md5
      md5: a895ba39b5232506f32c1d56920097aa
      size: 64
    params:
      params.yaml:
        sevennet_NEBs:
          constraint_z: 13
          constraints: true
          fmax: 0.06
          interpolate: true
          mic: true
          model:
            _cls: mlipx.nodes.generic_ase.GenericASECalculator
            class_name: SevenNetCalculator
            device: auto
            kwargs:
              modal: mpa
              model: 7net-mf-ompa
            module: sevenn.sevennet_calculator
          n_steps: 500
          optimizer: FIRE
          relax: true
    outs:
    - path: nodes/sevennet/NEBs/frames.xyz
      hash: md5
      md5: d7ba86bc9d3b5471b7b66de1fd007b1a
      size: 197874
    - path: nodes/sevennet/NEBs/neb_trajectory.traj
      hash: md5
      md5: 3bbcb7ce7c014746907aaaae369057af
      size: 20404966
    - path: nodes/sevennet/NEBs/node-meta.json
      hash: md5
      md5: 03fde606bc1f873acf76a4ac704d96cf
      size: 64
    - path: nodes/sevennet/NEBs/results.csv
      hash: md5
      md5: 85ad043718959f662c1cced77892e0a1
      size: 517
  grace_NEBs:
    cmd: zntrack run mlipx.nodes.nebs.NEBs --name grace_NEBs
    deps:
    - path: nodes/initialize/LoadDataFile/node-meta.json
      hash: md5
      md5: a895ba39b5232506f32c1d56920097aa
      size: 64
    params:
      params.yaml:
        grace_NEBs:
          constraint_z: 13
          constraints: true
          fmax: 0.06
          interpolate: true
          mic: true
          model:
            _cls: mlipx.nodes.generic_ase.GenericASECalculator
            class_name: grace_fm
            device:
            kwargs:
              model: GRACE-2L-OAM
            module: tensorpotential.calculator
          n_steps: 500
          optimizer: FIRE
          relax: true
    outs:
    - path: nodes/grace/NEBs/frames.xyz
      hash: md5
      md5: 1518944babb4a35f0f26c8d0ce04743a
      size: 181804
    - path: nodes/grace/NEBs/neb_trajectory.traj
      hash: md5
      md5: c2071752cd0de919719fd450a080bdf4
      size: 52565826
    - path: nodes/grace/NEBs/node-meta.json
      hash: md5
      md5: 8a218baf92410c078ec4be4b66ce5e2b
      size: 64
    - path: nodes/grace/NEBs/results.csv
      hash: md5
      md5: 9bef20aad77839de148a4080b82afbc2
      size: 554
  ocp_NEBs:
    cmd: zntrack run mlipx.nodes.nebs.NEBs --name ocp_NEBs
    deps:
    - path: nodes/initialize/LoadDataFile/node-meta.json
      hash: md5
      md5: a895ba39b5232506f32c1d56920097aa
      size: 64
    params:
      params.yaml:
        ocp_NEBs:
          constraint_z: 13
          constraints: true
          fmax: 0.06
          interpolate: true
          mic: true
          model:
            _cls: mlipx.nodes.generic_ase.GenericASECalculator
            class_name: OCPCalculator
            device:
            kwargs:
              checkpoint_path: /mnt/nfs/ml_training/pretrained_ocp_models/eqV2_31M_omat_mp_salex.pt
              seed: 0
            module: fairchem.core
          n_steps: 500
          optimizer: FIRE
          relax: true
    outs:
    - path: nodes/ocp/NEBs/frames.xyz
      hash: md5
      md5: 4ab337b8c8ec0a00906932144acf09d1
      size: 181421
    - path: nodes/ocp/NEBs/neb_trajectory.traj
      hash: md5
      md5: fac9387f035d432a0c2f816d498b4cea
      size: 20891316
    - path: nodes/ocp/NEBs/node-meta.json
      hash: md5
      md5: ff2c4021e259003fea73eb0e4cb084bd
      size: 64
    - path: nodes/ocp/NEBs/results.csv
      hash: md5
      md5: ee1168eed0f4ed55f6c9b5036e8dc3f6
      size: 530
  mace_matpes-omat_NEBs:
    cmd: zntrack run mlipx.nodes.nebs.NEBs --name mace_matpes-omat_NEBs
    deps:
    - path: nodes/initialize/LoadDataFile/node-meta.json
      hash: md5
      md5: a895ba39b5232506f32c1d56920097aa
      size: 64
    params:
      params.yaml:
        mace_matpes-omat_NEBs:
          constraint_z: 13
          constraints: true
          fmax: 0.06
          interpolate: true
          mic: true
          model:
            _cls: mlipx.nodes.generic_ase.GenericASECalculator
            class_name: mace_mp
            device: cpu
            kwargs:
              dtype: float64
              model: /mnt/nfs/ml_training/pretrained_mace_models/MACE-matpes-pbe-omat-ft.model
            module: mace.calculators
          n_steps: 500
          optimizer: FIRE
          relax: true
    outs:
    - path: nodes/mace_matpes-omat/NEBs/frames.xyz
      hash: md5
      md5: 047fe23abda5a016b5c34a2d344c25e3
      size: 181846
    - path: nodes/mace_matpes-omat/NEBs/neb_trajectory.traj
      hash: md5
      md5: 760f120a9da7f8c971a58f83b2ea7e28
      size: 51666452
    - path: nodes/mace_matpes-omat/NEBs/node-meta.json
      hash: md5
      md5: c486ca1179c520edef126119604a7141
      size: 64
    - path: nodes/mace_matpes-omat/NEBs/results.csv
      hash: md5
      md5: 5cfd398806721a7cd23bd6e5f7800a07
      size: 517
