schema: '2.0'
stages:
  initialize_LoadDataFile:
    cmd: zntrack run mlipx.nodes.io.LoadDataFile --name initialize_LoadDataFile
    deps:
    - path: neb.xyz
      hash: md5
      md5: 3fe6220929d703a755ac07594dd0db30
      size: 173066
    params:
      params.yaml:
        initialize_LoadDataFile:
          start: 0
          step: 1
          stop:
    outs:
    - path: nodes/initialize/LoadDataFile/node-meta.json
      hash: md5
      md5: 5c0f79ff73591cb4e049396eef426a1d
      size: 64
  mace_agnesi_NEBs:
    cmd: zntrack run mlipx.nodes.nebs.NEBs --name mace_agnesi_NEBs
    deps:
    - path: nodes/initialize/LoadDataFile/node-meta.json
      hash: md5
      md5: 5c0f79ff73591cb4e049396eef426a1d
      size: 64
    params:
      params.yaml:
        mace_agnesi_NEBs:
          constraint_z: 13
          constraints: true
          fmax: 0.06
          interpolate: true
          mic: true
          model:
            _cls: mlipx.nodes.generic_ase.GenericASECalculator
            class_name: MACECalculator
            device: auto
            kwargs:
              dtype: float64
              model_paths: /mnt/nfs/ml_training/pretrained_mace_models/mace_agnesi_medium.model
            module: mace.calculators
          n_steps: 500
          optimizer: FIRE
          relax: true
    outs:
    - path: nodes/mace_agnesi/NEBs/frames.xyz
      hash: md5
      md5: bb9f228b26f9a6ffbde7fc91e5fc726e
      size: 181896
    - path: nodes/mace_agnesi/NEBs/neb_trajectory.traj
      hash: md5
      md5: 216ac4cfed597eb291230083f11f1c05
      size: 18974314
    - path: nodes/mace_agnesi/NEBs/node-meta.json
      hash: md5
      md5: 6089f39cddeb5766e5f3fd62644f311b
      size: 64
    - path: nodes/mace_agnesi/NEBs/results.csv
      hash: md5
      md5: 8acaa1b8cfc0f128ed55e19db5d33a93
      size: 546
  mace_dodh_NEBs:
    cmd: zntrack run mlipx.nodes.nebs.NEBs --name mace_dodh_NEBs
    deps:
    - path: nodes/initialize/LoadDataFile/node-meta.json
      hash: md5
      md5: 5c0f79ff73591cb4e049396eef426a1d
      size: 64
    params:
      params.yaml:
        mace_dodh_NEBs:
          constraint_z: 13
          constraints: true
          fmax: 0.06
          interpolate: true
          mic: true
          model:
            _cls: mlipx.nodes.generic_ase.GenericASECalculator
            class_name: mace_mp
            device: auto
            kwargs:
              default_dtype: float64
              dispersion: false
              dispersion_cutoff: 21.167088422553647
              model: 
                /home/ubuntu/srishti_test/dodh_model_direct_learn/Cu-C-O-H_v10_64x2e_MLPirreps64x0e_MACE_0_swa.model
            module: mace.calculators
          n_steps: 500
          optimizer: FIRE
          relax: true
    outs:
    - path: nodes/mace_dodh/NEBs/frames.xyz
      hash: md5
      md5: 380db85d3f087a2cd967e7967f889837
      size: 181862
    - path: nodes/mace_dodh/NEBs/neb_trajectory.traj
      hash: md5
      md5: 975b5c0a4ba90471c8c4fb1c3032f45b
      size: 39931702
    - path: nodes/mace_dodh/NEBs/node-meta.json
      hash: md5
      md5: eca2d2533757ccfcb00d240eb92bd62b
      size: 64
    - path: nodes/mace_dodh/NEBs/results.csv
      hash: md5
      md5: 22ddd7be440ead13c50d6000084f988b
      size: 547
  mace_mpa0_NEBs:
    cmd: zntrack run mlipx.nodes.nebs.NEBs --name mace_mpa0_NEBs
    deps:
    - path: nodes/initialize/LoadDataFile/node-meta.json
      hash: md5
      md5: 5c0f79ff73591cb4e049396eef426a1d
      size: 64
    params:
      params.yaml:
        mace_mpa0_NEBs:
          constraint_z: 13
          constraints: true
          fmax: 0.06
          interpolate: true
          mic: true
          model:
            _cls: mlipx.nodes.generic_ase.GenericASECalculator
            class_name: mace_mp
            device: auto
            kwargs:
              default_dtype: float64
              dispersion: false
              dispersion_cutoff: 21.167088422553647
              model: /mnt/nfs/ml_training/pretrained_mace_models/mace-mpa-0-medium.model
            module: mace.calculators
          n_steps: 500
          optimizer: FIRE
          relax: true
    outs:
    - path: nodes/mace_mpa0/NEBs/frames.xyz
      hash: md5
      md5: 96ea9e2ecbb3a412250ca8e2c24a99b4
      size: 181884
    - path: nodes/mace_mpa0/NEBs/neb_trajectory.traj
      hash: md5
      md5: 25f22a6368193356741cb7a545d25f14
      size: 13393931
    - path: nodes/mace_mpa0/NEBs/node-meta.json
      hash: md5
      md5: c7b9209074b9b2cec152bf7c28f921f6
      size: 64
    - path: nodes/mace_mpa0/NEBs/results.csv
      hash: md5
      md5: cb0d282bfd3ae076edb5ea409f327f4f
      size: 546
  mattersim_NEBs:
    cmd: zntrack run mlipx.nodes.nebs.NEBs --name mattersim_NEBs
    deps:
    - path: nodes/initialize/LoadDataFile/node-meta.json
      hash: md5
      md5: 5c0f79ff73591cb4e049396eef426a1d
      size: 64
    params:
      params.yaml:
        mattersim_NEBs:
          constraint_z: 13
          constraints: true
          fmax: 0.06
          interpolate: true
          mic: true
          model:
            _cls: mlipx.nodes.generic_ase.GenericASECalculator
            class_name: MatterSimCalculator
            device:
            kwargs:
            module: mattersim.forcefield
          n_steps: 500
          optimizer: FIRE
          relax: true
    outs:
    - path: nodes/mattersim/NEBs/frames.xyz
      hash: md5
      md5: 8f49ed67d349e1816c28c09569348ac1
      size: 181819
    - path: nodes/mattersim/NEBs/neb_trajectory.traj
      hash: md5
      md5: eb478707678961e70ec4c363b15efdeb
      size: 19143630
    - path: nodes/mattersim/NEBs/node-meta.json
      hash: md5
      md5: 1ef8664da4dc78901bab6d386208ff26
      size: 64
    - path: nodes/mattersim/NEBs/results.csv
      hash: md5
      md5: 80a72d9490fe93b8826e83749012c786
      size: 348
  orb_v2_NEBs:
    cmd: zntrack run mlipx.nodes.nebs.NEBs --name orb_v2_NEBs
    deps:
    - path: nodes/initialize/LoadDataFile/node-meta.json
      hash: md5
      md5: 5c0f79ff73591cb4e049396eef426a1d
      size: 64
    params:
      params.yaml:
        orb_v2_NEBs:
          constraint_z: 13
          constraints: true
          fmax: 0.06
          interpolate: true
          mic: true
          model:
            _cls: models.OrbCalc
            device:
            name: orb_v2
          n_steps: 500
          optimizer: FIRE
          relax: true
    outs:
    - path: nodes/orb_v2/NEBs/frames.xyz
      hash: md5
      md5: a9384b35bd8f17980cc577a5c0fd979e
      size: 181803
    - path: nodes/orb_v2/NEBs/neb_trajectory.traj
      hash: md5
      md5: 75ed341d09cd641d6ce1d81580aa362e
      size: 18328237
    - path: nodes/orb_v2/NEBs/node-meta.json
      hash: md5
      md5: 2bdaeb2ec44d9fe849b02f408ac916f8
      size: 64
    - path: nodes/orb_v2/NEBs/results.csv
      hash: md5
      md5: 1d3285b79d873bdb118bc5ab57539af6
      size: 511
  sevennet_NEBs:
    cmd: zntrack run mlipx.nodes.nebs.NEBs --name sevennet_NEBs
    deps:
    - path: nodes/initialize/LoadDataFile/node-meta.json
      hash: md5
      md5: 5c0f79ff73591cb4e049396eef426a1d
      size: 64
    params:
      params.yaml:
        sevennet_NEBs:
          constraint_z: 13
          constraints: true
          fmax: 0.06
          interpolate: true
          mic: true
          model:
            _cls: mlipx.nodes.generic_ase.GenericASECalculator
            class_name: SevenNetCalculator
            device: auto
            kwargs:
              modal: mpa
              model: 7net-mf-ompa
            module: sevenn.sevennet_calculator
          n_steps: 500
          optimizer: FIRE
          relax: true
    outs:
    - path: nodes/sevennet/NEBs/frames.xyz
      hash: md5
      md5: 9b8d3cf397209f17b6788ca47db5f3b2
      size: 197917
    - path: nodes/sevennet/NEBs/neb_trajectory.traj
      hash: md5
      md5: 45dadc6dbd8b4b35e895ec4062d1f256
      size: 32825918
    - path: nodes/sevennet/NEBs/node-meta.json
      hash: md5
      md5: 824476c2df0144e499bf94cdd654548f
      size: 64
    - path: nodes/sevennet/NEBs/results.csv
      hash: md5
      md5: 19d7ef9eee9fc4295ce520e992460b1d
      size: 521
  grace_NEBs:
    cmd: zntrack run mlipx.nodes.nebs.NEBs --name grace_NEBs
    deps:
    - path: nodes/initialize/LoadDataFile/node-meta.json
      hash: md5
      md5: 5c0f79ff73591cb4e049396eef426a1d
      size: 64
    params:
      params.yaml:
        grace_NEBs:
          constraint_z: 13
          constraints: true
          fmax: 0.06
          interpolate: true
          mic: true
          model:
            _cls: mlipx.nodes.generic_ase.GenericASECalculator
            class_name: grace_fm
            device:
            kwargs:
              model: GRACE-2L-OAM
            module: tensorpotential.calculator
          n_steps: 500
          optimizer: FIRE
          relax: true
    outs:
    - path: nodes/grace/NEBs/frames.xyz
      hash: md5
      md5: 32087e0b9bb1134d3e652f77aec1fe33
      size: 181847
    - path: nodes/grace/NEBs/neb_trajectory.traj
      hash: md5
      md5: 5bb4800e4d5bb55069ca3de025c9b7c2
      size: 52588953
    - path: nodes/grace/NEBs/node-meta.json
      hash: md5
      md5: a2cefddbf382225c6d1eed3b59d40021
      size: 64
    - path: nodes/grace/NEBs/results.csv
      hash: md5
      md5: 7ee661a5ceb48792a1949d749c5e1074
      size: 549
  ocp_NEBs:
    cmd: zntrack run mlipx.nodes.nebs.NEBs --name ocp_NEBs
    deps:
    - path: nodes/initialize/LoadDataFile/node-meta.json
      hash: md5
      md5: 5c0f79ff73591cb4e049396eef426a1d
      size: 64
    params:
      params.yaml:
        ocp_NEBs:
          constraint_z: 13
          constraints: true
          fmax: 0.06
          interpolate: true
          mic: true
          model:
            _cls: mlipx.nodes.generic_ase.GenericASECalculator
            class_name: OCPCalculator
            device:
            kwargs:
              checkpoint_path: /mnt/nfs/ml_training/pretrained_ocp_models/eqV2_31M_omat_mp_salex.pt
              seed: 0
            module: fairchem.core
          n_steps: 500
          optimizer: FIRE
          relax: true
    outs:
    - path: nodes/ocp/NEBs/frames.xyz
      hash: md5
      md5: bb3e4bcedd4b2e6e5c7f1fc894a0d999
      size: 181432
    - path: nodes/ocp/NEBs/neb_trajectory.traj
      hash: md5
      md5: fe5aab1df5701974a305b832d5874396
      size: 18852999
    - path: nodes/ocp/NEBs/node-meta.json
      hash: md5
      md5: a346e9f471df406194ed806db75acb6c
      size: 64
    - path: nodes/ocp/NEBs/results.csv
      hash: md5
      md5: c15223a4deca828ccd8a2b96678d94e8
      size: 530
  mace_matpes-omat_NEBs:
    cmd: zntrack run mlipx.nodes.nebs.NEBs --name mace_matpes-omat_NEBs
    deps:
    - path: nodes/initialize/LoadDataFile/node-meta.json
      hash: md5
      md5: 5c0f79ff73591cb4e049396eef426a1d
      size: 64
    params:
      params.yaml:
        mace_matpes-omat_NEBs:
          constraint_z: 13
          constraints: true
          fmax: 0.06
          interpolate: true
          mic: true
          model:
            _cls: mlipx.nodes.generic_ase.GenericASECalculator
            class_name: mace_mp
            device: cpu
            kwargs:
              dtype: float64
              model: /mnt/nfs/ml_training/pretrained_mace_models/MACE-matpes-pbe-omat-ft.model
            module: mace.calculators
          n_steps: 500
          optimizer: FIRE
          relax: true
    outs:
    - path: nodes/mace_matpes-omat/NEBs/frames.xyz
      hash: md5
      md5: 86db165e186bf95e3afec45076469c36
      size: 181871
    - path: nodes/mace_matpes-omat/NEBs/neb_trajectory.traj
      hash: md5
      md5: 86ab6234f86cb5ef28a5a8808b8f045f
      size: 34954635
    - path: nodes/mace_matpes-omat/NEBs/node-meta.json
      hash: md5
      md5: 5114095f8b5182fdc3184bdda5b4f84b
      size: 64
    - path: nodes/mace_matpes-omat/NEBs/results.csv
      hash: md5
      md5: 6ee02165fcce0a2f0b58b1cff0756f59
      size: 527
