schema: '2.0'
stages:
  initialize_LoadDataFile:
    cmd: zntrack run mlipx.nodes.io.LoadDataFile --name initialize_LoadDataFile
    deps:
    - path: neb.xyz
      hash: md5
      md5: ace4aa23f010f9960d2b638c1729382d
      size: 172855
    params:
      params.yaml:
        initialize_LoadDataFile:
          start: 0
          step: 1
          stop:
    outs:
    - path: nodes/initialize/LoadDataFile/node-meta.json
      hash: md5
      md5: f254fd058f0929140549064f09bbf291
      size: 64
  mace_agnesi_NEBs:
    cmd: zntrack run mlipx.nodes.nebs.NEBs --name mace_agnesi_NEBs
    deps:
    - path: nodes/initialize/LoadDataFile/node-meta.json
      hash: md5
      md5: f254fd058f0929140549064f09bbf291
      size: 64
    params:
      params.yaml:
        mace_agnesi_NEBs:
          constraint_z: 13
          constraints: true
          fmax: 0.06
          interpolate: true
          mic: true
          model:
            _cls: mlipx.nodes.generic_ase.GenericASECalculator
            class_name: MACECalculator
            device: auto
            kwargs:
              dtype: float64
              model_paths: /mnt/nfs/ml_training/pretrained_mace_models/mace_agnesi_medium.model
            module: mace.calculators
          n_steps: 500
          optimizer: FIRE
          relax: true
    outs:
    - path: nodes/mace_agnesi/NEBs/frames.xyz
      hash: md5
      md5: b3ceda5998f8b8f1afa8e7e0d9108473
      size: 181670
    - path: nodes/mace_agnesi/NEBs/neb_trajectory.traj
      hash: md5
      md5: 4054549daaac67677c00f85c0482837b
      size: 52517412
    - path: nodes/mace_agnesi/NEBs/node-meta.json
      hash: md5
      md5: 0f094ed5922c1d6951b3947ad79e6e09
      size: 64
    - path: nodes/mace_agnesi/NEBs/results.csv
      hash: md5
      md5: 8b448dba58ba301a6367854e0ebd0aa7
      size: 548
  mace_dodh_NEBs:
    cmd: zntrack run mlipx.nodes.nebs.NEBs --name mace_dodh_NEBs
    deps:
    - path: nodes/initialize/LoadDataFile/node-meta.json
      hash: md5
      md5: f254fd058f0929140549064f09bbf291
      size: 64
    params:
      params.yaml:
        mace_dodh_NEBs:
          constraint_z: 13
          constraints: true
          fmax: 0.06
          interpolate: true
          mic: true
          model:
            _cls: mlipx.nodes.generic_ase.GenericASECalculator
            class_name: mace_mp
            device: auto
            kwargs:
              default_dtype: float64
              dispersion: false
              dispersion_cutoff: 21.167088422553647
              model: 
                /home/ubuntu/srishti_test/dodh_model_direct_learn/Cu-C-O-H_v10_64x2e_MLPirreps64x0e_MACE_0_swa.model
            module: mace.calculators
          n_steps: 500
          optimizer: FIRE
          relax: true
    outs:
    - path: nodes/mace_dodh/NEBs/frames.xyz
      hash: md5
      md5: ff7b5d0e72b1f7bb29360b60a3c8e008
      size: 181702
    - path: nodes/mace_dodh/NEBs/neb_trajectory.traj
      hash: md5
      md5: c2ff197ca6d792b4d09d85a6857901be
      size: 25047353
    - path: nodes/mace_dodh/NEBs/node-meta.json
      hash: md5
      md5: 2fe19646d0e225fc93bc56b27e24e310
      size: 64
    - path: nodes/mace_dodh/NEBs/results.csv
      hash: md5
      md5: 95f9d6d43326b330895f2120eba25b8c
      size: 547
  mace_mpa0_NEBs:
    cmd: zntrack run mlipx.nodes.nebs.NEBs --name mace_mpa0_NEBs
    deps:
    - path: nodes/initialize/LoadDataFile/node-meta.json
      hash: md5
      md5: f254fd058f0929140549064f09bbf291
      size: 64
    params:
      params.yaml:
        mace_mpa0_NEBs:
          constraint_z: 13
          constraints: true
          fmax: 0.06
          interpolate: true
          mic: true
          model:
            _cls: mlipx.nodes.generic_ase.GenericASECalculator
            class_name: mace_mp
            device: auto
            kwargs:
              default_dtype: float64
              dispersion: false
              dispersion_cutoff: 21.167088422553647
              model: /mnt/nfs/ml_training/pretrained_mace_models/mace-mpa-0-medium.model
            module: mace.calculators
          n_steps: 500
          optimizer: FIRE
          relax: true
    outs:
    - path: nodes/mace_mpa0/NEBs/frames.xyz
      hash: md5
      md5: 54438162109972de85f538e0cfd6058f
      size: 181650
    - path: nodes/mace_mpa0/NEBs/neb_trajectory.traj
      hash: md5
      md5: d430248b09d60b8180e4e538a7280f00
      size: 52501394
    - path: nodes/mace_mpa0/NEBs/node-meta.json
      hash: md5
      md5: 01b26ebc7a62812c0afa792f061763d7
      size: 64
    - path: nodes/mace_mpa0/NEBs/results.csv
      hash: md5
      md5: bb6e06c5e0b7b061d2641d3c58fb60c9
      size: 550
  mattersim_NEBs:
    cmd: zntrack run mlipx.nodes.nebs.NEBs --name mattersim_NEBs
    deps:
    - path: nodes/initialize/LoadDataFile/node-meta.json
      hash: md5
      md5: f254fd058f0929140549064f09bbf291
      size: 64
    params:
      params.yaml:
        mattersim_NEBs:
          constraint_z: 13
          constraints: true
          fmax: 0.06
          interpolate: true
          mic: true
          model:
            _cls: mlipx.nodes.generic_ase.GenericASECalculator
            class_name: MatterSimCalculator
            device:
            kwargs:
            module: mattersim.forcefield
          n_steps: 500
          optimizer: FIRE
          relax: true
    outs:
    - path: nodes/mattersim/NEBs/frames.xyz
      hash: md5
      md5: dd9854bc8243ed383e8d9a52d1f5435b
      size: 181648
    - path: nodes/mattersim/NEBs/neb_trajectory.traj
      hash: md5
      md5: 19d49765df99cb97a66358ea0d014cac
      size: 51560727
    - path: nodes/mattersim/NEBs/node-meta.json
      hash: md5
      md5: 3f68298ff6e74052df99a9ccc7e8dfba
      size: 64
    - path: nodes/mattersim/NEBs/results.csv
      hash: md5
      md5: 632c2de83b6fd2dd32224c81ed160eae
      size: 345
  orb_v2_NEBs:
    cmd: zntrack run mlipx.nodes.nebs.NEBs --name orb_v2_NEBs
    deps:
    - path: nodes/initialize/LoadDataFile/node-meta.json
      hash: md5
      md5: f254fd058f0929140549064f09bbf291
      size: 64
    params:
      params.yaml:
        orb_v2_NEBs:
          constraint_z: 13
          constraints: true
          fmax: 0.06
          interpolate: true
          mic: true
          model:
            _cls: models.OrbCalc
            device:
            name: orb_v2
          n_steps: 500
          optimizer: FIRE
          relax: true
    outs:
    - path: nodes/orb_v2/NEBs/frames.xyz
      hash: md5
      md5: bad13da0e1303c28d14e2f36d042c4cc
      size: 181592
    - path: nodes/orb_v2/NEBs/neb_trajectory.traj
      hash: md5
      md5: 684542ff4d9a537fc41a22d665ada2c5
      size: 21651852
    - path: nodes/orb_v2/NEBs/node-meta.json
      hash: md5
      md5: adc19796d8abfd30598abd1b91545af6
      size: 64
    - path: nodes/orb_v2/NEBs/results.csv
      hash: md5
      md5: 2c22d74dad3afdd288e32cbffa4158bd
      size: 519
  sevennet_NEBs:
    cmd: zntrack run mlipx.nodes.nebs.NEBs --name sevennet_NEBs
    deps:
    - path: nodes/initialize/LoadDataFile/node-meta.json
      hash: md5
      md5: f254fd058f0929140549064f09bbf291
      size: 64
    params:
      params.yaml:
        sevennet_NEBs:
          constraint_z: 13
          constraints: true
          fmax: 0.06
          interpolate: true
          mic: true
          model:
            _cls: mlipx.nodes.generic_ase.GenericASECalculator
            class_name: SevenNetCalculator
            device: auto
            kwargs:
              modal: mpa
              model: 7net-mf-ompa
            module: sevenn.sevennet_calculator
          n_steps: 500
          optimizer: FIRE
          relax: true
    outs:
    - path: nodes/sevennet/NEBs/frames.xyz
      hash: md5
      md5: 47ad354ef243d9366b80f1f19d75a5d0
      size: 197695
    - path: nodes/sevennet/NEBs/neb_trajectory.traj
      hash: md5
      md5: 0f4ad1f9f73909b176ee802adf5a57b2
      size: 51931681
    - path: nodes/sevennet/NEBs/node-meta.json
      hash: md5
      md5: 25e98503b3f7115bdf7f9db2a781d564
      size: 64
    - path: nodes/sevennet/NEBs/results.csv
      hash: md5
      md5: ae21951fe204f08f9504bd8fb9e6b98d
      size: 527
  grace_NEBs:
    cmd: zntrack run mlipx.nodes.nebs.NEBs --name grace_NEBs
    deps:
    - path: nodes/initialize/LoadDataFile/node-meta.json
      hash: md5
      md5: f254fd058f0929140549064f09bbf291
      size: 64
    params:
      params.yaml:
        grace_NEBs:
          constraint_z: 13
          constraints: true
          fmax: 0.06
          interpolate: true
          mic: true
          model:
            _cls: mlipx.nodes.generic_ase.GenericASECalculator
            class_name: grace_fm
            device:
            kwargs:
              model: GRACE-2L-OAM
            module: tensorpotential.calculator
          n_steps: 500
          optimizer: FIRE
          relax: true
    outs:
    - path: nodes/grace/NEBs/frames.xyz
      hash: md5
      md5: 1b9da55cef1b3fca411e2cc1572c2ba4
      size: 181656
    - path: nodes/grace/NEBs/neb_trajectory.traj
      hash: md5
      md5: 61f4b88da6208caf828fb0efcdcb9b5f
      size: 17585350
    - path: nodes/grace/NEBs/node-meta.json
      hash: md5
      md5: b7a93373fabac9aaabf53f339b2f3b86
      size: 64
    - path: nodes/grace/NEBs/results.csv
      hash: md5
      md5: 16c8a7c466513a91d1712d86dfb8038b
      size: 545
  ocp_NEBs:
    cmd: zntrack run mlipx.nodes.nebs.NEBs --name ocp_NEBs
    deps:
    - path: nodes/initialize/LoadDataFile/node-meta.json
      hash: md5
      md5: f254fd058f0929140549064f09bbf291
      size: 64
    params:
      params.yaml:
        ocp_NEBs:
          constraint_z: 13
          constraints: true
          fmax: 0.06
          interpolate: true
          mic: true
          model:
            _cls: mlipx.nodes.generic_ase.GenericASECalculator
            class_name: OCPCalculator
            device:
            kwargs:
              checkpoint_path: /mnt/nfs/ml_training/pretrained_ocp_models/eqV2_31M_omat_mp_salex.pt
              seed: 0
            module: fairchem.core
          n_steps: 500
          optimizer: FIRE
          relax: true
    outs:
    - path: nodes/ocp/NEBs/frames.xyz
      hash: md5
      md5: 839ef257383ebeecb3c4ab782f5ef219
      size: 181257
    - path: nodes/ocp/NEBs/neb_trajectory.traj
      hash: md5
      md5: a1dbb8d004b6967fa8dd1cf6f16a2565
      size: 51595286
    - path: nodes/ocp/NEBs/node-meta.json
      hash: md5
      md5: 0f99fc529080d6727cc702a7d2eb0a6c
      size: 64
    - path: nodes/ocp/NEBs/results.csv
      hash: md5
      md5: e79701425ae145f6ac1019a2a2410eda
      size: 507
  mace_matpes-omat_NEBs:
    cmd: zntrack run mlipx.nodes.nebs.NEBs --name mace_matpes-omat_NEBs
    deps:
    - path: nodes/initialize/LoadDataFile/node-meta.json
      hash: md5
      md5: f254fd058f0929140549064f09bbf291
      size: 64
    params:
      params.yaml:
        mace_matpes-omat_NEBs:
          constraint_z: 13
          constraints: true
          fmax: 0.06
          interpolate: true
          mic: true
          model:
            _cls: mlipx.nodes.generic_ase.GenericASECalculator
            class_name: mace_mp
            device: cpu
            kwargs:
              dtype: float64
              model: /mnt/nfs/ml_training/pretrained_mace_models/MACE-matpes-pbe-omat-ft.model
            module: mace.calculators
          n_steps: 500
          optimizer: FIRE
          relax: true
    outs:
    - path: nodes/mace_matpes-omat/NEBs/frames.xyz
      hash: md5
      md5: c2846d4a1af3065ff67bb3c6a1cb3490
      size: 181701
    - path: nodes/mace_matpes-omat/NEBs/neb_trajectory.traj
      hash: md5
      md5: d12b8fd3a8c196323116d78c9840e919
      size: 10282673
    - path: nodes/mace_matpes-omat/NEBs/node-meta.json
      hash: md5
      md5: 7ec4f94bfc1805dd238faa8e407a4d6c
      size: 64
    - path: nodes/mace_matpes-omat/NEBs/results.csv
      hash: md5
      md5: 60b4494c9c755a1446c1e17ec62d9245
      size: 527
