schema: '2.0'
stages:
  initialize_LoadDataFile:
    cmd: zntrack run mlipx.nodes.io.LoadDataFile --name initialize_LoadDataFile
    deps:
    - path: neb.xyz
      hash: md5
      md5: e13f8bc7d1ae69782c2accb272aeee37
      size: 173049
    params:
      params.yaml:
        initialize_LoadDataFile:
          start: 0
          step: 1
          stop:
    outs:
    - path: nodes/initialize/LoadDataFile/node-meta.json
      hash: md5
      md5: beef680329080cc68b6f2fc24361015b
      size: 64
  mace_agnesi_NEBs:
    cmd: zntrack run mlipx.nodes.nebs.NEBs --name mace_agnesi_NEBs
    deps:
    - path: nodes/initialize/LoadDataFile/node-meta.json
      hash: md5
      md5: beef680329080cc68b6f2fc24361015b
      size: 64
    params:
      params.yaml:
        mace_agnesi_NEBs:
          constraint_z: 13
          constraints: true
          fmax: 0.06
          interpolate: true
          mic: true
          model:
            _cls: mlipx.nodes.generic_ase.GenericASECalculator
            class_name: MACECalculator
            device: auto
            kwargs:
              dtype: float64
              model_paths: /mnt/nfs/ml_training/pretrained_mace_models/mace_agnesi_medium.model
            module: mace.calculators
          n_steps: 500
          optimizer: FIRE
          relax: true
    outs:
    - path: nodes/mace_agnesi/NEBs/frames.xyz
      hash: md5
      md5: acf91282ab199a4ad748cb4073d84e1b
      size: 181887
    - path: nodes/mace_agnesi/NEBs/neb_trajectory.traj
      hash: md5
      md5: 63ed02776b5a1492436efcfad7085fce
      size: 47318277
    - path: nodes/mace_agnesi/NEBs/node-meta.json
      hash: md5
      md5: d6955c6f2962cf2c62a8028292018c6a
      size: 64
    - path: nodes/mace_agnesi/NEBs/results.csv
      hash: md5
      md5: 66f95f9d644aff631cd8b71043c269df
      size: 555
  mace_dodh_NEBs:
    cmd: zntrack run mlipx.nodes.nebs.NEBs --name mace_dodh_NEBs
    deps:
    - path: nodes/initialize/LoadDataFile/node-meta.json
      hash: md5
      md5: beef680329080cc68b6f2fc24361015b
      size: 64
    params:
      params.yaml:
        mace_dodh_NEBs:
          constraint_z: 13
          constraints: true
          fmax: 0.06
          interpolate: true
          mic: true
          model:
            _cls: mlipx.nodes.generic_ase.GenericASECalculator
            class_name: mace_mp
            device: auto
            kwargs:
              default_dtype: float64
              dispersion: false
              dispersion_cutoff: 21.167088422553647
              model: 
                /home/ubuntu/srishti_test/dodh_model_direct_learn/Cu-C-O-H_v10_64x2e_MLPirreps64x0e_MACE_0_swa.model
            module: mace.calculators
          n_steps: 500
          optimizer: FIRE
          relax: true
    outs:
    - path: nodes/mace_dodh/NEBs/frames.xyz
      hash: md5
      md5: 5711510cab8d4e7a9b4abf13dbb17806
      size: 181876
    - path: nodes/mace_dodh/NEBs/neb_trajectory.traj
      hash: md5
      md5: 28fdd0adf9b549d8dbc50f2232842f85
      size: 52594039
    - path: nodes/mace_dodh/NEBs/node-meta.json
      hash: md5
      md5: d2324b220e68dee8ea9391f1ecc00172
      size: 64
    - path: nodes/mace_dodh/NEBs/results.csv
      hash: md5
      md5: 620b933dfcaf1057575b5045545669d5
      size: 546
  mace_mpa0_NEBs:
    cmd: zntrack run mlipx.nodes.nebs.NEBs --name mace_mpa0_NEBs
    deps:
    - path: nodes/initialize/LoadDataFile/node-meta.json
      hash: md5
      md5: beef680329080cc68b6f2fc24361015b
      size: 64
    params:
      params.yaml:
        mace_mpa0_NEBs:
          constraint_z: 13
          constraints: true
          fmax: 0.06
          interpolate: true
          mic: true
          model:
            _cls: mlipx.nodes.generic_ase.GenericASECalculator
            class_name: mace_mp
            device: auto
            kwargs:
              default_dtype: float64
              dispersion: false
              dispersion_cutoff: 21.167088422553647
              model: /mnt/nfs/ml_training/pretrained_mace_models/mace-mpa-0-medium.model
            module: mace.calculators
          n_steps: 500
          optimizer: FIRE
          relax: true
    outs:
    - path: nodes/mace_mpa0/NEBs/frames.xyz
      hash: md5
      md5: 0bef66df08f63abbeb892fa4794db43c
      size: 181867
    - path: nodes/mace_mpa0/NEBs/neb_trajectory.traj
      hash: md5
      md5: 5dd2362f4f56b9666614a9a59886b9f1
      size: 52597201
    - path: nodes/mace_mpa0/NEBs/node-meta.json
      hash: md5
      md5: f7ce061fcfb9ec7ff5797cc673e93b4a
      size: 64
    - path: nodes/mace_mpa0/NEBs/results.csv
      hash: md5
      md5: 176a90a803c1d62d71b881213840b48a
      size: 549
  mattersim_NEBs:
    cmd: zntrack run mlipx.nodes.nebs.NEBs --name mattersim_NEBs
    deps:
    - path: nodes/initialize/LoadDataFile/node-meta.json
      hash: md5
      md5: beef680329080cc68b6f2fc24361015b
      size: 64
    params:
      params.yaml:
        mattersim_NEBs:
          constraint_z: 13
          constraints: true
          fmax: 0.06
          interpolate: true
          mic: true
          model:
            _cls: mlipx.nodes.generic_ase.GenericASECalculator
            class_name: MatterSimCalculator
            device:
            kwargs:
            module: mattersim.forcefield
          n_steps: 500
          optimizer: FIRE
          relax: true
    outs:
    - path: nodes/mattersim/NEBs/frames.xyz
      hash: md5
      md5: 8224976fa431049558aff208350c9695
      size: 181824
    - path: nodes/mattersim/NEBs/neb_trajectory.traj
      hash: md5
      md5: 66cbfe288331ba61148c65a996da8836
      size: 23121355
    - path: nodes/mattersim/NEBs/node-meta.json
      hash: md5
      md5: b0a30eca61c208f29e4a513f87cd1cf1
      size: 64
    - path: nodes/mattersim/NEBs/results.csv
      hash: md5
      md5: ed6e70fafad5c0fcd69a48414b526217
      size: 345
  orb_v2_NEBs:
    cmd: zntrack run mlipx.nodes.nebs.NEBs --name orb_v2_NEBs
    deps:
    - path: nodes/initialize/LoadDataFile/node-meta.json
      hash: md5
      md5: beef680329080cc68b6f2fc24361015b
      size: 64
    params:
      params.yaml:
        orb_v2_NEBs:
          constraint_z: 13
          constraints: true
          fmax: 0.06
          interpolate: true
          mic: true
          model:
            _cls: models.OrbCalc
            device:
            name: orb_v2
          n_steps: 500
          optimizer: FIRE
          relax: true
    outs:
    - path: nodes/orb_v2/NEBs/frames.xyz
      hash: md5
      md5: 8aac5572315d6224a5055b72f551ad6a
      size: 181781
    - path: nodes/orb_v2/NEBs/neb_trajectory.traj
      hash: md5
      md5: fabf9081cc7b572c4ae1828b8a154ee9
      size: 12436535
    - path: nodes/orb_v2/NEBs/node-meta.json
      hash: md5
      md5: 85cfdf923575ae2e09117e2b1af1aa6e
      size: 64
    - path: nodes/orb_v2/NEBs/results.csv
      hash: md5
      md5: ba1b00ed134294bbd0031d89df91b0b2
      size: 515
  sevennet_NEBs:
    cmd: zntrack run mlipx.nodes.nebs.NEBs --name sevennet_NEBs
    deps:
    - path: nodes/initialize/LoadDataFile/node-meta.json
      hash: md5
      md5: beef680329080cc68b6f2fc24361015b
      size: 64
    params:
      params.yaml:
        sevennet_NEBs:
          constraint_z: 13
          constraints: true
          fmax: 0.06
          interpolate: true
          mic: true
          model:
            _cls: mlipx.nodes.generic_ase.GenericASECalculator
            class_name: SevenNetCalculator
            device: auto
            kwargs:
              modal: mpa
              model: 7net-mf-ompa
            module: sevenn.sevennet_calculator
          n_steps: 500
          optimizer: FIRE
          relax: true
    outs:
    - path: nodes/sevennet/NEBs/frames.xyz
      hash: md5
      md5: a44c1c5e69151440118c9b84ce8b20ee
      size: 197910
    - path: nodes/sevennet/NEBs/neb_trajectory.traj
      hash: md5
      md5: 5bba579aaba9b5d5a52a5786f4acf8c3
      size: 52027061
    - path: nodes/sevennet/NEBs/node-meta.json
      hash: md5
      md5: 4fe6d4cbf867f6978107b71b3aac0d05
      size: 64
    - path: nodes/sevennet/NEBs/results.csv
      hash: md5
      md5: 70d50800f75a379d2adac4f0d6d4146b
      size: 522
  grace_NEBs:
    cmd: zntrack run mlipx.nodes.nebs.NEBs --name grace_NEBs
    deps:
    - path: nodes/initialize/LoadDataFile/node-meta.json
      hash: md5
      md5: beef680329080cc68b6f2fc24361015b
      size: 64
    params:
      params.yaml:
        grace_NEBs:
          constraint_z: 13
          constraints: true
          fmax: 0.06
          interpolate: true
          mic: true
          model:
            _cls: mlipx.nodes.generic_ase.GenericASECalculator
            class_name: grace_fm
            device:
            kwargs:
              model: GRACE-2L-OAM
            module: tensorpotential.calculator
          n_steps: 500
          optimizer: FIRE
          relax: true
    outs:
    - path: nodes/grace/NEBs/frames.xyz
      hash: md5
      md5: edc18551cd992393f1ccdd43256c0dc8
      size: 181838
    - path: nodes/grace/NEBs/neb_trajectory.traj
      hash: md5
      md5: 8ed124edcb50cec456f64d09c1b98c56
      size: 52588965
    - path: nodes/grace/NEBs/node-meta.json
      hash: md5
      md5: 3cce55dd9108f51a81398bbf82fca213
      size: 64
    - path: nodes/grace/NEBs/results.csv
      hash: md5
      md5: 88930249d3442a626824b8503fe43ae1
      size: 544
  ocp_NEBs:
    cmd: zntrack run mlipx.nodes.nebs.NEBs --name ocp_NEBs
    deps:
    - path: nodes/initialize/LoadDataFile/node-meta.json
      hash: md5
      md5: beef680329080cc68b6f2fc24361015b
      size: 64
    params:
      params.yaml:
        ocp_NEBs:
          constraint_z: 13
          constraints: true
          fmax: 0.06
          interpolate: true
          mic: true
          model:
            _cls: mlipx.nodes.generic_ase.GenericASECalculator
            class_name: OCPCalculator
            device:
            kwargs:
              checkpoint_path: /mnt/nfs/ml_training/pretrained_ocp_models/eqV2_31M_omat_mp_salex.pt
              seed: 0
            module: fairchem.core
          n_steps: 500
          optimizer: FIRE
          relax: true
    outs:
    - path: nodes/ocp/NEBs/frames.xyz
      hash: md5
      md5: 756647df78184d5f1da3b74d517f9365
      size: 181415
    - path: nodes/ocp/NEBs/neb_trajectory.traj
      hash: md5
      md5: 6e44854000157d32f11b681c9e826091
      size: 24360074
    - path: nodes/ocp/NEBs/node-meta.json
      hash: md5
      md5: 2b705eb67c42808a40a44662c0ded819
      size: 64
    - path: nodes/ocp/NEBs/results.csv
      hash: md5
      md5: 06f5cf8894f6b4f2d815a02baac31d79
      size: 515
  mace_matpes-omat_NEBs:
    cmd: zntrack run mlipx.nodes.nebs.NEBs --name mace_matpes-omat_NEBs
    deps:
    - path: nodes/initialize/LoadDataFile/node-meta.json
      hash: md5
      md5: beef680329080cc68b6f2fc24361015b
      size: 64
    params:
      params.yaml:
        mace_matpes-omat_NEBs:
          constraint_z: 13
          constraints: true
          fmax: 0.06
          interpolate: true
          mic: true
          model:
            _cls: mlipx.nodes.generic_ase.GenericASECalculator
            class_name: mace_mp
            device: cpu
            kwargs:
              dtype: float64
              model: /mnt/nfs/ml_training/pretrained_mace_models/MACE-matpes-pbe-omat-ft.model
            module: mace.calculators
          n_steps: 500
          optimizer: FIRE
          relax: true
    outs:
    - path: nodes/mace_matpes-omat/NEBs/frames.xyz
      hash: md5
      md5: 8675d1b8fcd9ce20aa3fdd105fba5d8c
      size: 181857
    - path: nodes/mace_matpes-omat/NEBs/neb_trajectory.traj
      hash: md5
      md5: f74a22a5136068d3af70d99d400cc00b
      size: 10301532
    - path: nodes/mace_matpes-omat/NEBs/node-meta.json
      hash: md5
      md5: 4220d6727b7be49db8e21dd558e4f271
      size: 64
    - path: nodes/mace_matpes-omat/NEBs/results.csv
      hash: md5
      md5: b7090e33c6f8ea4add308dec6ccf7bd5
      size: 522
