schema: '2.0'
stages:
  initialize_LoadDataFile:
    cmd: zntrack run mlipx.nodes.io.LoadDataFile --name initialize_LoadDataFile
    deps:
    - path: neb.xyz
      hash: md5
      md5: 1c91fdd2643a9157bb4244a25c52ce03
      size: 172988
    params:
      params.yaml:
        initialize_LoadDataFile:
          start: 0
          step: 1
          stop:
    outs:
    - path: nodes/initialize/LoadDataFile/node-meta.json
      hash: md5
      md5: 57af44ad68a066793a078fe3bdf3fcd4
      size: 64
  mace_agnesi_NEBs:
    cmd: zntrack run mlipx.nodes.nebs.NEBs --name mace_agnesi_NEBs
    deps:
    - path: nodes/initialize/LoadDataFile/node-meta.json
      hash: md5
      md5: 57af44ad68a066793a078fe3bdf3fcd4
      size: 64
    params:
      params.yaml:
        mace_agnesi_NEBs:
          constraint_z: 13
          constraints: true
          fmax: 0.06
          interpolate: true
          mic: true
          model:
            _cls: mlipx.nodes.generic_ase.GenericASECalculator
            class_name: MACECalculator
            device: auto
            kwargs:
              dtype: float64
              model_paths: /mnt/nfs/ml_training/pretrained_mace_models/mace_agnesi_medium.model
            module: mace.calculators
          n_steps: 500
          optimizer: FIRE
          relax: true
    outs:
    - path: nodes/mace_agnesi/NEBs/frames.xyz
      hash: md5
      md5: 5ebbd3d0247a313f10fdfebe6cff3587
      size: 181848
    - path: nodes/mace_agnesi/NEBs/neb_trajectory.traj
      hash: md5
      md5: ea905931f20ed1619e6cb6b7101848a2
      size: 7482059
    - path: nodes/mace_agnesi/NEBs/node-meta.json
      hash: md5
      md5: 067b7fc14509533ffeea3004035114f6
      size: 64
    - path: nodes/mace_agnesi/NEBs/results.csv
      hash: md5
      md5: 597eafa5efeeaf7392d1bbaadb140f8c
      size: 549
  mace_dodh_NEBs:
    cmd: zntrack run mlipx.nodes.nebs.NEBs --name mace_dodh_NEBs
    deps:
    - path: nodes/initialize/LoadDataFile/node-meta.json
      hash: md5
      md5: 57af44ad68a066793a078fe3bdf3fcd4
      size: 64
    params:
      params.yaml:
        mace_dodh_NEBs:
          constraint_z: 13
          constraints: true
          fmax: 0.06
          interpolate: true
          mic: true
          model:
            _cls: mlipx.nodes.generic_ase.GenericASECalculator
            class_name: mace_mp
            device: auto
            kwargs:
              default_dtype: float64
              dispersion: false
              dispersion_cutoff: 21.167088422553647
              model: 
                /home/ubuntu/srishti_test/dodh_model_direct_learn/Cu-C-O-H_v10_64x2e_MLPirreps64x0e_MACE_0_swa.model
            module: mace.calculators
          n_steps: 500
          optimizer: FIRE
          relax: true
    outs:
    - path: nodes/mace_dodh/NEBs/frames.xyz
      hash: md5
      md5: 3c3a03b728c09c930862ea22a8f1c4b2
      size: 181815
    - path: nodes/mace_dodh/NEBs/neb_trajectory.traj
      hash: md5
      md5: 63b410fbb0405cb6d53bb1d0bc6d432a
      size: 8204456
    - path: nodes/mace_dodh/NEBs/node-meta.json
      hash: md5
      md5: 92a3fccd228a9fec4402589341e38d0c
      size: 64
    - path: nodes/mace_dodh/NEBs/results.csv
      hash: md5
      md5: ea3817bfa0e08af970533c3955a08eda
      size: 548
  mace_mpa0_NEBs:
    cmd: zntrack run mlipx.nodes.nebs.NEBs --name mace_mpa0_NEBs
    deps:
    - path: nodes/initialize/LoadDataFile/node-meta.json
      hash: md5
      md5: 57af44ad68a066793a078fe3bdf3fcd4
      size: 64
    params:
      params.yaml:
        mace_mpa0_NEBs:
          constraint_z: 13
          constraints: true
          fmax: 0.06
          interpolate: true
          mic: true
          model:
            _cls: mlipx.nodes.generic_ase.GenericASECalculator
            class_name: mace_mp
            device: auto
            kwargs:
              default_dtype: float64
              dispersion: false
              dispersion_cutoff: 21.167088422553647
              model: /mnt/nfs/ml_training/pretrained_mace_models/mace-mpa-0-medium.model
            module: mace.calculators
          n_steps: 500
          optimizer: FIRE
          relax: true
    outs:
    - path: nodes/mace_mpa0/NEBs/frames.xyz
      hash: md5
      md5: 6fdf781755b5ed9322355e86c877c90c
      size: 181818
    - path: nodes/mace_mpa0/NEBs/neb_trajectory.traj
      hash: md5
      md5: c260cbc456c601c14cf8ca860f892e6a
      size: 8308199
    - path: nodes/mace_mpa0/NEBs/node-meta.json
      hash: md5
      md5: 0887e656f6f6e7029f48148cfe8a4a65
      size: 64
    - path: nodes/mace_mpa0/NEBs/results.csv
      hash: md5
      md5: b398445ec276243bde2c213ba519d42f
      size: 550
  mattersim_NEBs:
    cmd: zntrack run mlipx.nodes.nebs.NEBs --name mattersim_NEBs
    deps:
    - path: nodes/initialize/LoadDataFile/node-meta.json
      hash: md5
      md5: 57af44ad68a066793a078fe3bdf3fcd4
      size: 64
    params:
      params.yaml:
        mattersim_NEBs:
          constraint_z: 13
          constraints: true
          fmax: 0.06
          interpolate: true
          mic: true
          model:
            _cls: mlipx.nodes.generic_ase.GenericASECalculator
            class_name: MatterSimCalculator
            device:
            kwargs:
            module: mattersim.forcefield
          n_steps: 500
          optimizer: FIRE
          relax: true
    outs:
    - path: nodes/mattersim/NEBs/frames.xyz
      hash: md5
      md5: 488cd113f2e76e9042ee4ea6a899121f
      size: 181778
    - path: nodes/mattersim/NEBs/neb_trajectory.traj
      hash: md5
      md5: c16887975dcaf2e2191e1b8ed14cce09
      size: 12234079
    - path: nodes/mattersim/NEBs/node-meta.json
      hash: md5
      md5: 7f97d6ced7725aadf628bbd17084d3a7
      size: 64
    - path: nodes/mattersim/NEBs/results.csv
      hash: md5
      md5: 93fec05fe6cfa9fd0048e7a3b6593c0a
      size: 353
  orb_v2_NEBs:
    cmd: zntrack run mlipx.nodes.nebs.NEBs --name orb_v2_NEBs
    deps:
    - path: nodes/initialize/LoadDataFile/node-meta.json
      hash: md5
      md5: 57af44ad68a066793a078fe3bdf3fcd4
      size: 64
    params:
      params.yaml:
        orb_v2_NEBs:
          constraint_z: 13
          constraints: true
          fmax: 0.06
          interpolate: true
          mic: true
          model:
            _cls: models.OrbCalc
            device:
            name: orb_v2
          n_steps: 500
          optimizer: FIRE
          relax: true
    outs:
    - path: nodes/orb_v2/NEBs/frames.xyz
      hash: md5
      md5: 5e94c73c6f35e72e2d07b5022fe5d888
      size: 181782
    - path: nodes/orb_v2/NEBs/neb_trajectory.traj
      hash: md5
      md5: 75ea6489ecb473a31ee0319c7521aa19
      size: 8158204
    - path: nodes/orb_v2/NEBs/node-meta.json
      hash: md5
      md5: e694eac215772c1730e1cad1157972d1
      size: 64
    - path: nodes/orb_v2/NEBs/results.csv
      hash: md5
      md5: 7552cddfe50208ee70f1079f444a2c47
      size: 528
  sevennet_NEBs:
    cmd: zntrack run mlipx.nodes.nebs.NEBs --name sevennet_NEBs
    deps:
    - path: nodes/initialize/LoadDataFile/node-meta.json
      hash: md5
      md5: 57af44ad68a066793a078fe3bdf3fcd4
      size: 64
    params:
      params.yaml:
        sevennet_NEBs:
          constraint_z: 13
          constraints: true
          fmax: 0.06
          interpolate: true
          mic: true
          model:
            _cls: mlipx.nodes.generic_ase.GenericASECalculator
            class_name: SevenNetCalculator
            device: auto
            kwargs:
              modal: mpa
              model: 7net-mf-ompa
            module: sevenn.sevennet_calculator
          n_steps: 500
          optimizer: FIRE
          relax: true
    outs:
    - path: nodes/sevennet/NEBs/frames.xyz
      hash: md5
      md5: ca3a2c3ab0d2aa255a0dbcec8e495cc2
      size: 197858
    - path: nodes/sevennet/NEBs/neb_trajectory.traj
      hash: md5
      md5: 43016934d2b6fff00f5b8169aea28d0a
      size: 6679491
    - path: nodes/sevennet/NEBs/node-meta.json
      hash: md5
      md5: 6da8ee62226843c1f367557389a53bd0
      size: 64
    - path: nodes/sevennet/NEBs/results.csv
      hash: md5
      md5: babb48df233ab692d6f3d3ed570abe88
      size: 514
  grace_NEBs:
    cmd: zntrack run mlipx.nodes.nebs.NEBs --name grace_NEBs
    deps:
    - path: nodes/initialize/LoadDataFile/node-meta.json
      hash: md5
      md5: 57af44ad68a066793a078fe3bdf3fcd4
      size: 64
    params:
      params.yaml:
        grace_NEBs:
          constraint_z: 13
          constraints: true
          fmax: 0.06
          interpolate: true
          mic: true
          model:
            _cls: mlipx.nodes.generic_ase.GenericASECalculator
            class_name: grace_fm
            device:
            kwargs:
              model: GRACE-2L-OAM
            module: tensorpotential.calculator
          n_steps: 500
          optimizer: FIRE
          relax: true
    outs:
    - path: nodes/grace/NEBs/frames.xyz
      hash: md5
      md5: 274c1f4bc6cc5228b2de490098985d73
      size: 181802
    - path: nodes/grace/NEBs/neb_trajectory.traj
      hash: md5
      md5: 2bd5daf5cb20eb07b0803ee52456063d
      size: 5612340
    - path: nodes/grace/NEBs/node-meta.json
      hash: md5
      md5: d01c7efa58b6dde61450d7709752449b
      size: 64
    - path: nodes/grace/NEBs/results.csv
      hash: md5
      md5: b3ff3210de4b7c8b2f6e5f904dcade63
      size: 551
  ocp_NEBs:
    cmd: zntrack run mlipx.nodes.nebs.NEBs --name ocp_NEBs
    deps:
    - path: nodes/initialize/LoadDataFile/node-meta.json
      hash: md5
      md5: 57af44ad68a066793a078fe3bdf3fcd4
      size: 64
    params:
      params.yaml:
        ocp_NEBs:
          constraint_z: 13
          constraints: true
          fmax: 0.06
          interpolate: true
          mic: true
          model:
            _cls: mlipx.nodes.generic_ase.GenericASECalculator
            class_name: OCPCalculator
            device:
            kwargs:
              checkpoint_path: /mnt/nfs/ml_training/pretrained_ocp_models/eqV2_31M_omat_mp_salex.pt
              seed: 0
            module: fairchem.core
          n_steps: 500
          optimizer: FIRE
          relax: true
    outs:
    - path: nodes/ocp/NEBs/frames.xyz
      hash: md5
      md5: c5adfb1deec4dd66c2ed84bb9b3d79f7
      size: 181386
    - path: nodes/ocp/NEBs/neb_trajectory.traj
      hash: md5
      md5: ead2415cdf084da5f2cc583e834075a0
      size: 6738178
    - path: nodes/ocp/NEBs/node-meta.json
      hash: md5
      md5: 15bd8ff0066058b6122076e814d4e2e3
      size: 64
    - path: nodes/ocp/NEBs/results.csv
      hash: md5
      md5: 7c3279bcf0f243b45d7d464efa857bce
      size: 515
  mace_matpes-omat_NEBs:
    cmd: zntrack run mlipx.nodes.nebs.NEBs --name mace_matpes-omat_NEBs
    deps:
    - path: nodes/initialize/LoadDataFile/node-meta.json
      hash: md5
      md5: 57af44ad68a066793a078fe3bdf3fcd4
      size: 64
    params:
      params.yaml:
        mace_matpes-omat_NEBs:
          constraint_z: 13
          constraints: true
          fmax: 0.06
          interpolate: true
          mic: true
          model:
            _cls: mlipx.nodes.generic_ase.GenericASECalculator
            class_name: mace_mp
            device: cpu
            kwargs:
              dtype: float64
              model: /mnt/nfs/ml_training/pretrained_mace_models/MACE-matpes-pbe-omat-ft.model
            module: mace.calculators
          n_steps: 500
          optimizer: FIRE
          relax: true
    outs:
    - path: nodes/mace_matpes-omat/NEBs/frames.xyz
      hash: md5
      md5: 330b376e7d01cb9a1c2b5d2b76948fed
      size: 181805
    - path: nodes/mace_matpes-omat/NEBs/neb_trajectory.traj
      hash: md5
      md5: 38337cecacbd7bfc2ccae24143954add
      size: 7957767
    - path: nodes/mace_matpes-omat/NEBs/node-meta.json
      hash: md5
      md5: 2d8854291653576a58f220e150bb89a8
      size: 64
    - path: nodes/mace_matpes-omat/NEBs/results.csv
      hash: md5
      md5: 161c2ad5d45e1f2cb06d5bb8a9e08276
      size: 526
