schema: '2.0'
stages:
  initialize_LoadDataFile:
    cmd: zntrack run mlipx.nodes.io.LoadDataFile --name initialize_LoadDataFile
    deps:
    - path: neb.xyz
      hash: md5
      md5: e29ac65ae84abca0ec7ab74c14992f05
      size: 172530
    params:
      params.yaml:
        initialize_LoadDataFile:
          start: 0
          step: 1
          stop:
    outs:
    - path: nodes/initialize/LoadDataFile/node-meta.json
      hash: md5
      md5: 6449f10c94ba576077775de89bee64f9
      size: 64
  mace_agnesi_NEBs:
    cmd: zntrack run mlipx.nodes.nebs.NEBs --name mace_agnesi_NEBs
    deps:
    - path: nodes/initialize/LoadDataFile/node-meta.json
      hash: md5
      md5: 6449f10c94ba576077775de89bee64f9
      size: 64
    params:
      params.yaml:
        mace_agnesi_NEBs:
          constraint_z: 13
          constraints: true
          fmax: 0.06
          interpolate: true
          mic: true
          model:
            _cls: mlipx.nodes.generic_ase.GenericASECalculator
            class_name: MACECalculator
            device: auto
            kwargs:
              dtype: float64
              model_paths: /mnt/nfs/ml_training/pretrained_mace_models/mace_agnesi_medium.model
            module: mace.calculators
          n_steps: 500
          optimizer: FIRE
          relax: true
    outs:
    - path: nodes/mace_agnesi/NEBs/frames.xyz
      hash: md5
      md5: 34d000c3628a697cb9c841449d41328b
      size: 181389
    - path: nodes/mace_agnesi/NEBs/neb_trajectory.traj
      hash: md5
      md5: c345edc608f59cb72eab253e81e10307
      size: 52139619
    - path: nodes/mace_agnesi/NEBs/node-meta.json
      hash: md5
      md5: cdf09373fa9d05a4542dbae768e539a9
      size: 64
    - path: nodes/mace_agnesi/NEBs/results.csv
      hash: md5
      md5: 2091912afd4e1fe73eca19ffc5c4ba5d
      size: 552
  mace_dodh_NEBs:
    cmd: zntrack run mlipx.nodes.nebs.NEBs --name mace_dodh_NEBs
    deps:
    - path: nodes/initialize/LoadDataFile/node-meta.json
      hash: md5
      md5: 6449f10c94ba576077775de89bee64f9
      size: 64
    params:
      params.yaml:
        mace_dodh_NEBs:
          constraint_z: 13
          constraints: true
          fmax: 0.06
          interpolate: true
          mic: true
          model:
            _cls: mlipx.nodes.generic_ase.GenericASECalculator
            class_name: mace_mp
            device: auto
            kwargs:
              default_dtype: float64
              dispersion: false
              dispersion_cutoff: 21.167088422553647
              model: 
                /home/ubuntu/srishti_test/dodh_model_direct_learn/Cu-C-O-H_v10_64x2e_MLPirreps64x0e_MACE_0_swa.model
            module: mace.calculators
          n_steps: 500
          optimizer: FIRE
          relax: true
    outs:
    - path: nodes/mace_dodh/NEBs/frames.xyz
      hash: md5
      md5: 577420f030ffe7c1056d0866d6711c2b
      size: 181359
    - path: nodes/mace_dodh/NEBs/neb_trajectory.traj
      hash: md5
      md5: 8fce7e3ea839078708208b7fe8ef8d5a
      size: 10394233
    - path: nodes/mace_dodh/NEBs/node-meta.json
      hash: md5
      md5: 61aabb3145aff7106f303788ba1ad493
      size: 64
    - path: nodes/mace_dodh/NEBs/results.csv
      hash: md5
      md5: de830095919d6ee695b028b368f743b2
      size: 544
  mace_mpa0_NEBs:
    cmd: zntrack run mlipx.nodes.nebs.NEBs --name mace_mpa0_NEBs
    deps:
    - path: nodes/initialize/LoadDataFile/node-meta.json
      hash: md5
      md5: 6449f10c94ba576077775de89bee64f9
      size: 64
    params:
      params.yaml:
        mace_mpa0_NEBs:
          constraint_z: 13
          constraints: true
          fmax: 0.06
          interpolate: true
          mic: true
          model:
            _cls: mlipx.nodes.generic_ase.GenericASECalculator
            class_name: mace_mp
            device: auto
            kwargs:
              default_dtype: float64
              dispersion: false
              dispersion_cutoff: 21.167088422553647
              model: /mnt/nfs/ml_training/pretrained_mace_models/mace-mpa-0-medium.model
            module: mace.calculators
          n_steps: 500
          optimizer: FIRE
          relax: true
    outs:
    - path: nodes/mace_mpa0/NEBs/frames.xyz
      hash: md5
      md5: 05498cca59e549b2eb7c29d39e494872
      size: 181372
    - path: nodes/mace_mpa0/NEBs/neb_trajectory.traj
      hash: md5
      md5: 1ccf009658382b7b98a825839194946e
      size: 26308996
    - path: nodes/mace_mpa0/NEBs/node-meta.json
      hash: md5
      md5: d5b31761769fef383da862f9242bf7cf
      size: 64
    - path: nodes/mace_mpa0/NEBs/results.csv
      hash: md5
      md5: 49ff92432b0af7a0b8248bcb52ac8496
      size: 549
  mattersim_NEBs:
    cmd: zntrack run mlipx.nodes.nebs.NEBs --name mattersim_NEBs
    deps:
    - path: nodes/initialize/LoadDataFile/node-meta.json
      hash: md5
      md5: 6449f10c94ba576077775de89bee64f9
      size: 64
    params:
      params.yaml:
        mattersim_NEBs:
          constraint_z: 13
          constraints: true
          fmax: 0.06
          interpolate: true
          mic: true
          model:
            _cls: mlipx.nodes.generic_ase.GenericASECalculator
            class_name: MatterSimCalculator
            device:
            kwargs:
            module: mattersim.forcefield
          n_steps: 500
          optimizer: FIRE
          relax: true
    outs:
    - path: nodes/mattersim/NEBs/frames.xyz
      hash: md5
      md5: cbdf3fe869b337c02958a2edaaebe9a8
      size: 181298
    - path: nodes/mattersim/NEBs/neb_trajectory.traj
      hash: md5
      md5: e48d9682485fb89544950a9f8c666c4f
      size: 47041664
    - path: nodes/mattersim/NEBs/node-meta.json
      hash: md5
      md5: 9f0e21e6b2efc48f86b8032a54b2581b
      size: 64
    - path: nodes/mattersim/NEBs/results.csv
      hash: md5
      md5: 2dcd22553b82edd3f0bde3ffe317ea8a
      size: 348
  orb_v2_NEBs:
    cmd: zntrack run mlipx.nodes.nebs.NEBs --name orb_v2_NEBs
    deps:
    - path: nodes/initialize/LoadDataFile/node-meta.json
      hash: md5
      md5: 6449f10c94ba576077775de89bee64f9
      size: 64
    params:
      params.yaml:
        orb_v2_NEBs:
          constraint_z: 13
          constraints: true
          fmax: 0.06
          interpolate: true
          mic: true
          model:
            _cls: models.OrbCalc
            device:
            name: orb_v2
          n_steps: 500
          optimizer: FIRE
          relax: true
    outs:
    - path: nodes/orb_v2/NEBs/frames.xyz
      hash: md5
      md5: eefdf04d3ebe26e7a50b298ad98f0e02
      size: 181280
    - path: nodes/orb_v2/NEBs/neb_trajectory.traj
      hash: md5
      md5: 776b17bc8646c6b3d78648ab3788e211
      size: 10909919
    - path: nodes/orb_v2/NEBs/node-meta.json
      hash: md5
      md5: 2e5e912fc1229638d0bd26070c9a2def
      size: 64
    - path: nodes/orb_v2/NEBs/results.csv
      hash: md5
      md5: e5f9d50be298fb35dd7faf2f8e5d2642
      size: 526
  sevennet_NEBs:
    cmd: zntrack run mlipx.nodes.nebs.NEBs --name sevennet_NEBs
    deps:
    - path: nodes/initialize/LoadDataFile/node-meta.json
      hash: md5
      md5: 6449f10c94ba576077775de89bee64f9
      size: 64
    params:
      params.yaml:
        sevennet_NEBs:
          constraint_z: 13
          constraints: true
          fmax: 0.06
          interpolate: true
          mic: true
          model:
            _cls: mlipx.nodes.generic_ase.GenericASECalculator
            class_name: SevenNetCalculator
            device: auto
            kwargs:
              modal: mpa
              model: 7net-mf-ompa
            module: sevenn.sevennet_calculator
          n_steps: 500
          optimizer: FIRE
          relax: true
    outs:
    - path: nodes/sevennet/NEBs/frames.xyz
      hash: md5
      md5: 00b0d1f2ccec8009f09d2d04b719c758
      size: 197380
    - path: nodes/sevennet/NEBs/neb_trajectory.traj
      hash: md5
      md5: 305c3aee23fa45162eb68ceb1d2f1ed9
      size: 13531883
    - path: nodes/sevennet/NEBs/node-meta.json
      hash: md5
      md5: ac050b049267a19dd25012b1ca0f416a
      size: 64
    - path: nodes/sevennet/NEBs/results.csv
      hash: md5
      md5: 0a2794f7aa428a89c7afc20fbae5f6b9
      size: 509
  grace_NEBs:
    cmd: zntrack run mlipx.nodes.nebs.NEBs --name grace_NEBs
    deps:
    - path: nodes/initialize/LoadDataFile/node-meta.json
      hash: md5
      md5: 6449f10c94ba576077775de89bee64f9
      size: 64
    params:
      params.yaml:
        grace_NEBs:
          constraint_z: 13
          constraints: true
          fmax: 0.06
          interpolate: true
          mic: true
          model:
            _cls: mlipx.nodes.generic_ase.GenericASECalculator
            class_name: grace_fm
            device:
            kwargs:
              model: GRACE-2L-OAM
            module: tensorpotential.calculator
          n_steps: 500
          optimizer: FIRE
          relax: true
    outs:
    - path: nodes/grace/NEBs/frames.xyz
      hash: md5
      md5: 4af4d368be20227502289fe8306f212a
      size: 181326
    - path: nodes/grace/NEBs/neb_trajectory.traj
      hash: md5
      md5: 87373695c9f2ccdc37ddc3e4bb0c7d2b
      size: 23425417
    - path: nodes/grace/NEBs/node-meta.json
      hash: md5
      md5: fbdead22430dcca2ffe981d9ec224b8a
      size: 64
    - path: nodes/grace/NEBs/results.csv
      hash: md5
      md5: 6fa4e705183181bf006a44bc322ef73e
      size: 549
  ocp_NEBs:
    cmd: zntrack run mlipx.nodes.nebs.NEBs --name ocp_NEBs
    deps:
    - path: nodes/initialize/LoadDataFile/node-meta.json
      hash: md5
      md5: 6449f10c94ba576077775de89bee64f9
      size: 64
    params:
      params.yaml:
        ocp_NEBs:
          constraint_z: 13
          constraints: true
          fmax: 0.06
          interpolate: true
          mic: true
          model:
            _cls: mlipx.nodes.generic_ase.GenericASECalculator
            class_name: OCPCalculator
            device:
            kwargs:
              checkpoint_path: /mnt/nfs/ml_training/pretrained_ocp_models/eqV2_31M_omat_mp_salex.pt
              seed: 0
            module: fairchem.core
          n_steps: 500
          optimizer: FIRE
          relax: true
    outs:
    - path: nodes/ocp/NEBs/frames.xyz
      hash: md5
      md5: 330d75a8d8f9a53d75057e49b7011952
      size: 180903
    - path: nodes/ocp/NEBs/neb_trajectory.traj
      hash: md5
      md5: 9728146aeb9691cf8b4048458a4fe757
      size: 7283086
    - path: nodes/ocp/NEBs/node-meta.json
      hash: md5
      md5: 950678caff6347659be706f75f67262c
      size: 64
    - path: nodes/ocp/NEBs/results.csv
      hash: md5
      md5: 7fd3207487dde65e0310cb3fcaff723c
      size: 527
  mace_matpes-omat_NEBs:
    cmd: zntrack run mlipx.nodes.nebs.NEBs --name mace_matpes-omat_NEBs
    deps:
    - path: nodes/initialize/LoadDataFile/node-meta.json
      hash: md5
      md5: 6449f10c94ba576077775de89bee64f9
      size: 64
    params:
      params.yaml:
        mace_matpes-omat_NEBs:
          constraint_z: 13
          constraints: true
          fmax: 0.06
          interpolate: true
          mic: true
          model:
            _cls: mlipx.nodes.generic_ase.GenericASECalculator
            class_name: mace_mp
            device: cpu
            kwargs:
              dtype: float64
              model: /mnt/nfs/ml_training/pretrained_mace_models/MACE-matpes-pbe-omat-ft.model
            module: mace.calculators
          n_steps: 500
          optimizer: FIRE
          relax: true
    outs:
    - path: nodes/mace_matpes-omat/NEBs/frames.xyz
      hash: md5
      md5: 1b729bc05d3aa0c84239ea98f3933b1c
      size: 181336
    - path: nodes/mace_matpes-omat/NEBs/neb_trajectory.traj
      hash: md5
      md5: f3e3fa42bc7195ced12e0821ae9937be
      size: 20493262
    - path: nodes/mace_matpes-omat/NEBs/node-meta.json
      hash: md5
      md5: eb46efa0038d438a4f857984b1b5f54c
      size: 64
    - path: nodes/mace_matpes-omat/NEBs/results.csv
      hash: md5
      md5: a8db0a9de1aa235f1463732c50ee070a
      size: 507
